// !$*UTF8*$!
{
	archiveVersion = 1;
	classes = {
	};
	objectVersion = 46;
	objects = {

		C54D28D2DA30EF23A833708D = {isa = PBXBuildFile; fileRef = 639AA6AE837E1AF091DFF468; };
		3630426EB50952DC4A6BEA7D = {isa = PBXBuildFile; fileRef = 6BBB97DA1B1E95FE825A8D0B; };
		39864A2B062D1973F7DE43BC = {isa = PBXBuildFile; fileRef = 6A27237AEBA2AA695C580E3B; };
		9E75CF472E15FD975327836F = {isa = PBXBuildFile; fileRef = AB8B6113ECA95A5CF1DA83FD; };
		072B808BA90BB20F331CB5A1 = {isa = PBXBuildFile; fileRef = 36B42FE95018EE58C9082037; };
		382C1922B837F53C79E0C5D3 = {isa = PBXBuildFile; fileRef = E317A1AF2653591DB4DEA505; };
		51DF839A1265F6203A9DDC3A = {isa = PBXBuildFile; fileRef = 4F367620516099AB18EC0FCD; };
		680749662A9891725B99E57B = {isa = PBXBuildFile; fileRef = AF26FE4CB8579C7DA11DB6DC; };
		850F397C257BE18697F0EB6F = {isa = PBXBuildFile; fileRef = B96E4FE74897E925FAE528AB; };
		CB6CB61A780442CB505A664D = {isa = PBXBuildFile; fileRef = 58EA82A86630D7CDF7BB9F1C; };
		40D9E544777DA80180D65744 = {isa = PBXBuildFile; fileRef = 6526222359EA475F8ECE619B; };
		240824FD5311728FE1641220 = {isa = PBXBuildFile; fileRef = 99ED314CE17465CC0A43F790; };
		53C9EF61E353552649CF8406 = {isa = PBXBuildFile; fileRef = F21C84F01DD7573E5D81BA02; };
		6B3B61F62EEB365C75412F20 = {isa = PBXBuildFile; fileRef = 5ADE7435806316A22015EA43; };
		70FA8B1766FF4B7F3C3218C0 = {isa = PBXBuildFile; fileRef = 96934EFDB88AC818906BDA06; };
		076D788F0CEF58A08F0A74AE = {isa = PBXBuildFile; fileRef = 762B30D95DCF0C1FF9DEE1B2; };
		D8908472A93BA09B4FD6D51A = {isa = PBXBuildFile; fileRef = 2DB11CA008A73B55E53EFC9A; };
		02427DF7A684888DED8EE133 = {isa = PBXBuildFile; fileRef = 244E5D69C27A0BD2086AE264; };
		29D7C55AFD022F50FB6C0A3E = {isa = PBXBuildFile; fileRef = 288BDE96847E93E6BE66AF9E; };
		DA437193C453B85A45B3BB2A = {isa = PBXBuildFile; fileRef = C7E2FA6049B6FCD8AB324DA5; };
		D5D7C3D20C4F51C12ED0403F = {isa = PBXBuildFile; fileRef = 6FD218C44080A2BF53BF1E07; };
		A6477ABA030061862B9137FD = {isa = PBXBuildFile; fileRef = E165550269ACAD8213427F61; };
		63F98BC659C6B66F19E21C32 = {isa = PBXBuildFile; fileRef = FE88C0E779FB5A23A13D355C; };
		AF6D5BFB1CAF28230C914DF3 = {isa = PBXBuildFile; fileRef = E672D873BE4716441D0554F0; };
		F1E61812CF1DD0B09CB8EC1D = {isa = PBXBuildFile; fileRef = FE37FC1F057806E57EABFF8A; };
		4830665A57656609EE16B994 = {isa = PBXBuildFile; fileRef = FAD24CBEAE90FEE34BE69A4E; };
		3178AAA748EC9D944C92B3B0 = {isa = PBXBuildFile; fileRef = 2634D4FBF6D4A398352FA42A; };
		C90DB6A5AA3931C653C2BEB1 = {isa = PBXBuildFile; fileRef = 7AC7108554407817F911E4A0; };
		60D27583526B379EBB001289 = {isa = PBXBuildFile; fileRef = 614E0266E07851D67CA035CF; };
		18EBD131B709407138C8C9F5 = {isa = PBXBuildFile; fileRef = 0801535ADA96E19E0003A5FF; };
		17081EABAC94893257FEF7AD = {isa = PBXBuildFile; fileRef = 200417E10359BED5C6C1DF43; };
		29D9D37C9F76E6656830D3CB = {isa = PBXBuildFile; fileRef = 6EC5B9BCD57670E4E62C4815; };
		FCC71C99F79A575B813227CF = {isa = PBXBuildFile; fileRef = F714C1D4A4DA847B5A19FDF5; };
		AD98FFEC478F74BBE6A2981D = {isa = PBXBuildFile; fileRef = C550CD4B1C63872BC3D0E9E9; };
		15D30551D2048D4E6F22B169 = {isa = PBXBuildFile; fileRef = 645E9467C60489FD7305595F; };
		E0F1D35B0268C593981C8277 = {isa = PBXBuildFile; fileRef = 460F4BCF3635FFD33239C833; };
		ADAE973936A3D8967A34AA68 = {isa = PBXBuildFile; fileRef = 94C862B57CEF503B969B9EC9; };
		A3D54BDE57A93C9B0E8B6451 = {isa = PBXBuildFile; fileRef = D3AECF5037A0520BE0407F86; };
		F3ADF059399A163299133DC3 = {isa = PBXBuildFile; fileRef = 1ED3E2D77905D4FB91CFBCB3; };
		7C65044E62E7CCFD9341B0AD = {isa = PBXBuildFile; fileRef = 92C376742FFF7C1B8DEF929D; };
		320EE6121750432DE3AA9635 = {isa = PBXBuildFile; fileRef = 831929A8E001DBF34F518452; };
		EE6F9F4128F7AB18DD3E48E6 = {isa = PBXBuildFile; fileRef = 374EAD558FE06C40512977B2; };
		4AFC9DCF05EC382363BAA98A = {isa = PBXBuildFile; fileRef = 3921D84C7562BFA62D044E86; };
		655EE0EC91DCD919F15B8EFE = {isa = PBXBuildFile; fileRef = 4170C7426BB60E8B2CF37AC5; };
		C8E2E0C2B86E39E8461D4F39 = {isa = PBXBuildFile; fileRef = 7BC554B0BAF56F98550449BA; };
		65DC69B84DADCA56C3EA0729 = {isa = PBXBuildFile; fileRef = 006515AC68B0C63C723F97A6; };
		A8219E82BFAF6DD42D8BB6DE = {isa = PBXBuildFile; fileRef = D420C843488B9C794AAC3668; };
		92EB5F1ADBA34BB3D85A00AB = {isa = PBXBuildFile; fileRef = BA8F484872D1A75A62166D15; };
		6287BA163AB60863A12873D3 = {isa = PBXBuildFile; fileRef = A37C10398FF4D5E36DD68396; };
		7FE01CE2A7BDDE62001E1659 = {isa = PBXBuildFile; fileRef = 827246ED31589E4E91042C77; };
		E326876430A9AFABBB2499E6 = {isa = PBXBuildFile; fileRef = C9A61A0BC386AC4626EB1DAF; };
		934002641978F9AAFF600FB4 = {isa = PBXBuildFile; fileRef = 8AF817164CF7D8C79718CCE9; };
		473B1813E38EB9F3001FAA34 = {isa = PBXBuildFile; fileRef = E11AA45F4C1833CA09EBC96C; };
		8074422F12A35B8CCBF99604 = {isa = PBXBuildFile; fileRef = 2E58E10B56F32F7CD7E3300E; };
		2C605B754C97B3EF7AD756BB = {isa = PBXBuildFile; fileRef = C7CD0A4DD2608B49C39F2F58; };
		C41FBF6FC2E3B7AE1B969BF4 = {isa = PBXBuildFile; fileRef = 7907F41BC4CE62B8B8BF2537; };
		C448F429BC7E07FADBA443F8 = {isa = PBXBuildFile; fileRef = 8BB35CB6104E598CDCB72CC7; };
		2E75876BDF9A8B333F409DFF = {isa = PBXBuildFile; fileRef = F9EDF331441B2B7B5A71328F; };
		086EB0F78CBE4C5924262F68 = {isa = PBXBuildFile; fileRef = A4AB7067F14498A2D7EB502E; };
		155EB546F201814272686FFC = {isa = PBXBuildFile; fileRef = 681D7601648DB3750C376D49; };
		F507C7214512FFF26349634E = {isa = PBXBuildFile; fileRef = 27843A0E62B0D287CC6AA8EB; };
		6A5FA4300010861CAA54C10A = {isa = PBXBuildFile; fileRef = 865B4DB1BFBE1468AC3A997D; };
		DFC6CDE3C7F84B27219EA0C5 = {isa = PBXBuildFile; fileRef = D49C8012E645FDC891BF20F3; };
		2C88B1F906AF4769C9007353 = {isa = PBXBuildFile; fileRef = 211E87C904E39D41340B0277; };
		9600DA795FC8BBB472743734 = {isa = PBXBuildFile; fileRef = 73C31752295D384D20C49A62; };
		AAF5A41DABB17A42242BABAE = {isa = PBXBuildFile; fileRef = 69F7749CD5A5212D1B53814E; };
		A23577AB1795AF20ADF4A814 = {isa = PBXBuildFile; fileRef = 59D3A9927276C6B5D8D63518; };
		FFF74EF3908542BDBB78804C = {isa = PBXBuildFile; fileRef = 4D6D42A0440D0CA64D0B5949; };
		A22F689A9255D848EE87002E = {isa = PBXBuildFile; fileRef = 1AD8397BE091C84B143D4E46; };
		ED34F31CF436C1BCD6C3D2D8 = {isa = PBXBuildFile; fileRef = AE9158886B60940B9CA2ACA0; };
		CCCEF51149BA5A97C3F97D4C = {isa = PBXBuildFile; fileRef = CD56103941090A59412D8AE8; };
		0085309C890B9C7778B5DB05 = {isa = PBXBuildFile; fileRef = B58016C83A3E1776B177C097; };
		3037B656BA6D0C106B49D2D1 = {isa = PBXBuildFile; fileRef = D24D3C931AEE4CA49E04FF20; };
		0A31EC9E0D12BDF88A0D0D71 = {isa = PBXBuildFile; fileRef = F36AE303B4C1E58774DF7813; };
		DC2B30E5B5E083DD03E693F6 = {isa = PBXBuildFile; fileRef = BCCCF12112259BEBB3963B8B; };
		6A5CCB39993BE9C9EC7FB35A = {isa = PBXBuildFile; fileRef = 97A982A9D6047ECD8B8129D6; };
		0ACD4AF0F7C42D2692942C22 = {isa = PBXBuildFile; fileRef = C48BA9BE91AF9EB19B4B9BD4; };
		9B4B81B73E9AC0B03781A4CF = {isa = PBXBuildFile; fileRef = 75B7C9679E94C99D47328431; };
		C62FF6CE68BD0A28DFFA8D8C = {isa = PBXBuildFile; fileRef = 72E27BC37D12879DFE7B2553; };
		A88D7066F2C7BAD5CE9B9CF3 = {isa = PBXBuildFile; fileRef = 907D8C460A804C582B056BA0; };
		D2C7A972EBB02C4CCB0D57A9 = {isa = PBXBuildFile; fileRef = 58A68FAD196E4D614E112A43; };
		5441F269E581E812166639BB = {isa = PBXBuildFile; fileRef = 76BC96F043D04366E8B1537B; };
		84444994D505A55731AC2F19 = {isa = PBXBuildFile; fileRef = DCE31B0BE4836F0B405B4632; };
		A1B5A0918B3E539128C49675 = {isa = PBXBuildFile; fileRef = CFA05BF121F9165C30BB1D6F; };
		BA59D8B9661349F64CFEA8F0 = {isa = PBXBuildFile; fileRef = 522C2F46530BCBF8C2F6577A; };
		CC601D840B24C7C41C3DC088 = {isa = PBXBuildFile; fileRef = A3351E66DA0D9E95064C691A; };
		6E44485440D1EB2534AC412A = {isa = PBXBuildFile; fileRef = 16BF39E8C50541E3F119A60F; };
		163764903645746CFAD7BF95 = {isa = PBXBuildFile; fileRef = C07918579ED25A5BC0EEC38A; };
		4E4D86C311EB4B4D28C8A448 = {isa = PBXBuildFile; fileRef = E958218F93539086B16C7C21; };
		AC3763B98CBEEF961999E97E = {isa = PBXBuildFile; fileRef = ED74D0759BBC532E744C5833; };
		22FB2CCB0A5820F3FAE13442 = {isa = PBXBuildFile; fileRef = 41DF38676A321D490C96586A; };
		5D217444A7D63D2DBCCE2FC1 = {isa = PBXBuildFile; fileRef = 422B12D7844B172385AC1E86; };
		43A71B535596B029104E8827 = {isa = PBXBuildFile; fileRef = B4BDD259211FC9827D6A914A; };
		2C80C292A76E9902BB156633 = {isa = PBXBuildFile; fileRef = 7DB637DF244B81AF615EE498; };
		43DA7A851585DE5BAE83BA4C = {isa = PBXBuildFile; fileRef = ABC916E477C487A028F21951; };
		0BAF6FDAC4E0B4EB8D47A726 = {isa = PBXBuildFile; fileRef = 451A69F85DA9213F6F2B862C; };
		2DB136D5256C2D2061506619 = {isa = PBXBuildFile; fileRef = F8434D9B3223CAD7414F9528; };
		81FF29A94E2E9222BDF70C92 = {isa = PBXBuildFile; fileRef = 4D607DFD9FB7DCBA31E74D5A; };
		346E1A7BC1C006E79EE233F5 = {isa = PBXBuildFile; fileRef = ACCCE8DCFA2D2B9ADA4CB65A; };
		CF6BEA47A7AA5AA92D6A4C9D = {isa = PBXBuildFile; fileRef = 02DD5CF527FCDD66BF92491B; };
		F7DB578EA710CF40636BE4F1 = {isa = PBXBuildFile; fileRef = B894B51407C88BE5F8EB2BDA; };
		952F5268054ABFAAC575DE63 = {isa = PBXBuildFile; fileRef = 28C08C8AAD71123130EE70AF; };
		AAE2EF00AF48BB4E497BD7C0 = {isa = PBXBuildFile; fileRef = 24BCDD276FC99EEF4CBA886C; };
		99A3030A184150281D78DB37 = {isa = PBXBuildFile; fileRef = 290464EF78D0B1149EB82BAB; };
		5E9E41E6A81850CD3EEB5BD2 = {isa = PBXBuildFile; fileRef = 18F83267626C128FA78173DA; };
		86C5FFB8DD474A15434B6A4C = {isa = PBXBuildFile; fileRef = 70F144D13BFC40AC97F46988; };
		06E91A507A4377FFF354B66B = {isa = PBXBuildFile; fileRef = AECF75FF4EA20EA8157FC924; };
		A5BFFDF4499351A6018B6BC6 = {isa = PBXBuildFile; fileRef = FCAA8DF89BB251E3B71B10B4; };
		2A0C65F0F633AAAD893BC899 = {isa = PBXBuildFile; fileRef = 1D6BF10753619D6C51D3CF31; };
		D8134197A72DC896ECE810C7 = {isa = PBXBuildFile; fileRef = 44D3481C633EE1EA8ED6B577; };
		057FA62A0EE3DF89492CD256 = {isa = PBXBuildFile; fileRef = FB93307468DFE0B7A45E8BE7; };
		DE840FB8F11FBB8EC7E4EFF6 = {isa = PBXBuildFile; fileRef = 057F280166C053082193817F; };
		006515AC68B0C63C723F97A6 = {isa = PBXFileReference; lastKnownFileType = sourcecode.cpp.cpp; name = NodeViewUI.cpp; path = ../../Source/Node/ui/NodeViewUI.cpp; sourceTree = "SOURCE_ROOT"; };
		01AD21FDFE2100DE5721B309 = {isa = PBXFileReference; lastKnownFileType = sourcecode.c.h; name = LightBlockClipUI.h; path = ../../Source/Timeline/layers/Block/ui/LightBlockClipUI.h; sourceTree = "SOURCE_ROOT"; };
		02403B300133F3CD6EB8302F = {isa = PBXFileReference; lastKnownFileType = file; name = "juce_graphics"; path = "~/JUCE/modules/juce_graphics"; sourceTree = "<absolute>"; };
		02DD5CF527FCDD66BF92491B = {isa = PBXFileReference; lastKnownFileType = sourcecode.cpp.objcpp; name = "include_juce_core.mm"; path = "../../JuceLibraryCode/include_juce_core.mm"; sourceTree = "SOURCE_ROOT"; };
		03F936A4BD831B5F9D6ED7FD = {isa = PBXFileReference; lastKnownFileType = sourcecode.c.h; name = NodeManagerUI.h; path = ../../Source/Node/ui/NodeManagerUI.h; sourceTree = "SOURCE_ROOT"; };
		057F280166C053082193817F = {isa = PBXFileReference; lastKnownFileType = sourcecode.cpp.objcpp; name = "include_juce_video.mm"; path = "../../JuceLibraryCode/include_juce_video.mm"; sourceTree = "SOURCE_ROOT"; };
		0801535ADA96E19E0003A5FF = {isa = PBXFileReference; lastKnownFileType = sourcecode.cpp.cpp; name = LightBlockLayer.cpp; path = ../../Source/Timeline/layers/Block/LightBlockLayer.cpp; sourceTree = "SOURCE_ROOT"; };
		0D4495AB5AE5B3908B457C04 = {isa = PBXFileReference; lastKnownFileType = file; name = "juce_cryptography"; path = "~/JUCE/modules/juce_cryptography"; sourceTree = "<absolute>"; };
		0FF9D464889622880FB9BC01 = {isa = PBXFileReference; lastKnownFileType = sourcecode.c.h; name = FlowBallProp.h; path = ../../Source/Prop/props/flowtoys/flowball/FlowBallProp.h; sourceTree = "SOURCE_ROOT"; };
		105B02B50F1FFEEFF832A64C = {isa = PBXFileReference; lastKnownFileType = sourcecode.c.h; name = BlockVizPanel.h; path = ../../Source/BlockViz/BlockVizPanel.h; sourceTree = "SOURCE_ROOT"; };
		13740297747876120EEAC944 = {isa = PBXFileReference; lastKnownFileType = file; name = "juce_audio_utils"; path = "~/JUCE/modules/juce_audio_utils"; sourceTree = "<absolute>"; };
		137A8A2F05B58E9F65741284 = {isa = PBXFileReference; lastKnownFileType = sourcecode.c.h; name = NodeBlockUI.h; path = ../../Source/LightBlock/model/blocks/node/ui/NodeBlockUI.h; sourceTree = "SOURCE_ROOT"; };
		13C386C5EC9DE8E43E0941E0 = {isa = PBXFileReference; lastKnownFileType = sourcecode.c.h; name = PropViz.h; path = ../../Source/Prop/ui/PropViz.h; sourceTree = "SOURCE_ROOT"; };
		16BF39E8C50541E3F119A60F = {isa = PBXFileReference; lastKnownFileType = sourcecode.cpp.cpp; name = PropViz.cpp; path = ../../Source/Prop/ui/PropViz.cpp; sourceTree = "SOURCE_ROOT"; };
		178F7B2C7375CF1126BA2A8F = {isa = PBXFileReference; lastKnownFileType = file; name = "juce_timeline"; path = "../../../JUCE Modules/juce_timeline"; sourceTree = "SOURCE_ROOT"; };
		184CFE393E4BDD9445983802 = {isa = PBXFileReference; lastKnownFileType = sourcecode.c.h; name = ParameterNodeViewUI.h; path = ../../Source/Node/nodes/parameter/ParameterNodeViewUI.h; sourceTree = "SOURCE_ROOT"; };
		18F83267626C128FA78173DA = {isa = PBXFileReference; lastKnownFileType = sourcecode.cpp.objcpp; name = "include_juce_gui_basics.mm"; path = "../../JuceLibraryCode/include_juce_gui_basics.mm"; sourceTree = "SOURCE_ROOT"; };
		1961DE320416B0FE62AA0EEB = {isa = PBXFileReference; lastKnownFileType = sourcecode.c.h; name = MainComponent.h; path = ../../Source/MainComponent.h; sourceTree = "SOURCE_ROOT"; };
		19F2070902A0CEF8E5CF30FA = {isa = PBXFileReference; lastKnownFileType = sourcecode.c.h; name = LightBlockClip.h; path = ../../Source/Timeline/layers/Block/LightBlockClip.h; sourceTree = "SOURCE_ROOT"; };
		1AD8397BE091C84B143D4E46 = {isa = PBXFileReference; lastKnownFileType = sourcecode.cpp.cpp; name = PatternBlock.cpp; path = ../../Source/LightBlock/model/blocks/pattern/PatternBlock.cpp; sourceTree = "SOURCE_ROOT"; };
		1B8DDF06FE71DE05D949361D = {isa = PBXFileReference; lastKnownFileType = sourcecode.c.h; name = FlowPoiProp.h; path = ../../Source/Prop/props/flowtoys/flowpoi/FlowPoiProp.h; sourceTree = "SOURCE_ROOT"; };
		1C405539BA6299A8CA1DE4C3 = {isa = PBXFileReference; lastKnownFileType = sourcecode.c.h; name = NodeManager.h; path = ../../Source/Node/NodeManager.h; sourceTree = "SOURCE_ROOT"; };
		1C88053CF204116692F4FA7E = {isa = PBXFileReference; lastKnownFileType = sourcecode.c.h; name = NodeConnectionManager.h; path = ../../Source/Node/NodeConnectionManager.h; sourceTree = "SOURCE_ROOT"; };
		1D6BF10753619D6C51D3CF31 = {isa = PBXFileReference; lastKnownFileType = sourcecode.cpp.cpp; name = "include_juce_osc.cpp"; path = "../../JuceLibraryCode/include_juce_osc.cpp"; sourceTree = "SOURCE_ROOT"; };
		1D797DE006ABBDF5EE5CF3C2 = {isa = PBXFileReference; lastKnownFileType = file; name = "juce_automation"; path = "../../../JUCE Modules/juce_automation"; sourceTree = "SOURCE_ROOT"; };
		1ED3E2D77905D4FB91CFBCB3 = {isa = PBXFileReference; lastKnownFileType = sourcecode.cpp.cpp; name = PropNode.cpp; path = ../../Source/Node/nodes/prop/PropNode.cpp; sourceTree = "SOURCE_ROOT"; };
		200417E10359BED5C6C1DF43 = {isa = PBXFileReference; lastKnownFileType = sourcecode.cpp.cpp; name = TimelineBlockSequence.cpp; path = ../../Source/Timeline/TimelineBlockSequence.cpp; sourceTree = "SOURCE_ROOT"; };
		211E87C904E39D41340B0277 = {isa = PBXFileReference; lastKnownFileType = sourcecode.cpp.cpp; name = PictureBlockUI.cpp; path = ../../Source/LightBlock/model/blocks/picture/ui/PictureBlockUI.cpp; sourceTree = "SOURCE_ROOT"; };
		244E5D69C27A0BD2086AE264 = {isa = PBXFileReference; lastKnownFileType = sourcecode.cpp.cpp; name = AudioManagerHardwareEditor.cpp; path = ../../Source/Audio/ui/AudioManagerHardwareEditor.cpp; sourceTree = "SOURCE_ROOT"; };
		24BCDD276FC99EEF4CBA886C = {isa = PBXFileReference; lastKnownFileType = sourcecode.cpp.objcpp; name = "include_juce_events.mm"; path = "../../JuceLibraryCode/include_juce_events.mm"; sourceTree = "SOURCE_ROOT"; };
		24DE8FBF948FFE9F8FE29F89 = {isa = PBXFileReference; lastKnownFileType = sourcecode.c.h; name = PositionRemapNode.h; path = ../../Source/Node/nodes/positionRemap/PositionRemapNode.h; sourceTree = "SOURCE_ROOT"; };
		24F26C02E4DB888E9FC18FD3 = {isa = PBXFileReference; lastKnownFileType = sourcecode.c.h; name = PropUI.h; path = ../../Source/Prop/ui/PropUI.h; sourceTree = "SOURCE_ROOT"; };
		2634D4FBF6D4A398352FA42A = {isa = PBXFileReference; lastKnownFileType = sourcecode.cpp.cpp; name = LightBlockLayerTimeline.cpp; path = ../../Source/Timeline/layers/Block/ui/LightBlockLayerTimeline.cpp; sourceTree = "SOURCE_ROOT"; };
		27843A0E62B0D287CC6AA8EB = {isa = PBXFileReference; lastKnownFileType = sourcecode.cpp.cpp; name = LightBlockModelParameterEditor.cpp; path = ../../Source/LightBlock/model/ui/LightBlockModelParameterEditor.cpp; sourceTree = "SOURCE_ROOT"; };
		288BDE96847E93E6BE66AF9E = {isa = PBXFileReference; lastKnownFileType = sourcecode.cpp.cpp; name = AudioManager.cpp; path = ../../Source/Audio/AudioManager.cpp; sourceTree = "SOURCE_ROOT"; };
		28C08C8AAD71123130EE70AF = {isa = PBXFileReference; lastKnownFileType = sourcecode.cpp.objcpp; name = "include_juce_data_structures.mm"; path = "../../JuceLibraryCode/include_juce_data_structures.mm"; sourceTree = "SOURCE_ROOT"; };
		290464EF78D0B1149EB82BAB = {isa = PBXFileReference; lastKnownFileType = sourcecode.cpp.objcpp; name = "include_juce_graphics.mm"; path = "../../JuceLibraryCode/include_juce_graphics.mm"; sourceTree = "SOURCE_ROOT"; };
		296B107C1BDACCD7F25402DD = {isa = PBXFileReference; lastKnownFileType = sourcecode.c.h; name = Node.h; path = ../../Source/Node/Node.h; sourceTree = "SOURCE_ROOT"; };
		29B344C180FDC0A7378E8FA9 = {isa = PBXFileReference; lastKnownFileType = sourcecode.c.h; name = LightBlockModel.h; path = ../../Source/LightBlock/model/LightBlockModel.h; sourceTree = "SOURCE_ROOT"; };
		2A671C55A2D64B7DCE1DB395 = {isa = PBXFileReference; lastKnownFileType = sourcecode.c.h; name = TimelineEditor.h; path = ../../Source/Timeline/TimelineEditor.h; sourceTree = "SOURCE_ROOT"; };
		2B4474EC08868221BBC839A7 = {isa = PBXFileReference; lastKnownFileType = text.plist.xml; name = "Info-App.plist"; path = "Info-App.plist"; sourceTree = "SOURCE_ROOT"; };
		2DB11CA008A73B55E53EFC9A = {isa = PBXFileReference; lastKnownFileType = file.icns; name = Icon.icns; path = Icon.icns; sourceTree = "SOURCE_ROOT"; };
		2E58E10B56F32F7CD7E3300E = {isa = PBXFileReference; lastKnownFileType = sourcecode.cpp.cpp; name = LightBlockModelGroup.cpp; path = ../../Source/LightBlock/model/LightBlockModelGroup.cpp; sourceTree = "SOURCE_ROOT"; };
		2F03DDD1D10C402229D7ED3F = {isa = PBXFileReference; lastKnownFileType = sourcecode.c.h; name = FlowClubProp.h; path = ../../Source/Prop/props/flowtoys/flowclub/FlowClubProp.h; sourceTree = "SOURCE_ROOT"; };
		35D20CD7510F46C4F3FF65FC = {isa = PBXFileReference; lastKnownFileType = image.png; name = script.png; path = ../../Resources/models/script.png; sourceTree = "SOURCE_ROOT"; };
		36B42FE95018EE58C9082037 = {isa = PBXFileReference; lastKnownFileType = wrapper.framework; name = AVKit.framework; path = System/Library/Frameworks/AVKit.framework; sourceTree = SDKROOT; };
		36DF1DAFBE7EBF1A95B6F7CF = {isa = PBXFileReference; lastKnownFileType = file; name = "juce_opengl"; path = "~/JUCE/modules/juce_opengl"; sourceTree = "<absolute>"; };
		374EAD558FE06C40512977B2 = {isa = PBXFileReference; lastKnownFileType = sourcecode.cpp.cpp; name = NodeBlockEditor.cpp; path = ../../Source/Node/ui/NodeBlockEditor.cpp; sourceTree = "SOURCE_ROOT"; };
		3921D84C7562BFA62D044E86 = {isa = PBXFileReference; lastKnownFileType = sourcecode.cpp.cpp; name = NodeConnectionManagerUI.cpp; path = ../../Source/Node/ui/NodeConnectionManagerUI.cpp; sourceTree = "SOURCE_ROOT"; };
		3ABE727CD206849832621EF4 = {isa = PBXFileReference; lastKnownFileType = file; name = "juce_osc"; path = "~/JUCE/modules/juce_osc"; sourceTree = "<absolute>"; };
		3B2D0E8946BB8AE6EF462C0C = {isa = PBXFileReference; lastKnownFileType = file; name = "juce_events"; path = "~/JUCE/modules/juce_events"; sourceTree = "<absolute>"; };
		3BFF4B7D0372F06E0ECF3140 = {isa = PBXFileReference; lastKnownFileType = file; name = "juce_video"; path = "~/JUCE/modules/juce_video"; sourceTree = "<absolute>"; };
		40DEC4234403D5A40AB8B042 = {isa = PBXFileReference; lastKnownFileType = sourcecode.c.h; name = PictureBlock.h; path = ../../Source/LightBlock/model/blocks/picture/PictureBlock.h; sourceTree = "SOURCE_ROOT"; };
		4170C7426BB60E8B2CF37AC5 = {isa = PBXFileReference; lastKnownFileType = sourcecode.cpp.cpp; name = NodeConnectionUI.cpp; path = ../../Source/Node/ui/NodeConnectionUI.cpp; sourceTree = "SOURCE_ROOT"; };
		41DF38676A321D490C96586A = {isa = PBXFileReference; lastKnownFileType = sourcecode.cpp.cpp; name = MainComponent.cpp; path = ../../Source/MainComponent.cpp; sourceTree = "SOURCE_ROOT"; };
		422B12D7844B172385AC1E86 = {isa = PBXFileReference; lastKnownFileType = sourcecode.cpp.cpp; name = Main.cpp; path = ../../Source/Main.cpp; sourceTree = "SOURCE_ROOT"; };
		43E12F220E0ECD3C101C8E03 = {isa = PBXFileReference; lastKnownFileType = file; name = "juce_gui_basics"; path = "~/JUCE/modules/juce_gui_basics"; sourceTree = "<absolute>"; };
		44D3481C633EE1EA8ED6B577 = {isa = PBXFileReference; lastKnownFileType = sourcecode.cpp.cpp; name = "include_juce_sharedtexture.cpp"; path = "../../JuceLibraryCode/include_juce_sharedtexture.cpp"; sourceTree = "SOURCE_ROOT"; };
		44F4BAEAB635772B008156E3 = {isa = PBXFileReference; lastKnownFileType = file; name = "juce_data_structures"; path = "~/JUCE/modules/juce_data_structures"; sourceTree = "<absolute>"; };
		45188CF6061F25891D28DCC2 = {isa = PBXFileReference; lastKnownFileType = image.png; name = fadeOut.png; path = ../../Resources/fadeOut.png; sourceTree = "SOURCE_ROOT"; };
		451A69F85DA9213F6F2B862C = {isa = PBXFileReference; lastKnownFileType = sourcecode.cpp.objcpp; name = "include_juce_audio_formats.mm"; path = "../../JuceLibraryCode/include_juce_audio_formats.mm"; sourceTree = "SOURCE_ROOT"; };
		458D0878FBCD52CCD4C54A91 = {isa = PBXFileReference; lastKnownFileType = sourcecode.c.h; name = ModelNode.h; path = ../../Source/Node/nodes/model/ModelNode.h; sourceTree = "SOURCE_ROOT"; };
		460F4BCF3635FFD33239C833 = {isa = PBXFileReference; lastKnownFileType = sourcecode.cpp.cpp; name = ParameterNodeViewUI.cpp; path = ../../Source/Node/nodes/parameter/ParameterNodeViewUI.cpp; sourceTree = "SOURCE_ROOT"; };
		4638A9226D247BF3A2A55A86 = {isa = PBXFileReference; lastKnownFileType = sourcecode.c.h; name = UserLightBlockModelManager.h; path = ../../Source/LightBlock/model/UserLightBlockModelManager.h; sourceTree = "SOURCE_ROOT"; };
		478660D7CE828F9236F7FCC6 = {isa = PBXFileReference; lastKnownFileType = sourcecode.c.h; name = NodeConnectionSlot.h; path = ../../Source/Node/NodeConnectionSlot.h; sourceTree = "SOURCE_ROOT"; };
		4B8D21B60096BF680FB8265E = {isa = PBXFileReference; lastKnownFileType = image.png; name = solidColor.png; path = ../../Resources/models/patterns/solidColor.png; sourceTree = "SOURCE_ROOT"; };
		4CCB09696420EFC79357D0D0 = {isa = PBXFileReference; lastKnownFileType = sourcecode.c.h; name = LightBlockLayerTimeline.h; path = ../../Source/Timeline/layers/Block/ui/LightBlockLayerTimeline.h; sourceTree = "SOURCE_ROOT"; };
		4CCFA4C28F49335C7BADB65D = {isa = PBXFileReference; lastKnownFileType = sourcecode.c.h; name = LightBlockModelGroup.h; path = ../../Source/LightBlock/model/LightBlockModelGroup.h; sourceTree = "SOURCE_ROOT"; };
		4D607DFD9FB7DCBA31E74D5A = {isa = PBXFileReference; lastKnownFileType = sourcecode.cpp.objcpp; name = "include_juce_audio_utils.mm"; path = "../../JuceLibraryCode/include_juce_audio_utils.mm"; sourceTree = "SOURCE_ROOT"; };
		4D6D42A0440D0CA64D0B5949 = {isa = PBXFileReference; lastKnownFileType = sourcecode.cpp.cpp; name = VideoBlock.cpp; path = ../../Source/LightBlock/model/blocks/video/VideoBlock.cpp; sourceTree = "SOURCE_ROOT"; };
		4E5F987BE5F7D0EF0DBCBBA9 = {isa = PBXFileReference; lastKnownFileType = sourcecode.c.h; name = JuceHeader.h; path = ../../JuceLibraryCode/JuceHeader.h; sourceTree = "SOURCE_ROOT"; };
		4F367620516099AB18EC0FCD = {isa = PBXFileReference; lastKnownFileType = wrapper.framework; name = Cocoa.framework; path = System/Library/Frameworks/Cocoa.framework; sourceTree = SDKROOT; };
		522C2F46530BCBF8C2F6577A = {isa = PBXFileReference; lastKnownFileType = sourcecode.cpp.cpp; name = PropManagerUI.cpp; path = ../../Source/Prop/ui/PropManagerUI.cpp; sourceTree = "SOURCE_ROOT"; };
		5738EC3DB95FAF7AB57265AB = {isa = PBXFileReference; lastKnownFileType = sourcecode.c.h; name = BentoEngine.h; path = ../../Source/BentoEngine.h; sourceTree = "SOURCE_ROOT"; };
		574F0DDDF4FDEB89463EF70A = {isa = PBXFileReference; lastKnownFileType = sourcecode.c.h; name = SolidColorNode.h; path = ../../Source/Node/nodes/solidcolor/SolidColorNode.h; sourceTree = "SOURCE_ROOT"; };
		58A68FAD196E4D614E112A43 = {isa = PBXFileReference; lastKnownFileType = sourcecode.cpp.cpp; name = FlowtoysProp.cpp; path = ../../Source/Prop/props/flowtoys/FlowtoysProp.cpp; sourceTree = "SOURCE_ROOT"; };
		58EA82A86630D7CDF7BB9F1C = {isa = PBXFileReference; lastKnownFileType = wrapper.framework; name = CoreMIDI.framework; path = System/Library/Frameworks/CoreMIDI.framework; sourceTree = SDKROOT; };
		59D3A9927276C6B5D8D63518 = {isa = PBXFileReference; lastKnownFileType = sourcecode.cpp.cpp; name = VideoBlockUI.cpp; path = ../../Source/LightBlock/model/blocks/video/ui/VideoBlockUI.cpp; sourceTree = "SOURCE_ROOT"; };
		5ADE7435806316A22015EA43 = {isa = PBXFileReference; lastKnownFileType = wrapper.framework; name = QuartzCore.framework; path = System/Library/Frameworks/QuartzCore.framework; sourceTree = SDKROOT; };
		5E9F9E598A3F4D2EFE63C081 = {isa = PBXFileReference; lastKnownFileType = sourcecode.c.h; name = NodeConnectionUI.h; path = ../../Source/Node/ui/NodeConnectionUI.h; sourceTree = "SOURCE_ROOT"; };
		5ECA0DA4F612F52C5132EF8B = {isa = PBXFileReference; lastKnownFileType = file.frag; name = shader.frag; path = ../../Resources/shader.frag; sourceTree = "SOURCE_ROOT"; };
		612AE282F333DDB05DF03B8E = {isa = PBXFileReference; lastKnownFileType = file; name = "juce_audio_basics"; path = "~/JUCE/modules/juce_audio_basics"; sourceTree = "<absolute>"; };
		614E0266E07851D67CA035CF = {isa = PBXFileReference; lastKnownFileType = sourcecode.cpp.cpp; name = LightBlockClipManager.cpp; path = ../../Source/Timeline/layers/Block/LightBlockClipManager.cpp; sourceTree = "SOURCE_ROOT"; };
		6192681A45902ED4ED0BB2FE = {isa = PBXFileReference; lastKnownFileType = image.png; name = fadeIn.png; path = ../../Resources/fadeIn.png; sourceTree = "SOURCE_ROOT"; };
		639AA6AE837E1AF091DFF468 = {isa = PBXFileReference; explicitFileType = wrapper.application; includeInIndex = 0; path = BenTo.app; sourceTree = "BUILT_PRODUCTS_DIR"; };
		645E9467C60489FD7305595F = {isa = PBXFileReference; lastKnownFileType = sourcecode.cpp.cpp; name = ModelNode.cpp; path = ../../Source/Node/nodes/model/ModelNode.cpp; sourceTree = "SOURCE_ROOT"; };
		64CB6411521AF5D1A9287C5C = {isa = PBXFileReference; lastKnownFileType = file; name = "juce_audio_devices"; path = "~/JUCE/modules/juce_audio_devices"; sourceTree = "<absolute>"; };
		6526222359EA475F8ECE619B = {isa = PBXFileReference; lastKnownFileType = wrapper.framework; name = DiscRecording.framework; path = System/Library/Frameworks/DiscRecording.framework; sourceTree = SDKROOT; };
		6785661D7A317CAA970F0E03 = {isa = PBXFileReference; lastKnownFileType = image.png; name = video.png; path = ../../Resources/models/video.png; sourceTree = "SOURCE_ROOT"; };
		681D7601648DB3750C376D49 = {isa = PBXFileReference; lastKnownFileType = sourcecode.cpp.cpp; name = LightBlockModelManagerUI.cpp; path = ../../Source/LightBlock/model/ui/LightBlockModelManagerUI.cpp; sourceTree = "SOURCE_ROOT"; };
		69F7749CD5A5212D1B53814E = {isa = PBXFileReference; lastKnownFileType = sourcecode.cpp.cpp; name = DMXBlock.cpp; path = ../../Source/LightBlock/model/blocks/dmx/DMXBlock.cpp; sourceTree = "SOURCE_ROOT"; };
		6A27237AEBA2AA695C580E3B = {isa = PBXFileReference; lastKnownFileType = wrapper.framework; name = AudioToolbox.framework; path = System/Library/Frameworks/AudioToolbox.framework; sourceTree = SDKROOT; };
		6AA8AA148349946ADC1DF658 = {isa = PBXFileReference; lastKnownFileType = sourcecode.c.h; name = NodeViewUI.h; path = ../../Source/Node/ui/NodeViewUI.h; sourceTree = "SOURCE_ROOT"; };
		6BBB97DA1B1E95FE825A8D0B = {isa = PBXFileReference; lastKnownFileType = wrapper.framework; name = Accelerate.framework; path = System/Library/Frameworks/Accelerate.framework; sourceTree = SDKROOT; };
		6D33DCF6BBBA532605618C68 = {isa = PBXFileReference; lastKnownFileType = sourcecode.c.h; name = LightBlockColorProvider.h; path = ../../Source/LightBlock/model/LightBlockColorProvider.h; sourceTree = "SOURCE_ROOT"; };
		6DA1DDD2B73F09C7DF7A9D0D = {isa = PBXFileReference; lastKnownFileType = sourcecode.c.h; name = NodeBlockEditor.h; path = ../../Source/Node/ui/NodeBlockEditor.h; sourceTree = "SOURCE_ROOT"; };
		6DE190E6C32620E6C5ACE64A = {isa = PBXFileReference; lastKnownFileType = sourcecode.c.h; name = LightBlockModelParameterEditor.h; path = ../../Source/LightBlock/model/ui/LightBlockModelParameterEditor.h; sourceTree = "SOURCE_ROOT"; };
		6EC5B9BCD57670E4E62C4815 = {isa = PBXFileReference; lastKnownFileType = sourcecode.cpp.cpp; name = TimelineEditor.cpp; path = ../../Source/Timeline/TimelineEditor.cpp; sourceTree = "SOURCE_ROOT"; };
		6F6475A96EACC86E3A53CC44 = {isa = PBXFileReference; lastKnownFileType = sourcecode.c.h; name = TimelineBlock.h; path = ../../Source/LightBlock/model/blocks/timeline/TimelineBlock.h; sourceTree = "SOURCE_ROOT"; };
		6FD218C44080A2BF53BF1E07 = {isa = PBXFileReference; lastKnownFileType = sourcecode.cpp.cpp; name = SpatItemUI.cpp; path = ../../Source/Video/ui/SpatItemUI.cpp; sourceTree = "SOURCE_ROOT"; };
		70B462B34904FED6A2615B72 = {isa = PBXFileReference; lastKnownFileType = image.png; name = rainbow.png; path = ../../Resources/models/patterns/rainbow.png; sourceTree = "SOURCE_ROOT"; };
		70F144D13BFC40AC97F46988 = {isa = PBXFileReference; lastKnownFileType = sourcecode.cpp.objcpp; name = "include_juce_gui_extra.mm"; path = "../../JuceLibraryCode/include_juce_gui_extra.mm"; sourceTree = "SOURCE_ROOT"; };
		712A348532E5F82E6E377F10 = {isa = PBXFileReference; lastKnownFileType = sourcecode.c.h; name = LightBlockLayerPanel.h; path = ../../Source/Timeline/layers/Block/ui/LightBlockLayerPanel.h; sourceTree = "SOURCE_ROOT"; };
		72E27BC37D12879DFE7B2553 = {isa = PBXFileReference; lastKnownFileType = sourcecode.cpp.cpp; name = LightBlockModelParameterManager.cpp; path = ../../Source/LightBlock/model/LightBlockModelParameterManager.cpp; sourceTree = "SOURCE_ROOT"; };
		73C31752295D384D20C49A62 = {isa = PBXFileReference; lastKnownFileType = sourcecode.cpp.cpp; name = PictureBlock.cpp; path = ../../Source/LightBlock/model/blocks/picture/PictureBlock.cpp; sourceTree = "SOURCE_ROOT"; };
		75B7C9679E94C99D47328431 = {isa = PBXFileReference; lastKnownFileType = sourcecode.cpp.cpp; name = LightBlockModelParameter.cpp; path = ../../Source/LightBlock/model/LightBlockModelParameter.cpp; sourceTree = "SOURCE_ROOT"; };
		762B30D95DCF0C1FF9DEE1B2 = {isa = PBXFileReference; lastKnownFileType = file.nib; name = RecentFilesMenuTemplate.nib; path = RecentFilesMenuTemplate.nib; sourceTree = "SOURCE_ROOT"; };
		76BC96F043D04366E8B1537B = {isa = PBXFileReference; lastKnownFileType = sourcecode.cpp.cpp; name = FlowClubProp.cpp; path = ../../Source/Prop/props/flowtoys/flowclub/FlowClubProp.cpp; sourceTree = "SOURCE_ROOT"; };
		770F517D1BDD1EB55287028C = {isa = PBXFileReference; lastKnownFileType = sourcecode.c.h; name = NodeConnection.h; path = ../../Source/Node/NodeConnection.h; sourceTree = "SOURCE_ROOT"; };
		7907F41BC4CE62B8B8BF2537 = {isa = PBXFileReference; lastKnownFileType = sourcecode.cpp.cpp; name = LightBlockModelPreset.cpp; path = ../../Source/LightBlock/model/preset/LightBlockModelPreset.cpp; sourceTree = "SOURCE_ROOT"; };
		7AC7108554407817F911E4A0 = {isa = PBXFileReference; lastKnownFileType = sourcecode.cpp.cpp; name = LightBlockClip.cpp; path = ../../Source/Timeline/layers/Block/LightBlockClip.cpp; sourceTree = "SOURCE_ROOT"; };
		7B5A581E5D8CA400C29658C1 = {isa = PBXFileReference; lastKnownFileType = file; name = "juce_sharedtexture"; path = "../../../JUCE Modules/juce_sharedtexture"; sourceTree = "SOURCE_ROOT"; };
		7BC554B0BAF56F98550449BA = {isa = PBXFileReference; lastKnownFileType = sourcecode.cpp.cpp; name = NodeManagerUI.cpp; path = ../../Source/Node/ui/NodeManagerUI.cpp; sourceTree = "SOURCE_ROOT"; };
		7BD4EA955001C094C2DA80BA = {isa = PBXFileReference; lastKnownFileType = sourcecode.c.h; name = LightBlockModelGroupUI.h; path = ../../Source/LightBlock/model/ui/LightBlockModelGroupUI.h; sourceTree = "SOURCE_ROOT"; };
		7D0E8620A0BE1379F18500E4 = {isa = PBXFileReference; lastKnownFileType = sourcecode.c.h; name = TimelineBlockSequence.h; path = ../../Source/Timeline/TimelineBlockSequence.h; sourceTree = "SOURCE_ROOT"; };
		7D995FD5459587D8FD9186EC = {isa = PBXFileReference; lastKnownFileType = sourcecode.c.h; name = LightBlockModelParameterManagerEditor.h; path = ../../Source/LightBlock/model/ui/LightBlockModelParameterManagerEditor.h; sourceTree = "SOURCE_ROOT"; };
		7DB637DF244B81AF615EE498 = {isa = PBXFileReference; lastKnownFileType = sourcecode.cpp.objcpp; name = "include_juce_audio_basics.mm"; path = "../../JuceLibraryCode/include_juce_audio_basics.mm"; sourceTree = "SOURCE_ROOT"; };
		7F9BF350DBE7B8BBCB5DB6AB = {isa = PBXFileReference; lastKnownFileType = sourcecode.c.h; name = ColorRemapNode.h; path = ../../Source/Node/nodes/colorRemap/ColorRemapNode.h; sourceTree = "SOURCE_ROOT"; };
		827246ED31589E4E91042C77 = {isa = PBXFileReference; lastKnownFileType = sourcecode.cpp.cpp; name = NodeConnectionSlot.cpp; path = ../../Source/Node/NodeConnectionSlot.cpp; sourceTree = "SOURCE_ROOT"; };
		829EDA059AC3940A9D0A357C = {isa = PBXFileReference; lastKnownFileType = image.png; name = icon.png; path = ../../Resources/icon.png; sourceTree = "SOURCE_ROOT"; };
		831929A8E001DBF34F518452 = {isa = PBXFileReference; lastKnownFileType = sourcecode.cpp.cpp; name = ColorNodeViewUI.cpp; path = ../../Source/Node/ui/ColorNodeViewUI.cpp; sourceTree = "SOURCE_ROOT"; };
		849B6BF08AD097377769CE4A = {isa = PBXFileReference; lastKnownFileType = sourcecode.c.h; name = SpatializerPanel.h; path = ../../Source/Video/ui/SpatializerPanel.h; sourceTree = "SOURCE_ROOT"; };
		865B4DB1BFBE1468AC3A997D = {isa = PBXFileReference; lastKnownFileType = sourcecode.cpp.cpp; name = LightBlockModelParameterManagerEditor.cpp; path = ../../Source/LightBlock/model/ui/LightBlockModelParameterManagerEditor.cpp; sourceTree = "SOURCE_ROOT"; };
		882DE087A6A9419061324AE6 = {isa = PBXFileReference; lastKnownFileType = sourcecode.c.h; name = ScriptBlock.h; path = ../../Source/LightBlock/model/blocks/script/ScriptBlock.h; sourceTree = "SOURCE_ROOT"; };
		8A83728CDC8DB6FF8603EDBA = {isa = PBXFileReference; lastKnownFileType = image.png; name = dmx.png; path = ../../Resources/models/dmx.png; sourceTree = "SOURCE_ROOT"; };
		8AF817164CF7D8C79718CCE9 = {isa = PBXFileReference; lastKnownFileType = sourcecode.cpp.cpp; name = NodeManager.cpp; path = ../../Source/Node/NodeManager.cpp; sourceTree = "SOURCE_ROOT"; };
		8BB35CB6104E598CDCB72CC7 = {isa = PBXFileReference; lastKnownFileType = sourcecode.cpp.cpp; name = LightBlockModelPresetManager.cpp; path = ../../Source/LightBlock/model/preset/LightBlockModelPresetManager.cpp; sourceTree = "SOURCE_ROOT"; };
		8DE81D027B7E97CC45581851 = {isa = PBXFileReference; lastKnownFileType = sourcecode.c.h; name = PropManager.h; path = ../../Source/Prop/PropManager.h; sourceTree = "SOURCE_ROOT"; };
		8FAADD73818F5B6401BAC395 = {isa = PBXFileReference; lastKnownFileType = sourcecode.c.h; name = Prop.h; path = ../../Source/Prop/Prop.h; sourceTree = "SOURCE_ROOT"; };
		905B1AE9FD84E01A53C85FF1 = {isa = PBXFileReference; lastKnownFileType = sourcecode.c.h; name = LightBlockModelPresetManager.h; path = ../../Source/LightBlock/model/preset/LightBlockModelPresetManager.h; sourceTree = "SOURCE_ROOT"; };
		907D8C460A804C582B056BA0 = {isa = PBXFileReference; lastKnownFileType = sourcecode.cpp.cpp; name = LightBlock.cpp; path = ../../Source/LightBlock/LightBlock.cpp; sourceTree = "SOURCE_ROOT"; };
		927381F1345D7B6AD65F43B9 = {isa = PBXFileReference; lastKnownFileType = file; name = "juce_organicui"; path = "../../../JUCE Modules/juce_organicui"; sourceTree = "SOURCE_ROOT"; };
		92C376742FFF7C1B8DEF929D = {isa = PBXFileReference; lastKnownFileType = sourcecode.cpp.cpp; name = SolidColorNode.cpp; path = ../../Source/Node/nodes/solidcolor/SolidColorNode.cpp; sourceTree = "SOURCE_ROOT"; };
		947C3EB56B77C8F88F697973 = {isa = PBXFileReference; lastKnownFileType = image.png; name = timeline.png; path = ../../Resources/models/timeline.png; sourceTree = "SOURCE_ROOT"; };
		94C862B57CEF503B969B9EC9 = {isa = PBXFileReference; lastKnownFileType = sourcecode.cpp.cpp; name = ParameterNode.cpp; path = ../../Source/Node/nodes/parameter/ParameterNode.cpp; sourceTree = "SOURCE_ROOT"; };
		96934EFDB88AC818906BDA06 = {isa = PBXFileReference; lastKnownFileType = wrapper.framework; name = WebKit.framework; path = System/Library/Frameworks/WebKit.framework; sourceTree = SDKROOT; };
		97A982A9D6047ECD8B8129D6 = {isa = PBXFileReference; lastKnownFileType = sourcecode.cpp.cpp; name = LightBlockModelLibrary.cpp; path = ../../Source/LightBlock/model/LightBlockModelLibrary.cpp; sourceTree = "SOURCE_ROOT"; };
		990083FC357EC9E10DBE2276 = {isa = PBXFileReference; lastKnownFileType = file.btlayout; name = default.btlayout; path = ../../Resources/default.btlayout; sourceTree = "SOURCE_ROOT"; };
		99ED314CE17465CC0A43F790 = {isa = PBXFileReference; lastKnownFileType = wrapper.framework; name = IOKit.framework; path = System/Library/Frameworks/IOKit.framework; sourceTree = SDKROOT; };
		A1FA072224E5F4D833E02EFA = {isa = PBXFileReference; lastKnownFileType = sourcecode.c.h; name = LightBlockModelLibraryUI.h; path = ../../Source/LightBlock/model/ui/LightBlockModelLibraryUI.h; sourceTree = "SOURCE_ROOT"; };
		A3351E66DA0D9E95064C691A = {isa = PBXFileReference; lastKnownFileType = sourcecode.cpp.cpp; name = PropUI.cpp; path = ../../Source/Prop/ui/PropUI.cpp; sourceTree = "SOURCE_ROOT"; };
		A37C10398FF4D5E36DD68396 = {isa = PBXFileReference; lastKnownFileType = sourcecode.cpp.cpp; name = NodeConnection.cpp; path = ../../Source/Node/NodeConnection.cpp; sourceTree = "SOURCE_ROOT"; };
		A4AB7067F14498A2D7EB502E = {isa = PBXFileReference; lastKnownFileType = sourcecode.cpp.cpp; name = LightBlockModelLibraryUI.cpp; path = ../../Source/LightBlock/model/ui/LightBlockModelLibraryUI.cpp; sourceTree = "SOURCE_ROOT"; };
		A4F76E80CFE4C5EACB5A41F2 = {isa = PBXFileReference; lastKnownFileType = sourcecode.c.h; name = LightBlock.h; path = ../../Source/LightBlock/LightBlock.h; sourceTree = "SOURCE_ROOT"; };
		A512E53E5AC645F319342CEC = {isa = PBXFileReference; lastKnownFileType = sourcecode.c.h; name = ColorNode.h; path = ../../Source/Node/ColorNode.h; sourceTree = "SOURCE_ROOT"; };
		A7392FCE062C7111035CDBAC = {isa = PBXFileReference; lastKnownFileType = file; name = "juce_core"; path = "~/JUCE/modules/juce_core"; sourceTree = "<absolute>"; };
		A8076EA6C493291F78A7BD71 = {isa = PBXFileReference; lastKnownFileType = sourcecode.c.h; name = Spatializer.h; path = ../../Source/Video/Spatializer.h; sourceTree = "SOURCE_ROOT"; };
		A811DD374AE00F493426E580 = {isa = PBXFileReference; lastKnownFileType = file; name = "juce_audio_processors"; path = "~/JUCE/modules/juce_audio_processors"; sourceTree = "<absolute>"; };
		AAF5CF32F8DC5F24F88BD010 = {isa = PBXFileReference; lastKnownFileType = sourcecode.c.h; name = PropManagerUI.h; path = ../../Source/Prop/ui/PropManagerUI.h; sourceTree = "SOURCE_ROOT"; };
		AB8B6113ECA95A5CF1DA83FD = {isa = PBXFileReference; lastKnownFileType = wrapper.framework; name = AVFoundation.framework; path = System/Library/Frameworks/AVFoundation.framework; sourceTree = SDKROOT; };
		ABC916E477C487A028F21951 = {isa = PBXFileReference; lastKnownFileType = sourcecode.cpp.objcpp; name = "include_juce_audio_devices.mm"; path = "../../JuceLibraryCode/include_juce_audio_devices.mm"; sourceTree = "SOURCE_ROOT"; };
		AC81F2F8D4831E0374B2EC9F = {isa = PBXFileReference; lastKnownFileType = sourcecode.c.h; name = CompositeNode.h; path = ../../Source/Node/nodes/composite/CompositeNode.h; sourceTree = "SOURCE_ROOT"; };
		ACCCE8DCFA2D2B9ADA4CB65A = {isa = PBXFileReference; lastKnownFileType = sourcecode.cpp.cpp; name = "include_juce_automation.cpp"; path = "../../JuceLibraryCode/include_juce_automation.cpp"; sourceTree = "SOURCE_ROOT"; };
		ACD0673EE0F78F3509860047 = {isa = PBXFileReference; lastKnownFileType = sourcecode.c.h; name = VideoBlock.h; path = ../../Source/LightBlock/model/blocks/video/VideoBlock.h; sourceTree = "SOURCE_ROOT"; };
		AE9158886B60940B9CA2ACA0 = {isa = PBXFileReference; lastKnownFileType = sourcecode.cpp.cpp; name = TimelineBlockUI.cpp; path = ../../Source/LightBlock/model/blocks/timeline/ui/TimelineBlockUI.cpp; sourceTree = "SOURCE_ROOT"; };
		AECF75FF4EA20EA8157FC924 = {isa = PBXFileReference; lastKnownFileType = sourcecode.cpp.objcpp; name = "include_juce_opengl.mm"; path = "../../JuceLibraryCode/include_juce_opengl.mm"; sourceTree = "SOURCE_ROOT"; };
		AF26FE4CB8579C7DA11DB6DC = {isa = PBXFileReference; lastKnownFileType = wrapper.framework; name = CoreAudio.framework; path = System/Library/Frameworks/CoreAudio.framework; sourceTree = SDKROOT; };
		AF4831F4444080B331C6621C = {isa = PBXFileReference; lastKnownFileType = sourcecode.c.h; name = ParameterNode.h; path = ../../Source/Node/nodes/parameter/ParameterNode.h; sourceTree = "SOURCE_ROOT"; };
		B0908357A066D9B7675B0EAB = {isa = PBXFileReference; lastKnownFileType = sourcecode.c.h; name = PerlinNoise.hpp; path = ../../Source/LightBlock/model/blocks/pattern/PerlinNoise.hpp; sourceTree = "SOURCE_ROOT"; };
		B1BCDA04A8165CACA7DAAA80 = {isa = PBXFileReference; lastKnownFileType = sourcecode.c.h; name = LightBlockLayer.h; path = ../../Source/Timeline/layers/Block/LightBlockLayer.h; sourceTree = "SOURCE_ROOT"; };
		B39C190A452EC0B65C6356E4 = {isa = PBXFileReference; lastKnownFileType = sourcecode.c.h; name = PropNode.h; path = ../../Source/Node/nodes/prop/PropNode.h; sourceTree = "SOURCE_ROOT"; };
		B4BDD259211FC9827D6A914A = {isa = PBXFileReference; lastKnownFileType = sourcecode.cpp.cpp; name = BinaryData.cpp; path = ../../JuceLibraryCode/BinaryData.cpp; sourceTree = "SOURCE_ROOT"; };
		B58016C83A3E1776B177C097 = {isa = PBXFileReference; lastKnownFileType = sourcecode.cpp.cpp; name = NodeBlockUI.cpp; path = ../../Source/LightBlock/model/blocks/node/ui/NodeBlockUI.cpp; sourceTree = "SOURCE_ROOT"; };
		B66B81C15E7CE109DA1205AD = {isa = PBXFileReference; lastKnownFileType = sourcecode.c.h; name = LightBlockModelParameterManager.h; path = ../../Source/LightBlock/model/LightBlockModelParameterManager.h; sourceTree = "SOURCE_ROOT"; };
		B7A206435DD046CFC40626A1 = {isa = PBXFileReference; lastKnownFileType = sourcecode.c.h; name = AudioManager.h; path = ../../Source/Audio/AudioManager.h; sourceTree = "SOURCE_ROOT"; };
		B894B51407C88BE5F8EB2BDA = {isa = PBXFileReference; lastKnownFileType = sourcecode.cpp.objcpp; name = "include_juce_cryptography.mm"; path = "../../JuceLibraryCode/include_juce_cryptography.mm"; sourceTree = "SOURCE_ROOT"; };
		B96E4FE74897E925FAE528AB = {isa = PBXFileReference; lastKnownFileType = wrapper.framework; name = CoreMedia.framework; path = System/Library/Frameworks/CoreMedia.framework; sourceTree = SDKROOT; };
		BA8F484872D1A75A62166D15 = {isa = PBXFileReference; lastKnownFileType = sourcecode.cpp.cpp; name = ColorNode.cpp; path = ../../Source/Node/ColorNode.cpp; sourceTree = "SOURCE_ROOT"; };
		BC1ACEEBADC5FE7009DB1D1C = {isa = PBXFileReference; lastKnownFileType = file; name = "juce_gui_extra"; path = "~/JUCE/modules/juce_gui_extra"; sourceTree = "<absolute>"; };
		BCCCF12112259BEBB3963B8B = {isa = PBXFileReference; lastKnownFileType = sourcecode.cpp.cpp; name = LightBlockModel.cpp; path = ../../Source/LightBlock/model/LightBlockModel.cpp; sourceTree = "SOURCE_ROOT"; };
		BCCF0A3FED6DB8AA917DB853 = {isa = PBXFileReference; lastKnownFileType = sourcecode.c.h; name = PatternBlock.h; path = ../../Source/LightBlock/model/blocks/pattern/PatternBlock.h; sourceTree = "SOURCE_ROOT"; };
		BF861EC987864918BD3B6BD0 = {isa = PBXFileReference; lastKnownFileType = image.png; name = strobe.png; path = ../../Resources/models/patterns/strobe.png; sourceTree = "SOURCE_ROOT"; };
		C063B1B40D1DA26FFFCDFF37 = {isa = PBXFileReference; lastKnownFileType = sourcecode.c.h; name = LightBlockModelManagerUI.h; path = ../../Source/LightBlock/model/ui/LightBlockModelManagerUI.h; sourceTree = "SOURCE_ROOT"; };
		C07918579ED25A5BC0EEC38A = {isa = PBXFileReference; lastKnownFileType = sourcecode.cpp.cpp; name = Prop.cpp; path = ../../Source/Prop/Prop.cpp; sourceTree = "SOURCE_ROOT"; };
		C40770819033E65CF6061C5A = {isa = PBXFileReference; lastKnownFileType = sourcecode.c.h; name = AppConfig.h; path = ../../JuceLibraryCode/AppConfig.h; sourceTree = "SOURCE_ROOT"; };
		C48BA9BE91AF9EB19B4B9BD4 = {isa = PBXFileReference; lastKnownFileType = sourcecode.cpp.cpp; name = UserLightBlockModelManager.cpp; path = ../../Source/LightBlock/model/UserLightBlockModelManager.cpp; sourceTree = "SOURCE_ROOT"; };
		C550CD4B1C63872BC3D0E9E9 = {isa = PBXFileReference; lastKnownFileType = sourcecode.cpp.cpp; name = CompositeNode.cpp; path = ../../Source/Node/nodes/composite/CompositeNode.cpp; sourceTree = "SOURCE_ROOT"; };
		C7CD0A4DD2608B49C39F2F58 = {isa = PBXFileReference; lastKnownFileType = sourcecode.cpp.cpp; name = LightBlockColorProvider.cpp; path = ../../Source/LightBlock/model/LightBlockColorProvider.cpp; sourceTree = "SOURCE_ROOT"; };
		C7DFF94F309072F838A25628 = {isa = PBXFileReference; lastKnownFileType = sourcecode.c.h; name = NodeConnectionManagerUI.h; path = ../../Source/Node/ui/NodeConnectionManagerUI.h; sourceTree = "SOURCE_ROOT"; };
		C7E2FA6049B6FCD8AB324DA5 = {isa = PBXFileReference; lastKnownFileType = sourcecode.cpp.cpp; name = SpatializerPanel.cpp; path = ../../Source/Video/ui/SpatializerPanel.cpp; sourceTree = "SOURCE_ROOT"; };
		C9A61A0BC386AC4626EB1DAF = {isa = PBXFileReference; lastKnownFileType = sourcecode.cpp.cpp; name = NodeConnectionManager.cpp; path = ../../Source/Node/NodeConnectionManager.cpp; sourceTree = "SOURCE_ROOT"; };
		CBC2D6BB40472297E725985D = {isa = PBXFileReference; lastKnownFileType = sourcecode.c.h; name = ColorNodeViewUI.h; path = ../../Source/Node/ui/ColorNodeViewUI.h; sourceTree = "SOURCE_ROOT"; };
		CD56103941090A59412D8AE8 = {isa = PBXFileReference; lastKnownFileType = sourcecode.cpp.cpp; name = TimelineBlock.cpp; path = ../../Source/LightBlock/model/blocks/timeline/TimelineBlock.cpp; sourceTree = "SOURCE_ROOT"; };
		CF0726B64B4AF20643FEAAFD = {isa = PBXFileReference; lastKnownFileType = sourcecode.c.h; name = VideoBlockUI.h; path = ../../Source/LightBlock/model/blocks/video/ui/VideoBlockUI.h; sourceTree = "SOURCE_ROOT"; };
		CFA05BF121F9165C30BB1D6F = {isa = PBXFileReference; lastKnownFileType = sourcecode.cpp.cpp; name = FlowPoiProp.cpp; path = ../../Source/Prop/props/flowtoys/flowpoi/FlowPoiProp.cpp; sourceTree = "SOURCE_ROOT"; };
		D24D3C931AEE4CA49E04FF20 = {isa = PBXFileReference; lastKnownFileType = sourcecode.cpp.cpp; name = NodeBlock.cpp; path = ../../Source/LightBlock/model/blocks/node/NodeBlock.cpp; sourceTree = "SOURCE_ROOT"; };
		D29BB94504B8CAFEEF989501 = {isa = PBXFileReference; lastKnownFileType = sourcecode.c.h; name = SpatItemUI.h; path = ../../Source/Video/ui/SpatItemUI.h; sourceTree = "SOURCE_ROOT"; };
		D3AECF5037A0520BE0407F86 = {isa = PBXFileReference; lastKnownFileType = sourcecode.cpp.cpp; name = PositionRemapNode.cpp; path = ../../Source/Node/nodes/positionRemap/PositionRemapNode.cpp; sourceTree = "SOURCE_ROOT"; };
		D420C843488B9C794AAC3668 = {isa = PBXFileReference; lastKnownFileType = sourcecode.cpp.cpp; name = Node.cpp; path = ../../Source/Node/Node.cpp; sourceTree = "SOURCE_ROOT"; };
		D49C8012E645FDC891BF20F3 = {isa = PBXFileReference; lastKnownFileType = sourcecode.cpp.cpp; name = LightBlockModelUI.cpp; path = ../../Source/LightBlock/model/ui/LightBlockModelUI.cpp; sourceTree = "SOURCE_ROOT"; };
		D4CC04EE46E8EF8BC218AF41 = {isa = PBXFileReference; lastKnownFileType = sourcecode.c.h; name = LightBlockClipManagerUI.h; path = ../../Source/Timeline/layers/Block/ui/LightBlockClipManagerUI.h; sourceTree = "SOURCE_ROOT"; };
		D4D9EF7967E401AC05959606 = {isa = PBXFileReference; lastKnownFileType = sourcecode.c.h; name = LightBlockModelPreset.h; path = ../../Source/LightBlock/model/preset/LightBlockModelPreset.h; sourceTree = "SOURCE_ROOT"; };
		D7C4DFB5887427FCC55BA04A = {isa = PBXFileReference; lastKnownFileType = sourcecode.c.h; name = SpatItem.h; path = ../../Source/Video/SpatItem.h; sourceTree = "SOURCE_ROOT"; };
		DB555521ADE16D15E1A63756 = {isa = PBXFileReference; lastKnownFileType = sourcecode.c.h; name = DMXBlock.h; path = ../../Source/LightBlock/model/blocks/dmx/DMXBlock.h; sourceTree = "SOURCE_ROOT"; };
		DCE31B0BE4836F0B405B4632 = {isa = PBXFileReference; lastKnownFileType = sourcecode.cpp.cpp; name = FlowBallProp.cpp; path = ../../Source/Prop/props/flowtoys/flowball/FlowBallProp.cpp; sourceTree = "SOURCE_ROOT"; };
		E11AA45F4C1833CA09EBC96C = {isa = PBXFileReference; lastKnownFileType = sourcecode.cpp.cpp; name = BlockVizPanel.cpp; path = ../../Source/BlockViz/BlockVizPanel.cpp; sourceTree = "SOURCE_ROOT"; };
		E165550269ACAD8213427F61 = {isa = PBXFileReference; lastKnownFileType = sourcecode.cpp.cpp; name = Spatializer.cpp; path = ../../Source/Video/Spatializer.cpp; sourceTree = "SOURCE_ROOT"; };
		E317A1AF2653591DB4DEA505 = {isa = PBXFileReference; lastKnownFileType = wrapper.framework; name = Carbon.framework; path = System/Library/Frameworks/Carbon.framework; sourceTree = SDKROOT; };
		E41BECA5B3C3F696116103C2 = {isa = PBXFileReference; lastKnownFileType = sourcecode.c.h; name = FlowtoysProp.h; path = ../../Source/Prop/props/flowtoys/FlowtoysProp.h; sourceTree = "SOURCE_ROOT"; };
		E490CEF4EBE4A4244BD8FA43 = {isa = PBXFileReference; lastKnownFileType = image.png; name = node.png; path = ../../Resources/models/node.png; sourceTree = "SOURCE_ROOT"; };
		E572ABE52EFC4F7A7B35100B = {isa = PBXFileReference; lastKnownFileType = sourcecode.c.h; name = LightBlockModelLibrary.h; path = ../../Source/LightBlock/model/LightBlockModelLibrary.h; sourceTree = "SOURCE_ROOT"; };
		E64C571A31F3592B60BEC4E9 = {isa = PBXFileReference; lastKnownFileType = sourcecode.c.h; name = LightBlockModelUI.h; path = ../../Source/LightBlock/model/ui/LightBlockModelUI.h; sourceTree = "SOURCE_ROOT"; };
		E672D873BE4716441D0554F0 = {isa = PBXFileReference; lastKnownFileType = sourcecode.cpp.cpp; name = LightBlockClipManagerUI.cpp; path = ../../Source/Timeline/layers/Block/ui/LightBlockClipManagerUI.cpp; sourceTree = "SOURCE_ROOT"; };
		E808B80BFDC4846F0336D8F6 = {isa = PBXFileReference; lastKnownFileType = sourcecode.c.h; name = AudioManagerHardwareEditor.h; path = ../../Source/Audio/ui/AudioManagerHardwareEditor.h; sourceTree = "SOURCE_ROOT"; };
		E958218F93539086B16C7C21 = {isa = PBXFileReference; lastKnownFileType = sourcecode.cpp.cpp; name = PropManager.cpp; path = ../../Source/Prop/PropManager.cpp; sourceTree = "SOURCE_ROOT"; };
		ED74D0759BBC532E744C5833 = {isa = PBXFileReference; lastKnownFileType = sourcecode.cpp.cpp; name = BentoEngine.cpp; path = ../../Source/BentoEngine.cpp; sourceTree = "SOURCE_ROOT"; };
		F047F6F7B6A83588D73B674D = {isa = PBXFileReference; lastKnownFileType = sourcecode.c.h; name = LightBlockModelParameter.h; path = ../../Source/LightBlock/model/LightBlockModelParameter.h; sourceTree = "SOURCE_ROOT"; };
		F08F7F950363853AA7032BC7 = {isa = PBXFileReference; lastKnownFileType = sourcecode.c.h; name = BinaryData.h; path = ../../JuceLibraryCode/BinaryData.h; sourceTree = "SOURCE_ROOT"; };
		F165AA89F0EA42BD123B912E = {isa = PBXFileReference; lastKnownFileType = sourcecode.c.h; name = PictureBlockUI.h; path = ../../Source/LightBlock/model/blocks/picture/ui/PictureBlockUI.h; sourceTree = "SOURCE_ROOT"; };
		F21C84F01DD7573E5D81BA02 = {isa = PBXFileReference; lastKnownFileType = wrapper.framework; name = OpenGL.framework; path = System/Library/Frameworks/OpenGL.framework; sourceTree = SDKROOT; };
		F36AE303B4C1E58774DF7813 = {isa = PBXFileReference; lastKnownFileType = sourcecode.cpp.cpp; name = ScriptBlock.cpp; path = ../../Source/LightBlock/model/blocks/script/ScriptBlock.cpp; sourceTree = "SOURCE_ROOT"; };
		F59AFB61C5967E25FF58CF44 = {isa = PBXFileReference; lastKnownFileType = sourcecode.c.h; name = LightBlockClipManager.h; path = ../../Source/Timeline/layers/Block/LightBlockClipManager.h; sourceTree = "SOURCE_ROOT"; };
		F714C1D4A4DA847B5A19FDF5 = {isa = PBXFileReference; lastKnownFileType = sourcecode.cpp.cpp; name = ColorRemapNode.cpp; path = ../../Source/Node/nodes/colorRemap/ColorRemapNode.cpp; sourceTree = "SOURCE_ROOT"; };
		F8434D9B3223CAD7414F9528 = {isa = PBXFileReference; lastKnownFileType = sourcecode.cpp.objcpp; name = "include_juce_audio_processors.mm"; path = "../../JuceLibraryCode/include_juce_audio_processors.mm"; sourceTree = "SOURCE_ROOT"; };
		F932F13B1F96388298BE2700 = {isa = PBXFileReference; lastKnownFileType = file; name = "juce_audio_formats"; path = "~/JUCE/modules/juce_audio_formats"; sourceTree = "<absolute>"; };
		F9EDF331441B2B7B5A71328F = {isa = PBXFileReference; lastKnownFileType = sourcecode.cpp.cpp; name = LightBlockModelGroupUI.cpp; path = ../../Source/LightBlock/model/ui/LightBlockModelGroupUI.cpp; sourceTree = "SOURCE_ROOT"; };
		FAD24CBEAE90FEE34BE69A4E = {isa = PBXFileReference; lastKnownFileType = sourcecode.cpp.cpp; name = LightBlockLayerPanel.cpp; path = ../../Source/Timeline/layers/Block/ui/LightBlockLayerPanel.cpp; sourceTree = "SOURCE_ROOT"; };
		FB93307468DFE0B7A45E8BE7 = {isa = PBXFileReference; lastKnownFileType = sourcecode.cpp.cpp; name = "include_juce_timeline.cpp"; path = "../../JuceLibraryCode/include_juce_timeline.cpp"; sourceTree = "SOURCE_ROOT"; };
		FCAA8DF89BB251E3B71B10B4 = {isa = PBXFileReference; lastKnownFileType = sourcecode.cpp.cpp; name = "include_juce_organicui.cpp"; path = "../../JuceLibraryCode/include_juce_organicui.cpp"; sourceTree = "SOURCE_ROOT"; };
		FCD07053F0E8CF97F4BEF9D8 = {isa = PBXFileReference; lastKnownFileType = sourcecode.c.h; name = TimelineBlockUI.h; path = ../../Source/LightBlock/model/blocks/timeline/ui/TimelineBlockUI.h; sourceTree = "SOURCE_ROOT"; };
		FE37FC1F057806E57EABFF8A = {isa = PBXFileReference; lastKnownFileType = sourcecode.cpp.cpp; name = LightBlockClipUI.cpp; path = ../../Source/Timeline/layers/Block/ui/LightBlockClipUI.cpp; sourceTree = "SOURCE_ROOT"; };
		FE7C1669055D01DAB26DFF96 = {isa = PBXFileReference; lastKnownFileType = sourcecode.c.h; name = NodeBlock.h; path = ../../Source/LightBlock/model/blocks/node/NodeBlock.h; sourceTree = "SOURCE_ROOT"; };
		FE88C0E779FB5A23A13D355C = {isa = PBXFileReference; lastKnownFileType = sourcecode.cpp.cpp; name = SpatItem.cpp; path = ../../Source/Video/SpatItem.cpp; sourceTree = "SOURCE_ROOT"; };
		FFB27256CB9A62743698A576 = {isa = PBXFileReference; lastKnownFileType = image.png; name = noise.png; path = ../../Resources/models/patterns/noise.png; sourceTree = "SOURCE_ROOT"; };
		B48BD536B0CBC2AA89ABBE7F = {isa = PBXGroup; children = (
					FFB27256CB9A62743698A576,
					70B462B34904FED6A2615B72,
					4B8D21B60096BF680FB8265E,
					BF861EC987864918BD3B6BD0, ); name = patterns; sourceTree = "<group>"; };
		F55872A16F711AC4F2525466 = {isa = PBXGroup; children = (
					B48BD536B0CBC2AA89ABBE7F,
					8A83728CDC8DB6FF8603EDBA,
					E490CEF4EBE4A4244BD8FA43,
					35D20CD7510F46C4F3FF65FC,
					947C3EB56B77C8F88F697973,
					6785661D7A317CAA970F0E03, ); name = models; sourceTree = "<group>"; };
		BBF6F65D07ABD0A0E5E60DF8 = {isa = PBXGroup; children = (
					F55872A16F711AC4F2525466,
					990083FC357EC9E10DBE2276,
					6192681A45902ED4ED0BB2FE,
					45188CF6061F25891D28DCC2,
					829EDA059AC3940A9D0A357C,
					5ECA0DA4F612F52C5132EF8B, ); name = Resources; sourceTree = "<group>"; };
		D940B9924C7DB9E2B58B4F3E = {isa = PBXGroup; children = (
					244E5D69C27A0BD2086AE264,
					E808B80BFDC4846F0336D8F6, ); name = ui; sourceTree = "<group>"; };
		5798413E70865930CF4266D7 = {isa = PBXGroup; children = (
					D940B9924C7DB9E2B58B4F3E,
					288BDE96847E93E6BE66AF9E,
					B7A206435DD046CFC40626A1, ); name = Audio; sourceTree = "<group>"; };
		1B3C3B1BCC6501AD58889EC9 = {isa = PBXGroup; children = (
					C7E2FA6049B6FCD8AB324DA5,
					849B6BF08AD097377769CE4A,
					6FD218C44080A2BF53BF1E07,
					D29BB94504B8CAFEEF989501, ); name = ui; sourceTree = "<group>"; };
		B1EA71C3864830FA217398B4 = {isa = PBXGroup; children = (
					1B3C3B1BCC6501AD58889EC9,
					E165550269ACAD8213427F61,
					A8076EA6C493291F78A7BD71,
					FE88C0E779FB5A23A13D355C,
					D7C4DFB5887427FCC55BA04A, ); name = Video; sourceTree = "<group>"; };
		40499D49CF720B23A608BE19 = {isa = PBXGroup; children = (
					E672D873BE4716441D0554F0,
					D4CC04EE46E8EF8BC218AF41,
					FE37FC1F057806E57EABFF8A,
					01AD21FDFE2100DE5721B309,
					FAD24CBEAE90FEE34BE69A4E,
					712A348532E5F82E6E377F10,
					2634D4FBF6D4A398352FA42A,
					4CCB09696420EFC79357D0D0, ); name = ui; sourceTree = "<group>"; };
		E2F03098992101A1BBF0010A = {isa = PBXGroup; children = (
					40499D49CF720B23A608BE19,
					7AC7108554407817F911E4A0,
					19F2070902A0CEF8E5CF30FA,
					614E0266E07851D67CA035CF,
					F59AFB61C5967E25FF58CF44,
					0801535ADA96E19E0003A5FF,
					B1BCDA04A8165CACA7DAAA80, ); name = BlockLayer; sourceTree = "<group>"; };
		B1CB523E7AC4974FE0569D73 = {isa = PBXGroup; children = (
					E2F03098992101A1BBF0010A, ); name = layers; sourceTree = "<group>"; };
		DFC07F904D6380D8123AE65B = {isa = PBXGroup; children = (
					B1CB523E7AC4974FE0569D73,
					200417E10359BED5C6C1DF43,
					7D0E8620A0BE1379F18500E4,
					6EC5B9BCD57670E4E62C4815,
					2A671C55A2D64B7DCE1DB395, ); name = Timeline; sourceTree = "<group>"; };
		4734FE56C16A50745304D8E4 = {isa = PBXGroup; children = (
					F714C1D4A4DA847B5A19FDF5,
					7F9BF350DBE7B8BBCB5DB6AB, ); name = colorRemap; sourceTree = "<group>"; };
		98E6AB9B6BDA08F45DFF054B = {isa = PBXGroup; children = (
					C550CD4B1C63872BC3D0E9E9,
					AC81F2F8D4831E0374B2EC9F, ); name = composite; sourceTree = "<group>"; };
		F38FBD3C38B0C8A3820B7138 = {isa = PBXGroup; children = (
					645E9467C60489FD7305595F,
					458D0878FBCD52CCD4C54A91, ); name = model; sourceTree = "<group>"; };
		082831C93EE11E927C9ACA84 = {isa = PBXGroup; children = (
					460F4BCF3635FFD33239C833,
					184CFE393E4BDD9445983802, ); name = ui; sourceTree = "<group>"; };
		E7E250DAD96DA009E8E6A1F7 = {isa = PBXGroup; children = (
					082831C93EE11E927C9ACA84,
					94C862B57CEF503B969B9EC9,
					AF4831F4444080B331C6621C, ); name = parameter; sourceTree = "<group>"; };
		F381ADE05626E7A637CF9996 = {isa = PBXGroup; children = (
					D3AECF5037A0520BE0407F86,
					24DE8FBF948FFE9F8FE29F89, ); name = positionRemap; sourceTree = "<group>"; };
		EAA927C98F3340CFFCFE74F3 = {isa = PBXGroup; children = (
					1ED3E2D77905D4FB91CFBCB3,
					B39C190A452EC0B65C6356E4, ); name = prop; sourceTree = "<group>"; };
		E4455DDA3BCF41C8CD05501C = {isa = PBXGroup; children = (
					92C376742FFF7C1B8DEF929D,
					574F0DDDF4FDEB89463EF70A, ); name = solidcolor; sourceTree = "<group>"; };
		4DB466FA44670D1264CEC0AD = {isa = PBXGroup; children = (
					4734FE56C16A50745304D8E4,
					98E6AB9B6BDA08F45DFF054B,
					F38FBD3C38B0C8A3820B7138,
					E7E250DAD96DA009E8E6A1F7,
					F381ADE05626E7A637CF9996,
					EAA927C98F3340CFFCFE74F3,
					E4455DDA3BCF41C8CD05501C, ); name = nodes; sourceTree = "<group>"; };
		8C0D135CC56A73DA461FFF43 = {isa = PBXGroup; children = (
					831929A8E001DBF34F518452,
					CBC2D6BB40472297E725985D,
					374EAD558FE06C40512977B2,
					6DA1DDD2B73F09C7DF7A9D0D,
					3921D84C7562BFA62D044E86,
					C7DFF94F309072F838A25628,
					4170C7426BB60E8B2CF37AC5,
					5E9F9E598A3F4D2EFE63C081,
					7BC554B0BAF56F98550449BA,
					03F936A4BD831B5F9D6ED7FD,
					006515AC68B0C63C723F97A6,
					6AA8AA148349946ADC1DF658, ); name = ui; sourceTree = "<group>"; };
		2A6BA2FD17254E11FA470F3C = {isa = PBXGroup; children = (
					4DB466FA44670D1264CEC0AD,
					8C0D135CC56A73DA461FFF43,
					D420C843488B9C794AAC3668,
					296B107C1BDACCD7F25402DD,
					BA8F484872D1A75A62166D15,
					A512E53E5AC645F319342CEC,
					A37C10398FF4D5E36DD68396,
					770F517D1BDD1EB55287028C,
					827246ED31589E4E91042C77,
					478660D7CE828F9236F7FCC6,
					C9A61A0BC386AC4626EB1DAF,
					1C88053CF204116692F4FA7E,
					8AF817164CF7D8C79718CCE9,
					1C405539BA6299A8CA1DE4C3, ); name = Node; sourceTree = "<group>"; };
		C90D148D5706394922CC3FBB = {isa = PBXGroup; children = (
					E11AA45F4C1833CA09EBC96C,
					105B02B50F1FFEEFF832A64C, ); name = BlockViz; sourceTree = "<group>"; };
		604E45A356EBCA8754F7CC74 = {isa = PBXGroup; children = (
					7907F41BC4CE62B8B8BF2537,
					D4D9EF7967E401AC05959606,
					8BB35CB6104E598CDCB72CC7,
					905B1AE9FD84E01A53C85FF1, ); name = preset; sourceTree = "<group>"; };
		3BC4E8F94D93D59273245831 = {isa = PBXGroup; children = (
					F9EDF331441B2B7B5A71328F,
					7BD4EA955001C094C2DA80BA,
					A4AB7067F14498A2D7EB502E,
					A1FA072224E5F4D833E02EFA,
					681D7601648DB3750C376D49,
					C063B1B40D1DA26FFFCDFF37,
					27843A0E62B0D287CC6AA8EB,
					6DE190E6C32620E6C5ACE64A,
					865B4DB1BFBE1468AC3A997D,
					7D995FD5459587D8FD9186EC,
					D49C8012E645FDC891BF20F3,
					E64C571A31F3592B60BEC4E9, ); name = ui; sourceTree = "<group>"; };
		A40A0F8C32E43665DF9028A4 = {isa = PBXGroup; children = (
					211E87C904E39D41340B0277,
					F165AA89F0EA42BD123B912E, ); name = ui; sourceTree = "<group>"; };
		B6F4DCA04DB898C880CC9902 = {isa = PBXGroup; children = (
					A40A0F8C32E43665DF9028A4,
					73C31752295D384D20C49A62,
					40DEC4234403D5A40AB8B042, ); name = picture; sourceTree = "<group>"; };
		83AC40541F09F314088A5D64 = {isa = PBXGroup; children = (
					69F7749CD5A5212D1B53814E,
					DB555521ADE16D15E1A63756, ); name = dmx; sourceTree = "<group>"; };
		C00F2FD83E0E1AE776B0A870 = {isa = PBXGroup; children = (
					59D3A9927276C6B5D8D63518,
					CF0726B64B4AF20643FEAAFD, ); name = ui; sourceTree = "<group>"; };
		1FB2DEAECA1EF2EE7EB6B658 = {isa = PBXGroup; children = (
					C00F2FD83E0E1AE776B0A870,
					4D6D42A0440D0CA64D0B5949,
					ACD0673EE0F78F3509860047, ); name = video; sourceTree = "<group>"; };
		96A71D5670BCC079DD6B6091 = {isa = PBXGroup; children = (
					B0908357A066D9B7675B0EAB,
					1AD8397BE091C84B143D4E46,
					BCCF0A3FED6DB8AA917DB853, ); name = pattern; sourceTree = "<group>"; };
		4D291571A2E1B7575B759F9C = {isa = PBXGroup; children = (
					AE9158886B60940B9CA2ACA0,
					FCD07053F0E8CF97F4BEF9D8, ); name = ui; sourceTree = "<group>"; };
		EAF478FC9C870C64F8E28510 = {isa = PBXGroup; children = (
					4D291571A2E1B7575B759F9C,
					CD56103941090A59412D8AE8,
					6F6475A96EACC86E3A53CC44, ); name = timeline; sourceTree = "<group>"; };
		6E938294E2133316DFA5838B = {isa = PBXGroup; children = (
					B58016C83A3E1776B177C097,
					137A8A2F05B58E9F65741284, ); name = ui; sourceTree = "<group>"; };
		01582C52C7A27DF34969BD88 = {isa = PBXGroup; children = (
					6E938294E2133316DFA5838B,
					D24D3C931AEE4CA49E04FF20,
					FE7C1669055D01DAB26DFF96, ); name = node; sourceTree = "<group>"; };
		8F594986B6C647F51E650394 = {isa = PBXGroup; children = (
					F36AE303B4C1E58774DF7813,
					882DE087A6A9419061324AE6, ); name = script; sourceTree = "<group>"; };
		A2AB1F68CA0306404B7126A2 = {isa = PBXGroup; children = (
					B6F4DCA04DB898C880CC9902,
					83AC40541F09F314088A5D64,
					1FB2DEAECA1EF2EE7EB6B658,
					96A71D5670BCC079DD6B6091,
					EAF478FC9C870C64F8E28510,
					01582C52C7A27DF34969BD88,
					8F594986B6C647F51E650394, ); name = blocks; sourceTree = "<group>"; };
		EAF29EBDD3D78A8FF55BC733 = {isa = PBXGroup; children = (
					2E58E10B56F32F7CD7E3300E,
					4CCFA4C28F49335C7BADB65D,
					C7CD0A4DD2608B49C39F2F58,
					6D33DCF6BBBA532605618C68,
					604E45A356EBCA8754F7CC74,
					3BC4E8F94D93D59273245831,
					A2AB1F68CA0306404B7126A2,
					BCCCF12112259BEBB3963B8B,
					29B344C180FDC0A7378E8FA9,
					97A982A9D6047ECD8B8129D6,
					E572ABE52EFC4F7A7B35100B,
					C48BA9BE91AF9EB19B4B9BD4,
					4638A9226D247BF3A2A55A86,
					75B7C9679E94C99D47328431,
					F047F6F7B6A83588D73B674D,
					72E27BC37D12879DFE7B2553,
					B66B81C15E7CE109DA1205AD, ); name = model; sourceTree = "<group>"; };
		4965FF6F29E17FB05E4AB824 = {isa = PBXGroup; children = (
					EAF29EBDD3D78A8FF55BC733,
					907D8C460A804C582B056BA0,
					A4F76E80CFE4C5EACB5A41F2, ); name = LightBlock; sourceTree = "<group>"; };
		991533D6FBDB48893F350A06 = {isa = PBXGroup; children = (
					76BC96F043D04366E8B1537B,
					2F03DDD1D10C402229D7ED3F, ); name = flowclub; sourceTree = "<group>"; };
		BE4C406171BFEBC587946923 = {isa = PBXGroup; children = (
					DCE31B0BE4836F0B405B4632,
					0FF9D464889622880FB9BC01, ); name = flowball; sourceTree = "<group>"; };
		DC5EEB1ECC7B37CE16D13B00 = {isa = PBXGroup; children = (
					CFA05BF121F9165C30BB1D6F,
					1B8DDF06FE71DE05D949361D, ); name = flowpoi; sourceTree = "<group>"; };
		D62F8166B8B9F566E4A22123 = {isa = PBXGroup; children = (
					58A68FAD196E4D614E112A43,
					E41BECA5B3C3F696116103C2,
					991533D6FBDB48893F350A06,
					BE4C406171BFEBC587946923,
					DC5EEB1ECC7B37CE16D13B00, ); name = flowtoys; sourceTree = "<group>"; };
		DF09FD4205A38F5A3D86EA7A = {isa = PBXGroup; children = (
					D62F8166B8B9F566E4A22123, ); name = props; sourceTree = "<group>"; };
		72E12C64CC72B80BCAF44798 = {isa = PBXGroup; children = (
					522C2F46530BCBF8C2F6577A,
					AAF5CF32F8DC5F24F88BD010,
					A3351E66DA0D9E95064C691A,
					24F26C02E4DB888E9FC18FD3,
					16BF39E8C50541E3F119A60F,
					13C386C5EC9DE8E43E0941E0, ); name = ui; sourceTree = "<group>"; };
		5830F976E93B200DC6E14B8C = {isa = PBXGroup; children = (
					DF09FD4205A38F5A3D86EA7A,
					72E12C64CC72B80BCAF44798,
					C07918579ED25A5BC0EEC38A,
					8FAADD73818F5B6401BAC395,
					E958218F93539086B16C7C21,
					8DE81D027B7E97CC45581851, ); name = Prop; sourceTree = "<group>"; };
		1E13DF68B495852C5B6D47E8 = {isa = PBXGroup; children = (
					5798413E70865930CF4266D7,
					B1EA71C3864830FA217398B4,
					DFC07F904D6380D8123AE65B,
					2A6BA2FD17254E11FA470F3C,
					C90D148D5706394922CC3FBB,
					4965FF6F29E17FB05E4AB824,
					5830F976E93B200DC6E14B8C,
					ED74D0759BBC532E744C5833,
					5738EC3DB95FAF7AB57265AB,
					1961DE320416B0FE62AA0EEB,
					41DF38676A321D490C96586A,
					422B12D7844B172385AC1E86, ); name = Source; sourceTree = "<group>"; };
		6869804A70ADAF5FF3348DD8 = {isa = PBXGroup; children = (
					BBF6F65D07ABD0A0E5E60DF8,
					1E13DF68B495852C5B6D47E8, ); name = BenTo; sourceTree = "<group>"; };
		55C51484D7591C3BB1677C5A = {isa = PBXGroup; children = (
					612AE282F333DDB05DF03B8E,
					64CB6411521AF5D1A9287C5C,
					F932F13B1F96388298BE2700,
					A811DD374AE00F493426E580,
					13740297747876120EEAC944,
					1D797DE006ABBDF5EE5CF3C2,
					A7392FCE062C7111035CDBAC,
					0D4495AB5AE5B3908B457C04,
					44F4BAEAB635772B008156E3,
					3B2D0E8946BB8AE6EF462C0C,
					02403B300133F3CD6EB8302F,
					43E12F220E0ECD3C101C8E03,
					BC1ACEEBADC5FE7009DB1D1C,
					36DF1DAFBE7EBF1A95B6F7CF,
					927381F1345D7B6AD65F43B9,
					3ABE727CD206849832621EF4,
					7B5A581E5D8CA400C29658C1,
					178F7B2C7375CF1126BA2A8F,
					3BFF4B7D0372F06E0ECF3140, ); name = "JUCE Modules"; sourceTree = "<group>"; };
		BA135B83FAF255EEA3CE1F50 = {isa = PBXGroup; children = (
					C40770819033E65CF6061C5A,
					B4BDD259211FC9827D6A914A,
					F08F7F950363853AA7032BC7,
					7DB637DF244B81AF615EE498,
					ABC916E477C487A028F21951,
					451A69F85DA9213F6F2B862C,
					F8434D9B3223CAD7414F9528,
					4D607DFD9FB7DCBA31E74D5A,
					ACCCE8DCFA2D2B9ADA4CB65A,
					02DD5CF527FCDD66BF92491B,
					B894B51407C88BE5F8EB2BDA,
					28C08C8AAD71123130EE70AF,
					24BCDD276FC99EEF4CBA886C,
					290464EF78D0B1149EB82BAB,
					18F83267626C128FA78173DA,
					70F144D13BFC40AC97F46988,
					AECF75FF4EA20EA8157FC924,
					FCAA8DF89BB251E3B71B10B4,
					1D6BF10753619D6C51D3CF31,
					44D3481C633EE1EA8ED6B577,
					FB93307468DFE0B7A45E8BE7,
					057F280166C053082193817F,
					4E5F987BE5F7D0EF0DBCBBA9, ); name = "JUCE Library Code"; sourceTree = "<group>"; };
		35AE7040B2C04B5B6C43327A = {isa = PBXGroup; children = (
					2B4474EC08868221BBC839A7,
					762B30D95DCF0C1FF9DEE1B2,
					2DB11CA008A73B55E53EFC9A, ); name = Resources; sourceTree = "<group>"; };
		EA896D6E2A406C6C2BDC424C = {isa = PBXGroup; children = (
					6BBB97DA1B1E95FE825A8D0B,
					6A27237AEBA2AA695C580E3B,
					AB8B6113ECA95A5CF1DA83FD,
					36B42FE95018EE58C9082037,
					E317A1AF2653591DB4DEA505,
					4F367620516099AB18EC0FCD,
					AF26FE4CB8579C7DA11DB6DC,
					B96E4FE74897E925FAE528AB,
					58EA82A86630D7CDF7BB9F1C,
					6526222359EA475F8ECE619B,
					99ED314CE17465CC0A43F790,
					F21C84F01DD7573E5D81BA02,
					5ADE7435806316A22015EA43,
					96934EFDB88AC818906BDA06, ); name = Frameworks; sourceTree = "<group>"; };
		61E82E3801351A618A4AB8E7 = {isa = PBXGroup; children = (
					639AA6AE837E1AF091DFF468, ); name = Products; sourceTree = "<group>"; };
		589448FD8E7AC7C3C561D8CC = {isa = PBXGroup; children = (
					6869804A70ADAF5FF3348DD8,
					55C51484D7591C3BB1677C5A,
					BA135B83FAF255EEA3CE1F50,
					35AE7040B2C04B5B6C43327A,
					EA896D6E2A406C6C2BDC424C,
					61E82E3801351A618A4AB8E7, ); name = Source; sourceTree = "<group>"; };
		9B9360FCF24A882E6341DB7D = {isa = XCBuildConfiguration; buildSettings = {
				CLANG_CXX_LANGUAGE_STANDARD = "c++14";
				CLANG_LINK_OBJC_RUNTIME = NO;
				COMBINE_HIDPI_IMAGES = YES;
				CONFIGURATION_BUILD_DIR = "$(PROJECT_DIR)/build/$(CONFIGURATION)";
				COPY_PHASE_STRIP = NO;
				GCC_DYNAMIC_NO_PIC = NO;
				GCC_OPTIMIZATION_LEVEL = 0;
				GCC_PREPROCESSOR_DEFINITIONS = (
					"_DEBUG=1",
					"DEBUG=1",
					"JUCER_XCODE_MAC_F6D2F4CF=1",
					"JUCE_APP_VERSION=1.0.0",
					"JUCE_APP_VERSION_HEX=0x10000",
					"JucePlugin_Build_VST=0",
					"JucePlugin_Build_VST3=0",
					"JucePlugin_Build_AU=0",
					"JucePlugin_Build_AUv3=0",
					"JucePlugin_Build_RTAS=0",
					"JucePlugin_Build_AAX=0",
					"JucePlugin_Build_Standalone=0", );
				GCC_VERSION = com.apple.compilers.llvm.clang.1_0;
				HEADER_SEARCH_PATHS = ("../../JuceLibraryCode", "~/JUCE/modules", "\"../../../JUCE Modules\"", "../../Source", "$(inherited)");
				INFOPLIST_FILE = Info-App.plist;
				INFOPLIST_PREPROCESS = NO;
				INSTALL_PATH = "$(HOME)/Applications";
				MACOSX_DEPLOYMENT_TARGET = 10.9;
				MACOSX_DEPLOYMENT_TARGET_ppc = 10.4;
				PRODUCT_BUNDLE_IDENTIFIER = com.yourcompany.BenTo;
				SDKROOT_ppc = macosx10.5;
				USE_HEADERMAP = NO; }; name = Debug; };
		24D16B9A910BAA8B8D1E0177 = {isa = XCBuildConfiguration; buildSettings = {
				CLANG_CXX_LANGUAGE_STANDARD = "c++14";
				CLANG_LINK_OBJC_RUNTIME = NO;
				COMBINE_HIDPI_IMAGES = YES;
				CONFIGURATION_BUILD_DIR = "$(PROJECT_DIR)/build/$(CONFIGURATION)";
				DEAD_CODE_STRIPPING = YES;
				GCC_GENERATE_DEBUGGING_SYMBOLS = NO;
				GCC_OPTIMIZATION_LEVEL = 3;
				GCC_PREPROCESSOR_DEFINITIONS = (
					"_NDEBUG=1",
					"NDEBUG=1",
					"JUCER_XCODE_MAC_F6D2F4CF=1",
					"JUCE_APP_VERSION=1.0.0",
					"JUCE_APP_VERSION_HEX=0x10000",
					"JucePlugin_Build_VST=0",
					"JucePlugin_Build_VST3=0",
					"JucePlugin_Build_AU=0",
					"JucePlugin_Build_AUv3=0",
					"JucePlugin_Build_RTAS=0",
					"JucePlugin_Build_AAX=0",
					"JucePlugin_Build_Standalone=0", );
				GCC_SYMBOLS_PRIVATE_EXTERN = YES;
				GCC_VERSION = com.apple.compilers.llvm.clang.1_0;
				HEADER_SEARCH_PATHS = ("../../JuceLibraryCode", "~/JUCE/modules", "\"../../../JUCE Modules\"", "../../Source", "$(inherited)");
				INFOPLIST_FILE = Info-App.plist;
				INFOPLIST_PREPROCESS = NO;
				INSTALL_PATH = "$(HOME)/Applications";
				LLVM_LTO = YES;
				MACOSX_DEPLOYMENT_TARGET = 10.9;
				MACOSX_DEPLOYMENT_TARGET_ppc = 10.4;
				PRODUCT_BUNDLE_IDENTIFIER = com.yourcompany.BenTo;
				SDKROOT_ppc = macosx10.5;
				USE_HEADERMAP = NO; }; name = Release; };
		581A881A53A1E9F85E2DC69F = {isa = XCBuildConfiguration; buildSettings = {
				ALWAYS_SEARCH_USER_PATHS = NO;
				CLANG_WARN_BLOCK_CAPTURE_AUTORELEASING = YES;
				CLANG_WARN_BOOL_CONVERSION = YES;
				CLANG_WARN_COMMA = YES;
				CLANG_WARN_CONSTANT_CONVERSION = YES;
				CLANG_WARN_EMPTY_BODY = YES;
				CLANG_WARN_ENUM_CONVERSION = YES;
				CLANG_WARN_INFINITE_RECURSION = YES;
				CLANG_WARN_INT_CONVERSION = YES;
				CLANG_WARN_NON_LITERAL_NULL_CONVERSION = YES;
				CLANG_WARN_OBJC_LITERAL_CONVERSION = YES;
				CLANG_WARN_RANGE_LOOP_ANALYSIS = YES;
				CLANG_WARN_STRICT_PROTOTYPES = YES;
				CLANG_WARN_SUSPICIOUS_MOVE = YES;
				CLANG_WARN_UNREACHABLE_CODE = YES;
				CLANG_WARN__DUPLICATE_METHOD_MATCH = YES;
				DEBUG_INFORMATION_FORMAT = "dwarf";
				ENABLE_STRICT_OBJC_MSGSEND = YES;
				ENABLE_TESTABILITY = YES;
				GCC_C_LANGUAGE_STANDARD = c11;
				GCC_INLINES_ARE_PRIVATE_EXTERN = YES;
				GCC_MODEL_TUNING = G5;
				GCC_NO_COMMON_BLOCKS = YES;
				GCC_WARN_64_TO_32_BIT_CONVERSION = YES;
				GCC_WARN_ABOUT_RETURN_TYPE = YES;
				GCC_WARN_CHECK_SWITCH_STATEMENTS = YES;
				GCC_WARN_MISSING_PARENTHESES = YES;
				GCC_WARN_NON_VIRTUAL_DESTRUCTOR = YES;
				GCC_WARN_TYPECHECK_CALLS_TO_PRINTF = YES;
				GCC_WARN_UNDECLARED_SELECTOR = YES;
				GCC_WARN_UNINITIALIZED_AUTOS = YES;
				GCC_WARN_UNUSED_FUNCTION = YES;
				GCC_WARN_UNUSED_VARIABLE = YES;
				ONLY_ACTIVE_ARCH = YES;
				PRODUCT_NAME = "BenTo";
				WARNING_CFLAGS = -Wreorder;
				ZERO_LINK = NO; }; name = Debug; };
		426B8EE109C56A9C0BE42C45 = {isa = XCBuildConfiguration; buildSettings = {
				ALWAYS_SEARCH_USER_PATHS = NO;
				CLANG_WARN_BLOCK_CAPTURE_AUTORELEASING = YES;
				CLANG_WARN_BOOL_CONVERSION = YES;
				CLANG_WARN_COMMA = YES;
				CLANG_WARN_CONSTANT_CONVERSION = YES;
				CLANG_WARN_EMPTY_BODY = YES;
				CLANG_WARN_ENUM_CONVERSION = YES;
				CLANG_WARN_INFINITE_RECURSION = YES;
				CLANG_WARN_INT_CONVERSION = YES;
				CLANG_WARN_NON_LITERAL_NULL_CONVERSION = YES;
				CLANG_WARN_OBJC_LITERAL_CONVERSION = YES;
				CLANG_WARN_RANGE_LOOP_ANALYSIS = YES;
				CLANG_WARN_STRICT_PROTOTYPES = YES;
				CLANG_WARN_SUSPICIOUS_MOVE = YES;
				CLANG_WARN_UNREACHABLE_CODE = YES;
				CLANG_WARN__DUPLICATE_METHOD_MATCH = YES;
				DEBUG_INFORMATION_FORMAT = "dwarf";
				ENABLE_STRICT_OBJC_MSGSEND = YES;
				GCC_C_LANGUAGE_STANDARD = c11;
				GCC_INLINES_ARE_PRIVATE_EXTERN = YES;
				GCC_MODEL_TUNING = G5;
				GCC_NO_COMMON_BLOCKS = YES;
				GCC_WARN_64_TO_32_BIT_CONVERSION = YES;
				GCC_WARN_ABOUT_RETURN_TYPE = YES;
				GCC_WARN_CHECK_SWITCH_STATEMENTS = YES;
				GCC_WARN_MISSING_PARENTHESES = YES;
				GCC_WARN_NON_VIRTUAL_DESTRUCTOR = YES;
				GCC_WARN_TYPECHECK_CALLS_TO_PRINTF = YES;
				GCC_WARN_UNDECLARED_SELECTOR = YES;
				GCC_WARN_UNINITIALIZED_AUTOS = YES;
				GCC_WARN_UNUSED_FUNCTION = YES;
				GCC_WARN_UNUSED_VARIABLE = YES;
				PRODUCT_NAME = "BenTo";
				WARNING_CFLAGS = -Wreorder;
				ZERO_LINK = NO; }; name = Release; };
		C5B1EB1DEF818D6237569E1F = {isa = PBXTargetDependency; target = D685CE37756CA03AFFC7E086; };
		EA11BC26D830E24B4DFB5F8C = {isa = XCConfigurationList; buildConfigurations = (
					581A881A53A1E9F85E2DC69F,
					426B8EE109C56A9C0BE42C45, ); defaultConfigurationIsVisible = 0; defaultConfigurationName = Debug; };
		B059C91D65402FCCD33DC697 = {isa = XCConfigurationList; buildConfigurations = (
					9B9360FCF24A882E6341DB7D,
					24D16B9A910BAA8B8D1E0177, ); defaultConfigurationIsVisible = 0; defaultConfigurationName = Debug; };
		34A1732069AE9418ED691BCC = {isa = PBXResourcesBuildPhase; buildActionMask = 2147483647; files = (
					076D788F0CEF58A08F0A74AE,
					D8908472A93BA09B4FD6D51A, ); runOnlyForDeploymentPostprocessing = 0; };
		03FCBCB2203B3563BB12A3DC = {isa = PBXSourcesBuildPhase; buildActionMask = 2147483647; files = (
					02427DF7A684888DED8EE133,
					29D7C55AFD022F50FB6C0A3E,
					DA437193C453B85A45B3BB2A,
					D5D7C3D20C4F51C12ED0403F,
					A6477ABA030061862B9137FD,
					63F98BC659C6B66F19E21C32,
					AF6D5BFB1CAF28230C914DF3,
					F1E61812CF1DD0B09CB8EC1D,
					4830665A57656609EE16B994,
					3178AAA748EC9D944C92B3B0,
					C90DB6A5AA3931C653C2BEB1,
					60D27583526B379EBB001289,
					18EBD131B709407138C8C9F5,
					17081EABAC94893257FEF7AD,
					29D9D37C9F76E6656830D3CB,
					FCC71C99F79A575B813227CF,
					AD98FFEC478F74BBE6A2981D,
					15D30551D2048D4E6F22B169,
					E0F1D35B0268C593981C8277,
					ADAE973936A3D8967A34AA68,
					A3D54BDE57A93C9B0E8B6451,
					F3ADF059399A163299133DC3,
					7C65044E62E7CCFD9341B0AD,
					320EE6121750432DE3AA9635,
					EE6F9F4128F7AB18DD3E48E6,
					4AFC9DCF05EC382363BAA98A,
					655EE0EC91DCD919F15B8EFE,
					C8E2E0C2B86E39E8461D4F39,
					65DC69B84DADCA56C3EA0729,
					A8219E82BFAF6DD42D8BB6DE,
					92EB5F1ADBA34BB3D85A00AB,
					6287BA163AB60863A12873D3,
					7FE01CE2A7BDDE62001E1659,
					E326876430A9AFABBB2499E6,
					934002641978F9AAFF600FB4,
					473B1813E38EB9F3001FAA34,
					8074422F12A35B8CCBF99604,
					2C605B754C97B3EF7AD756BB,
					C41FBF6FC2E3B7AE1B969BF4,
					C448F429BC7E07FADBA443F8,
					2E75876BDF9A8B333F409DFF,
					086EB0F78CBE4C5924262F68,
					155EB546F201814272686FFC,
					F507C7214512FFF26349634E,
					6A5FA4300010861CAA54C10A,
					DFC6CDE3C7F84B27219EA0C5,
					2C88B1F906AF4769C9007353,
					9600DA795FC8BBB472743734,
					AAF5A41DABB17A42242BABAE,
					A23577AB1795AF20ADF4A814,
					FFF74EF3908542BDBB78804C,
					A22F689A9255D848EE87002E,
					ED34F31CF436C1BCD6C3D2D8,
					CCCEF51149BA5A97C3F97D4C,
					0085309C890B9C7778B5DB05,
					3037B656BA6D0C106B49D2D1,
					0A31EC9E0D12BDF88A0D0D71,
					DC2B30E5B5E083DD03E693F6,
					6A5CCB39993BE9C9EC7FB35A,
					0ACD4AF0F7C42D2692942C22,
					9B4B81B73E9AC0B03781A4CF,
					C62FF6CE68BD0A28DFFA8D8C,
					A88D7066F2C7BAD5CE9B9CF3,
					D2C7A972EBB02C4CCB0D57A9,
					5441F269E581E812166639BB,
					84444994D505A55731AC2F19,
					A1B5A0918B3E539128C49675,
					BA59D8B9661349F64CFEA8F0,
					CC601D840B24C7C41C3DC088,
					6E44485440D1EB2534AC412A,
					163764903645746CFAD7BF95,
					4E4D86C311EB4B4D28C8A448,
					AC3763B98CBEEF961999E97E,
					22FB2CCB0A5820F3FAE13442,
					5D217444A7D63D2DBCCE2FC1,
					43A71B535596B029104E8827,
					2C80C292A76E9902BB156633,
					43DA7A851585DE5BAE83BA4C,
					0BAF6FDAC4E0B4EB8D47A726,
					2DB136D5256C2D2061506619,
					81FF29A94E2E9222BDF70C92,
					346E1A7BC1C006E79EE233F5,
					CF6BEA47A7AA5AA92D6A4C9D,
					F7DB578EA710CF40636BE4F1,
					952F5268054ABFAAC575DE63,
					AAE2EF00AF48BB4E497BD7C0,
					99A3030A184150281D78DB37,
					5E9E41E6A81850CD3EEB5BD2,
					86C5FFB8DD474A15434B6A4C,
					06E91A507A4377FFF354B66B,
					A5BFFDF4499351A6018B6BC6,
					2A0C65F0F633AAAD893BC899,
					D8134197A72DC896ECE810C7,
					057FA62A0EE3DF89492CD256,
					DE840FB8F11FBB8EC7E4EFF6, ); runOnlyForDeploymentPostprocessing = 0; };
		0CD5D03AE6BC869DDF0807AD = {isa = PBXFrameworksBuildPhase; buildActionMask = 2147483647; files = (
					3630426EB50952DC4A6BEA7D,
					39864A2B062D1973F7DE43BC,
					9E75CF472E15FD975327836F,
					072B808BA90BB20F331CB5A1,
					382C1922B837F53C79E0C5D3,
					51DF839A1265F6203A9DDC3A,
					680749662A9891725B99E57B,
					850F397C257BE18697F0EB6F,
					CB6CB61A780442CB505A664D,
					40D9E544777DA80180D65744,
					240824FD5311728FE1641220,
					53C9EF61E353552649CF8406,
					6B3B61F62EEB365C75412F20,
					70FA8B1766FF4B7F3C3218C0, ); runOnlyForDeploymentPostprocessing = 0; };
		D685CE37756CA03AFFC7E086 = {isa = PBXNativeTarget; buildConfigurationList = B059C91D65402FCCD33DC697; buildPhases = (
					34A1732069AE9418ED691BCC,
					03FCBCB2203B3563BB12A3DC,
					0CD5D03AE6BC869DDF0807AD, ); buildRules = ( ); dependencies = (  ); name = "BenTo - App"; productName = BenTo; productReference = 639AA6AE837E1AF091DFF468; productType = "com.apple.product-type.application"; };
		562D3C7900443AC685A1EDE4 = {isa = PBXProject; buildConfigurationList = EA11BC26D830E24B4DFB5F8C; attributes = { LastUpgradeCheck = 0830; ORGANIZATIONNAME = ""; TargetAttributes = { D685CE37756CA03AFFC7E086 = { SystemCapabilities = {com.apple.ApplicationGroups.iOS = { enabled = 0; }; com.apple.InAppPurchase = { enabled = 0; }; com.apple.InterAppAudio = { enabled = 0; }; com.apple.Push = { enabled = 0; }; com.apple.Sandbox = { enabled = 0; }; }; }; }; }; compatibilityVersion = "Xcode 3.2"; hasScannedForEncodings = 0; mainGroup = 589448FD8E7AC7C3C561D8CC; projectDirPath = ""; projectRoot = ""; targets = (D685CE37756CA03AFFC7E086); };
	};
	rootObject = 562D3C7900443AC685A1EDE4;
}
