// !$*UTF8*$!
{
	archiveVersion = 1;
	classes = {
	};
	objectVersion = 46;
	objects = {

		FF97FDE547B59794AC058359 = {isa = PBXBuildFile; fileRef = E94FFD2EC8B452B5064E254A; };
		D6F300A5C7242D0FD9B54471 = {isa = PBXBuildFile; fileRef = B079C7C45CCB6939E2B569A0; };
		CC9808E55412AC3AF172AAA0 = {isa = PBXBuildFile; fileRef = 4BBF1871CAB5520BD518923F; };
		5A16DE4CB104CD8326A9245C = {isa = PBXBuildFile; fileRef = 5DD34674A59D95EF7A1C5633; };
		2CF45898A8019B1C499BB952 = {isa = PBXBuildFile; fileRef = 84E241663F91A9871C5099AA; };
		9910F5BD34F25315525FC028 = {isa = PBXBuildFile; fileRef = 2AE19A94778DF8B95F84AB63; };
		F50368A0D6C4453238D78EE9 = {isa = PBXBuildFile; fileRef = 7A2B75820415FB1757131017; };
		7175E6C60E8DE3D384A7257E = {isa = PBXBuildFile; fileRef = 2A4AD3F3586A103A3670713A; };
		7929FDD6ED4E4276E096E175 = {isa = PBXBuildFile; fileRef = 9A04D0F09329CA6B12DD6440; };
		4543618DA10967A9F32EBDCB = {isa = PBXBuildFile; fileRef = 8AA91FEA5D5BA2AC166D7D98; };
		5A03010EC8EF4839AE631CA2 = {isa = PBXBuildFile; fileRef = 333F02FC6CCF24814800E329; };
		B2681F48C784117A00D01D12 = {isa = PBXBuildFile; fileRef = 8FF0A3EF6717943CD67786B0; };
		C87D301F7CAAB536B8F6EC2C = {isa = PBXBuildFile; fileRef = 1B1EC4A57BE350A72246C92C; };
		6AE490DB3C9416F675DAAA34 = {isa = PBXBuildFile; fileRef = C5A3D49590EDABFD5A861FF3; };
		198F6B834DC91EE510086B1B = {isa = PBXBuildFile; fileRef = 5851EF73991E3730AD7A620F; };
		8F8BD4C1B4CFA4CFD2D2F278 = {isa = PBXBuildFile; fileRef = 43F081518332B7C6F4448633; };
		2DE3B7C3E1396BCC68F16F5F = {isa = PBXBuildFile; fileRef = AC927BEC5AFF60D5D37B744F; };
		C32779BD2AD02A51C0D479B4 = {isa = PBXBuildFile; fileRef = F2FFDE5D8084723582AD79A7; };
		1B16C4344B3F68B5D6116C80 = {isa = PBXBuildFile; fileRef = E64644517FBC4BDD3D32888C; };
		ED163670EDB726609DF326A6 = {isa = PBXBuildFile; fileRef = 18A46DC51551013D0DD6A3DD; };
		7E4C1A976E56DF2D9DE8E9FC = {isa = PBXBuildFile; fileRef = 2B2A79B352B842ED07E5F4A2; };
		5AAA7F6879D76B741CD6C35D = {isa = PBXBuildFile; fileRef = 6B52F95EA3FE5A633C4E153F; };
		9CDB738895BAA2C19A7AB04D = {isa = PBXBuildFile; fileRef = C72844ED1E71598469046F28; };
		87AA98A83C389623A0A3C858 = {isa = PBXBuildFile; fileRef = 109DFBCE063E5FA128F84D89; };
		5B47CD4E505623745C93FAB4 = {isa = PBXBuildFile; fileRef = 4EC931B0B1E410B83E1C8DE6; };
		CBA469DD94DFA5D988D73217 = {isa = PBXBuildFile; fileRef = 9E68DDA0DD621F2E9247F3CC; };
		38792EE0FDDB2652F0B71CD0 = {isa = PBXBuildFile; fileRef = 6BB6A44E751DE91352C99449; };
		8BE9320C29A68B58EF16B003 = {isa = PBXBuildFile; fileRef = 16526B4CF5634AA70C28B2B6; };
		2DFE187C34FC472E05B1B9D8 = {isa = PBXBuildFile; fileRef = F95A4D7BAE9978369650F578; };
		1AAB675E006576E8DC099079 = {isa = PBXBuildFile; fileRef = B09B634658FAFCF6E2B5F024; };
		56981840593DA2E4D6227376 = {isa = PBXBuildFile; fileRef = B8B8B85F39C511C56AFB3E45; };
		CBBA454A571B3CF592BB645E = {isa = PBXBuildFile; fileRef = F4C72B171E0ABB0853861ACE; };
		192A631D9A38F816EF69C336 = {isa = PBXBuildFile; fileRef = 37DD20F2827ACA16DC5F0FA3; };
		AA78C6CB0C844B3745F06C1A = {isa = PBXBuildFile; fileRef = A8782A32430377E8DEFD9394; };
		AA1334C8E6461D88E9E40E1F = {isa = PBXBuildFile; fileRef = 4D9BDB1E3C0273995ABF2FD8; };
		FAFD83412EE5A6F76EB64442 = {isa = PBXBuildFile; fileRef = 32A6F13F6CB41EDF6D6EA136; };
		15F00ED95024C6985F444513 = {isa = PBXBuildFile; fileRef = C7374BFFAF7EA8DDE3219F39; };
		5A46AB55F453FA76C9FA1FDE = {isa = PBXBuildFile; fileRef = CE10D17569C62C84A8DF5BC2; };
		C2972EBAFE0E7F429A9E63A7 = {isa = PBXBuildFile; fileRef = 701685620FDF8E5A4C9EDD87; };
		49AC5222CF7FBC7E315A0D8B = {isa = PBXBuildFile; fileRef = 003EC7D529FDFF585D335A91; };
		D53E1E0F74FA5D1AE2FC6836 = {isa = PBXBuildFile; fileRef = 91D67AF75924B603019A696C; };
		67DC8098DCB7C24E182DC251 = {isa = PBXBuildFile; fileRef = 489E93273A4FE01AA10FF8B6; };
		09B9D038382000617F17AE0C = {isa = PBXBuildFile; fileRef = 27F0B0A5D32A97C5E0B693A0; };
		8CE0A89ADA8ED1A09FCDAF72 = {isa = PBXBuildFile; fileRef = 5FB0D1076408BDA59FFF7876; };
		342DEA9DABA964045B434D95 = {isa = PBXBuildFile; fileRef = 58F7E911A2CEE8F185808445; };
		D7C28920395F8CDA68E3EC81 = {isa = PBXBuildFile; fileRef = C9226F5286610913F67E119D; };
		56830EFE5182D9A16AA4F430 = {isa = PBXBuildFile; fileRef = 3B0BC45E9F798F4F26E2FD34; };
		99D54A31B729C960211C9D37 = {isa = PBXBuildFile; fileRef = 94270293CD6E622713884668; };
		498C7D55DEBBE281B2569D3F = {isa = PBXBuildFile; fileRef = 6555ECA2A092C79C33796C5C; };
		6B4079CD181FF014383671C4 = {isa = PBXBuildFile; fileRef = FCA4D1B189EA82CFEA01DE29; };
		9946C9E57D795958C1E8E97B = {isa = PBXBuildFile; fileRef = 9633E391491D4AA4CDE238EC; };
		80BFFCA4AD42C84F1294C727 = {isa = PBXBuildFile; fileRef = F35F107FE84ACCBDA8CAFDA3; };
		0D63F9A4FDCA021ECF02C481 = {isa = PBXBuildFile; fileRef = BD8CF34DCFC8947FDC8CCAF9; };
		21B4A976FF70F23F2C8F9978 = {isa = PBXBuildFile; fileRef = 30D0C019C91024D16693BBBF; };
		75FE713B97983A98B2E74D11 = {isa = PBXBuildFile; fileRef = 2D93DAF3BC9C8DD17D99FAFD; };
		7FB4C57D3DA7E3A96F6311E9 = {isa = PBXBuildFile; fileRef = 50BAF5963F1BCE3DF079D2C4; };
		3AC6AAAEA0C19A23DFD10EF9 = {isa = PBXBuildFile; fileRef = 8C8A48687692E82BB9D65A23; };
		CE009CEC1E954E9E0EA7EB10 = {isa = PBXBuildFile; fileRef = 35765560C1DB130CAE51D6DF; };
		D61042840814579BF153BE93 = {isa = PBXBuildFile; fileRef = 8EBEB1390D8949AE62B0F921; };
		BA93370B212869CC54D2E1B5 = {isa = PBXBuildFile; fileRef = 11347293F3B693032EE34B8D; };
		A3C3785920D0036E7D400B9B = {isa = PBXBuildFile; fileRef = EBA1B08950261BEDF3F0FAF1; };
		7E3E6CBBAF72B5E0E740CF9A = {isa = PBXBuildFile; fileRef = 78ED4DEC3F03F6C11FE1F8B3; };
		4EF4F1C78F4A5A0E3B443698 = {isa = PBXBuildFile; fileRef = 9991D8AB5E8E3A652A5ED301; };
		F5D58EF9DE09BADB05C4CDA0 = {isa = PBXBuildFile; fileRef = 2272DBAD31E2CC76F0394D5B; };
		1791F44FD0A389A1C17A025F = {isa = PBXBuildFile; fileRef = C47CFEA08E71FA558772F30F; };
		72E548483271036628DD3820 = {isa = PBXBuildFile; fileRef = 0C36A30FC670888D6F8C7D1D; };
		F2524285E6B183F1799420A9 = {isa = PBXBuildFile; fileRef = F36ECC59A8D9700E00AD2A34; };
		064036C0F39A6F5B2E363F09 = {isa = PBXBuildFile; fileRef = 3C965418E76AB1ECEA86F9A4; };
		C980EBA90A78C83F36A22A9C = {isa = PBXBuildFile; fileRef = 6C15F6C325E423081A291E4E; };
		A9E6DD0917585AAA90C10392 = {isa = PBXBuildFile; fileRef = AD4FFF7983E7DC21D6DA2D7A; };
		8EAA8603A04BF5D59951F785 = {isa = PBXBuildFile; fileRef = A42B805DBEB5BC56C3479AF9; };
		48DA424E5C88CA9D6DBA084D = {isa = PBXBuildFile; fileRef = EA9A9AAABDBCFF1D4F638849; };
		1A1D648809FE8C850D012642 = {isa = PBXBuildFile; fileRef = 22BDAB0864361C315681D679; };
		0346E7F47044F8FBE65E36D8 = {isa = PBXBuildFile; fileRef = 8144132B5FBEFD4D28DAC3A5; };
		A33FEC9BF940C3ED0C4F1D55 = {isa = PBXBuildFile; fileRef = EB4269FF15134CDDAFD20367; };
		B2F762DA8C415D0A97495892 = {isa = PBXBuildFile; fileRef = BBC497355713FDC44613EFDF; };
		E8B1E5E5EBF56144199422F8 = {isa = PBXBuildFile; fileRef = 2E82965A208DD32944B67407; };
		6EFE34E7E1927D5807BF1B47 = {isa = PBXBuildFile; fileRef = 26D2536166FCB23649BDA685; };
		33850986412B61F5062892A4 = {isa = PBXBuildFile; fileRef = A7C517654F7C32FC1C70125A; };
		3B33470F9AD06EC5BC3DEF9A = {isa = PBXBuildFile; fileRef = CE8084B52DBB2D72C2E2F970; };
		7CA7E6D684F6B77044A5E31B = {isa = PBXBuildFile; fileRef = 1D3CD1184B2A208D83C6C0D1; };
		64E1DCDAF038644F40827FEB = {isa = PBXBuildFile; fileRef = 0C0708DED894A32592D3C580; };
		F11FDD29D7DD41470332B52A = {isa = PBXBuildFile; fileRef = 0C314A78B67131A88D0FDA2E; };
		3B62A1C1A8DF0D3D735D920B = {isa = PBXBuildFile; fileRef = 8B9F6AB3B3686C03A2C274D4; };
		AC5B6C938E2AD16835FFE1E2 = {isa = PBXBuildFile; fileRef = 15DD6B50313599145E15B1D1; };
		4F0EB0922BF6F65B3489A34E = {isa = PBXBuildFile; fileRef = 1987502D65806E5B25F8113D; };
		1883A57AB891BF5E07DE829F = {isa = PBXBuildFile; fileRef = FDA08A7DD13467BD04C6D7DB; };
		0BE68610EE80D4464507273F = {isa = PBXBuildFile; fileRef = 375F03112CC20BB688170906; };
		2BE8180521649A76E5109E2B = {isa = PBXBuildFile; fileRef = 31E23F731E413750C4A4DFEB; };
		0CFD109AE12F8EE9DD850A5D = {isa = PBXBuildFile; fileRef = 028B1CE7F6E7B5D3BF535F62; };
		BF6FFBE0F7AB107FB6023877 = {isa = PBXBuildFile; fileRef = 2D841576C746F31BC73E92DC; };
		77C587348CC36087E40C8F54 = {isa = PBXBuildFile; fileRef = 0F68327EA8D6DBF6B1A1A795; };
		DBC3E5C6A0C342F25C8D28A8 = {isa = PBXBuildFile; fileRef = 05A1E51DC6095DC59D4F692C; };
		695712985AD09CE43B2BD85C = {isa = PBXBuildFile; fileRef = 3FB3AD1B415F0CD7268CA529; };
		8C7866C5C9594085D19956F1 = {isa = PBXBuildFile; fileRef = A0F7EF8978AAFF28F6265F67; };
		521FD91482A279841871EA48 = {isa = PBXBuildFile; fileRef = E0FFB994069AB0FCA044A08E; };
		C3D2EB58FA8AFE2AF4618412 = {isa = PBXBuildFile; fileRef = 6EC2B75ABFA040DB800A320F; };
		721FBBDA7BECA861EA81AA83 = {isa = PBXBuildFile; fileRef = 4FB074595652063EF2E71A93; };
		3EC8AEA9A3D3D33E5E8DB082 = {isa = PBXBuildFile; fileRef = 41475B28DBA09A12A511DA74; };
		4CD5B599690AAFD272970EE7 = {isa = PBXBuildFile; fileRef = 81CC1B774BBA1B728F51841B; };
		80C153CAD6B20FAC725E86A5 = {isa = PBXBuildFile; fileRef = DCC0E7D77E9E64935BF9BB05; };
		F398A951968F54C1F84B2F6A = {isa = PBXBuildFile; fileRef = 8EE0B7AEF8E68AB78239C0D3; };
		B1B26AF098AC3DE2974A13C5 = {isa = PBXBuildFile; fileRef = 66477188302BF951245B982E; };
		77989C63603E5FCC23A208BB = {isa = PBXBuildFile; fileRef = A833D59828934DDCF7BE93E6; };
		EACCBF2A2539B4A1E136826F = {isa = PBXBuildFile; fileRef = 1055C7A30A1BDFBB794831A1; };
		7C1250C89DDD32521D57EEAC = {isa = PBXBuildFile; fileRef = 80B6F1A289CFF91AAD21151B; };
		FCA70A7E3212A00F4558B379 = {isa = PBXBuildFile; fileRef = E6F5A683478F20FE5CC05DE2; };
		B1FB3969E9F76EA1FE37C274 = {isa = PBXBuildFile; fileRef = 35F9DE357D36628F80E2FC6D; };
		98F89D2291A5CD642B395C56 = {isa = PBXBuildFile; fileRef = C625ABDBF4EFD3F3A13E0718; };
		B5CE6C3931D7B8DCA8C47036 = {isa = PBXBuildFile; fileRef = 589CC0D71615777037D9672B; };
		EC08CC2CBA7D8A23A1288FDC = {isa = PBXBuildFile; fileRef = A702BB5059A1001C7F6FD6B4; };
		A4B58F7FA1AB0ADD2B7360F6 = {isa = PBXBuildFile; fileRef = 459CE46FFBBA89F940238087; };
		003EC7D529FDFF585D335A91 = {isa = PBXFileReference; lastKnownFileType = sourcecode.cpp.cpp; name = SolidColorNode.cpp; path = ../../Source/Node/nodes/solidcolor/SolidColorNode.cpp; sourceTree = "SOURCE_ROOT"; };
		028B1CE7F6E7B5D3BF535F62 = {isa = PBXFileReference; lastKnownFileType = sourcecode.cpp.cpp; name = BentoEngine.cpp; path = ../../Source/BentoEngine.cpp; sourceTree = "SOURCE_ROOT"; };
		035BB9A4652373F65D902D9B = {isa = PBXFileReference; lastKnownFileType = sourcecode.c.h; name = NodeConnectionManager.h; path = ../../Source/Node/NodeConnectionManager.h; sourceTree = "SOURCE_ROOT"; };
		051F56F531C511E433C46607 = {isa = PBXFileReference; lastKnownFileType = sourcecode.c.h; name = LightBlockModel.h; path = ../../Source/LightBlock/model/LightBlockModel.h; sourceTree = "SOURCE_ROOT"; };
		05513A86C8CA9A66B6B10126 = {isa = PBXFileReference; lastKnownFileType = text.plist.xml; name = "Info-App.plist"; path = "Info-App.plist"; sourceTree = "SOURCE_ROOT"; };
		05A1E51DC6095DC59D4F692C = {isa = PBXFileReference; lastKnownFileType = sourcecode.cpp.cpp; name = BinaryData.cpp; path = ../../JuceLibraryCode/BinaryData.cpp; sourceTree = "SOURCE_ROOT"; };
		0AE0A017430227C0B42FB8F5 = {isa = PBXFileReference; lastKnownFileType = sourcecode.c.h; name = CompositeNode.h; path = ../../Source/Node/nodes/composite/CompositeNode.h; sourceTree = "SOURCE_ROOT"; };
		0C0708DED894A32592D3C580 = {isa = PBXFileReference; lastKnownFileType = sourcecode.cpp.cpp; name = FlowClubProp.cpp; path = ../../Source/Prop/props/flowtoys/flowclub/FlowClubProp.cpp; sourceTree = "SOURCE_ROOT"; };
		0C314A78B67131A88D0FDA2E = {isa = PBXFileReference; lastKnownFileType = sourcecode.cpp.cpp; name = FlowBallProp.cpp; path = ../../Source/Prop/props/flowtoys/flowball/FlowBallProp.cpp; sourceTree = "SOURCE_ROOT"; };
		0C36A30FC670888D6F8C7D1D = {isa = PBXFileReference; lastKnownFileType = sourcecode.cpp.cpp; name = DMXBlock.cpp; path = ../../Source/LightBlock/model/blocks/dmx/DMXBlock.cpp; sourceTree = "SOURCE_ROOT"; };
		0DAF265014BB0AAD736461F5 = {isa = PBXFileReference; lastKnownFileType = file.btlayout; name = default.btlayout; path = ../../Resources/default.btlayout; sourceTree = "SOURCE_ROOT"; };
		0F51AA27C44AE5EE7874B72B = {isa = PBXFileReference; lastKnownFileType = image.png; name = noise.png; path = ../../Resources/models/patterns/noise.png; sourceTree = "SOURCE_ROOT"; };
		0F540948796412FFCD89F7FB = {isa = PBXFileReference; lastKnownFileType = sourcecode.c.h; name = DMXBlock.h; path = ../../Source/LightBlock/model/blocks/dmx/DMXBlock.h; sourceTree = "SOURCE_ROOT"; };
		0F68327EA8D6DBF6B1A1A795 = {isa = PBXFileReference; lastKnownFileType = sourcecode.cpp.cpp; name = Main.cpp; path = ../../Source/Main.cpp; sourceTree = "SOURCE_ROOT"; };
		1055C7A30A1BDFBB794831A1 = {isa = PBXFileReference; lastKnownFileType = sourcecode.cpp.objcpp; name = "include_juce_gui_basics.mm"; path = "../../JuceLibraryCode/include_juce_gui_basics.mm"; sourceTree = "SOURCE_ROOT"; };
		107BD8EE60FAE03002D01E8D = {isa = PBXFileReference; lastKnownFileType = sourcecode.c.h; name = BinaryData.h; path = ../../JuceLibraryCode/BinaryData.h; sourceTree = "SOURCE_ROOT"; };
		109DFBCE063E5FA128F84D89 = {isa = PBXFileReference; lastKnownFileType = sourcecode.cpp.cpp; name = LightBlockClipManagerUI.cpp; path = ../../Source/Timeline/layers/Block/ui/LightBlockClipManagerUI.cpp; sourceTree = "SOURCE_ROOT"; };
		10BF2A8973E807579FFBB9F9 = {isa = PBXFileReference; lastKnownFileType = sourcecode.c.h; name = LightBlock.h; path = ../../Source/LightBlock/LightBlock.h; sourceTree = "SOURCE_ROOT"; };
		11347293F3B693032EE34B8D = {isa = PBXFileReference; lastKnownFileType = sourcecode.cpp.cpp; name = LightBlockModelManagerUI.cpp; path = ../../Source/LightBlock/model/ui/LightBlockModelManagerUI.cpp; sourceTree = "SOURCE_ROOT"; };
		14D29097BE0262DDE4730504 = {isa = PBXFileReference; lastKnownFileType = sourcecode.c.h; name = LightBlockModelParameterEditor.h; path = ../../Source/LightBlock/model/ui/LightBlockModelParameterEditor.h; sourceTree = "SOURCE_ROOT"; };
		15775845A5F259F570F6C0E3 = {isa = PBXFileReference; lastKnownFileType = sourcecode.c.h; name = PictureBlock.h; path = ../../Source/LightBlock/model/blocks/picture/PictureBlock.h; sourceTree = "SOURCE_ROOT"; };
		15DD6B50313599145E15B1D1 = {isa = PBXFileReference; lastKnownFileType = sourcecode.cpp.cpp; name = PropManagerUI.cpp; path = ../../Source/Prop/ui/PropManagerUI.cpp; sourceTree = "SOURCE_ROOT"; };
		1614D66988FC1A6DC400A364 = {isa = PBXFileReference; lastKnownFileType = sourcecode.c.h; name = NodeConnection.h; path = ../../Source/Node/NodeConnection.h; sourceTree = "SOURCE_ROOT"; };
		16526B4CF5634AA70C28B2B6 = {isa = PBXFileReference; lastKnownFileType = sourcecode.cpp.cpp; name = LightBlockClip.cpp; path = ../../Source/Timeline/layers/Block/LightBlockClip.cpp; sourceTree = "SOURCE_ROOT"; };
		167112979264736A891266D0 = {isa = PBXFileReference; lastKnownFileType = sourcecode.c.h; name = ColorNode.h; path = ../../Source/Node/ColorNode.h; sourceTree = "SOURCE_ROOT"; };
		17021B4D3989EE831592ACF0 = {isa = PBXFileReference; lastKnownFileType = sourcecode.c.h; name = NodeBlockUI.h; path = ../../Source/LightBlock/model/blocks/node/ui/NodeBlockUI.h; sourceTree = "SOURCE_ROOT"; };
		17032707802BB3F9766AD421 = {isa = PBXFileReference; lastKnownFileType = image.png; name = fadeIn.png; path = ../../Resources/fadeIn.png; sourceTree = "SOURCE_ROOT"; };
		18A46DC51551013D0DD6A3DD = {isa = PBXFileReference; lastKnownFileType = sourcecode.cpp.cpp; name = SpatializerPanel.cpp; path = ../../Source/Video/ui/SpatializerPanel.cpp; sourceTree = "SOURCE_ROOT"; };
		1987502D65806E5B25F8113D = {isa = PBXFileReference; lastKnownFileType = sourcecode.cpp.cpp; name = PropUI.cpp; path = ../../Source/Prop/ui/PropUI.cpp; sourceTree = "SOURCE_ROOT"; };
		1B1EC4A57BE350A72246C92C = {isa = PBXFileReference; lastKnownFileType = wrapper.framework; name = OpenGL.framework; path = System/Library/Frameworks/OpenGL.framework; sourceTree = SDKROOT; };
		1BB72EE5E2BFBA09BC5668DA = {isa = PBXFileReference; lastKnownFileType = sourcecode.c.h; name = TimelineBlockUI.h; path = ../../Source/LightBlock/model/blocks/timeline/ui/TimelineBlockUI.h; sourceTree = "SOURCE_ROOT"; };
		1C4024AA1D1F0F4F9381E03D = {isa = PBXFileReference; lastKnownFileType = sourcecode.c.h; name = Prop.h; path = ../../Source/Prop/Prop.h; sourceTree = "SOURCE_ROOT"; };
		1CBA241C43163E8D6C00601A = {isa = PBXFileReference; lastKnownFileType = sourcecode.c.h; name = PerlinNoise.hpp; path = ../../Source/LightBlock/model/blocks/pattern/PerlinNoise.hpp; sourceTree = "SOURCE_ROOT"; };
		1D214A47B4BC4267CB7770B6 = {isa = PBXFileReference; lastKnownFileType = sourcecode.c.h; name = LightBlockColorProvider.h; path = ../../Source/LightBlock/model/LightBlockColorProvider.h; sourceTree = "SOURCE_ROOT"; };
		1D3CD1184B2A208D83C6C0D1 = {isa = PBXFileReference; lastKnownFileType = sourcecode.cpp.cpp; name = FlowtoysProp.cpp; path = ../../Source/Prop/props/flowtoys/FlowtoysProp.cpp; sourceTree = "SOURCE_ROOT"; };
		1FBDE6E0BF931583ECC273B5 = {isa = PBXFileReference; lastKnownFileType = sourcecode.c.h; name = AudioManager.h; path = ../../Source/Audio/AudioManager.h; sourceTree = "SOURCE_ROOT"; };
		2272DBAD31E2CC76F0394D5B = {isa = PBXFileReference; lastKnownFileType = sourcecode.cpp.cpp; name = PictureBlockUI.cpp; path = ../../Source/LightBlock/model/blocks/picture/ui/PictureBlockUI.cpp; sourceTree = "SOURCE_ROOT"; };
		22BDAB0864361C315681D679 = {isa = PBXFileReference; lastKnownFileType = sourcecode.cpp.cpp; name = NodeBlock.cpp; path = ../../Source/LightBlock/model/blocks/node/NodeBlock.cpp; sourceTree = "SOURCE_ROOT"; };
		26D2536166FCB23649BDA685 = {isa = PBXFileReference; lastKnownFileType = sourcecode.cpp.cpp; name = LightBlockModelParameter.cpp; path = ../../Source/LightBlock/model/LightBlockModelParameter.cpp; sourceTree = "SOURCE_ROOT"; };
		27F0B0A5D32A97C5E0B693A0 = {isa = PBXFileReference; lastKnownFileType = sourcecode.cpp.cpp; name = NodeConnectionManagerUI.cpp; path = ../../Source/Node/ui/NodeConnectionManagerUI.cpp; sourceTree = "SOURCE_ROOT"; };
		290EFF3F6A4D8FF061BA373C = {isa = PBXFileReference; lastKnownFileType = sourcecode.c.h; name = PositionRemapNode.h; path = ../../Source/Node/nodes/positionRemap/PositionRemapNode.h; sourceTree = "SOURCE_ROOT"; };
		2A4AD3F3586A103A3670713A = {isa = PBXFileReference; lastKnownFileType = wrapper.framework; name = CoreAudio.framework; path = System/Library/Frameworks/CoreAudio.framework; sourceTree = SDKROOT; };
		2A7BA49ED92856A3CC546842 = {isa = PBXFileReference; lastKnownFileType = sourcecode.c.h; name = NodeBlock.h; path = ../../Source/LightBlock/model/blocks/node/NodeBlock.h; sourceTree = "SOURCE_ROOT"; };
		2AE19A94778DF8B95F84AB63 = {isa = PBXFileReference; lastKnownFileType = wrapper.framework; name = Carbon.framework; path = System/Library/Frameworks/Carbon.framework; sourceTree = SDKROOT; };
		2B2A79B352B842ED07E5F4A2 = {isa = PBXFileReference; lastKnownFileType = sourcecode.cpp.cpp; name = SpatItemUI.cpp; path = ../../Source/Video/ui/SpatItemUI.cpp; sourceTree = "SOURCE_ROOT"; };
		2B9781A4C2AF8FF1525A705D = {isa = PBXFileReference; lastKnownFileType = image.png; name = video.png; path = ../../Resources/models/video.png; sourceTree = "SOURCE_ROOT"; };
		2D841576C746F31BC73E92DC = {isa = PBXFileReference; lastKnownFileType = sourcecode.cpp.cpp; name = MainComponent.cpp; path = ../../Source/MainComponent.cpp; sourceTree = "SOURCE_ROOT"; };
		2D93DAF3BC9C8DD17D99FAFD = {isa = PBXFileReference; lastKnownFileType = sourcecode.cpp.cpp; name = LightBlockColorProvider.cpp; path = ../../Source/LightBlock/model/LightBlockColorProvider.cpp; sourceTree = "SOURCE_ROOT"; };
		2E82965A208DD32944B67407 = {isa = PBXFileReference; lastKnownFileType = sourcecode.cpp.cpp; name = UserLightBlockModelManager.cpp; path = ../../Source/LightBlock/model/UserLightBlockModelManager.cpp; sourceTree = "SOURCE_ROOT"; };
		2FFC616B01D18E5D2D9ED499 = {isa = PBXFileReference; lastKnownFileType = sourcecode.c.h; name = ParameterNodeViewUI.h; path = ../../Source/Node/nodes/parameter/ParameterNodeViewUI.h; sourceTree = "SOURCE_ROOT"; };
		30D0C019C91024D16693BBBF = {isa = PBXFileReference; lastKnownFileType = sourcecode.cpp.cpp; name = LightBlockModelGroup.cpp; path = ../../Source/LightBlock/model/LightBlockModelGroup.cpp; sourceTree = "SOURCE_ROOT"; };
		316ED83A9DEE45F24F2C9EE2 = {isa = PBXFileReference; lastKnownFileType = sourcecode.c.h; name = PropUI.h; path = ../../Source/Prop/ui/PropUI.h; sourceTree = "SOURCE_ROOT"; };
		31E23F731E413750C4A4DFEB = {isa = PBXFileReference; lastKnownFileType = sourcecode.cpp.cpp; name = PropManager.cpp; path = ../../Source/Prop/PropManager.cpp; sourceTree = "SOURCE_ROOT"; };
		32A6F13F6CB41EDF6D6EA136 = {isa = PBXFileReference; lastKnownFileType = sourcecode.cpp.cpp; name = ParameterNodeViewUI.cpp; path = ../../Source/Node/nodes/parameter/ParameterNodeViewUI.cpp; sourceTree = "SOURCE_ROOT"; };
		33325835D46B56C5D12599A1 = {isa = PBXFileReference; lastKnownFileType = sourcecode.c.h; name = NodeConnectionSlot.h; path = ../../Source/Node/NodeConnectionSlot.h; sourceTree = "SOURCE_ROOT"; };
		333F02FC6CCF24814800E329 = {isa = PBXFileReference; lastKnownFileType = wrapper.framework; name = DiscRecording.framework; path = System/Library/Frameworks/DiscRecording.framework; sourceTree = SDKROOT; };
		35765560C1DB130CAE51D6DF = {isa = PBXFileReference; lastKnownFileType = sourcecode.cpp.cpp; name = LightBlockModelGroupUI.cpp; path = ../../Source/LightBlock/model/ui/LightBlockModelGroupUI.cpp; sourceTree = "SOURCE_ROOT"; };
		35F9DE357D36628F80E2FC6D = {isa = PBXFileReference; lastKnownFileType = sourcecode.cpp.cpp; name = "include_juce_organicui.cpp"; path = "../../JuceLibraryCode/include_juce_organicui.cpp"; sourceTree = "SOURCE_ROOT"; };
		375F03112CC20BB688170906 = {isa = PBXFileReference; lastKnownFileType = sourcecode.cpp.cpp; name = Prop.cpp; path = ../../Source/Prop/Prop.cpp; sourceTree = "SOURCE_ROOT"; };
		37DD20F2827ACA16DC5F0FA3 = {isa = PBXFileReference; lastKnownFileType = sourcecode.cpp.cpp; name = ColorRemapNode.cpp; path = ../../Source/Node/nodes/colorRemap/ColorRemapNode.cpp; sourceTree = "SOURCE_ROOT"; };
		3921653D04D1C7B77626A4D4 = {isa = PBXFileReference; lastKnownFileType = sourcecode.c.h; name = PropNode.h; path = ../../Source/Node/nodes/prop/PropNode.h; sourceTree = "SOURCE_ROOT"; };
		3B0BC45E9F798F4F26E2FD34 = {isa = PBXFileReference; lastKnownFileType = sourcecode.cpp.cpp; name = Node.cpp; path = ../../Source/Node/Node.cpp; sourceTree = "SOURCE_ROOT"; };
		3C965418E76AB1ECEA86F9A4 = {isa = PBXFileReference; lastKnownFileType = sourcecode.cpp.cpp; name = VideoBlock.cpp; path = ../../Source/LightBlock/model/blocks/video/VideoBlock.cpp; sourceTree = "SOURCE_ROOT"; };
		3D3FD43A8123F7FEFE8B8E87 = {isa = PBXFileReference; lastKnownFileType = file; name = "juce_events"; path = "~/JUCE/modules/juce_events"; sourceTree = "<absolute>"; };
		3FB3AD1B415F0CD7268CA529 = {isa = PBXFileReference; lastKnownFileType = sourcecode.cpp.objcpp; name = "include_juce_audio_basics.mm"; path = "../../JuceLibraryCode/include_juce_audio_basics.mm"; sourceTree = "SOURCE_ROOT"; };
		4007E16A835E733E90A11297 = {isa = PBXFileReference; lastKnownFileType = sourcecode.c.h; name = AppConfig.h; path = ../../JuceLibraryCode/AppConfig.h; sourceTree = "SOURCE_ROOT"; };
		41475B28DBA09A12A511DA74 = {isa = PBXFileReference; lastKnownFileType = sourcecode.cpp.cpp; name = "include_juce_automation.cpp"; path = "../../JuceLibraryCode/include_juce_automation.cpp"; sourceTree = "SOURCE_ROOT"; };
		42944870CCE6574EB27437FB = {isa = PBXFileReference; lastKnownFileType = sourcecode.c.h; name = LightBlockClipUI.h; path = ../../Source/Timeline/layers/Block/ui/LightBlockClipUI.h; sourceTree = "SOURCE_ROOT"; };
		4367070BB92025C0DC7F8831 = {isa = PBXFileReference; lastKnownFileType = sourcecode.c.h; name = LightBlockModelPresetManager.h; path = ../../Source/LightBlock/model/preset/LightBlockModelPresetManager.h; sourceTree = "SOURCE_ROOT"; };
		43F081518332B7C6F4448633 = {isa = PBXFileReference; lastKnownFileType = file.nib; name = RecentFilesMenuTemplate.nib; path = RecentFilesMenuTemplate.nib; sourceTree = "SOURCE_ROOT"; };
		459CE46FFBBA89F940238087 = {isa = PBXFileReference; lastKnownFileType = sourcecode.cpp.objcpp; name = "include_juce_video.mm"; path = "../../JuceLibraryCode/include_juce_video.mm"; sourceTree = "SOURCE_ROOT"; };
		489E93273A4FE01AA10FF8B6 = {isa = PBXFileReference; lastKnownFileType = sourcecode.cpp.cpp; name = NodeBlockEditor.cpp; path = ../../Source/Node/ui/NodeBlockEditor.cpp; sourceTree = "SOURCE_ROOT"; };
		4961868E789A44B67CE02900 = {isa = PBXFileReference; lastKnownFileType = sourcecode.c.h; name = ColorNodeViewUI.h; path = ../../Source/Node/ui/ColorNodeViewUI.h; sourceTree = "SOURCE_ROOT"; };
		4AA9597488097757E621A9C0 = {isa = PBXFileReference; lastKnownFileType = sourcecode.c.h; name = NodeManagerUI.h; path = ../../Source/Node/ui/NodeManagerUI.h; sourceTree = "SOURCE_ROOT"; };
		4AD51EAED6F5EE7BAF90CF64 = {isa = PBXFileReference; lastKnownFileType = sourcecode.c.h; name = LightBlockModelLibraryUI.h; path = ../../Source/LightBlock/model/ui/LightBlockModelLibraryUI.h; sourceTree = "SOURCE_ROOT"; };
		4B6CB18347321356E24BA06A = {isa = PBXFileReference; lastKnownFileType = file; name = "juce_core"; path = "~/JUCE/modules/juce_core"; sourceTree = "<absolute>"; };
		4BBF1871CAB5520BD518923F = {isa = PBXFileReference; lastKnownFileType = wrapper.framework; name = AudioToolbox.framework; path = System/Library/Frameworks/AudioToolbox.framework; sourceTree = SDKROOT; };
		4D13C0B9071CFDB29EA10D11 = {isa = PBXFileReference; lastKnownFileType = sourcecode.c.h; name = MainComponent.h; path = ../../Source/MainComponent.h; sourceTree = "SOURCE_ROOT"; };
		4D9BDB1E3C0273995ABF2FD8 = {isa = PBXFileReference; lastKnownFileType = sourcecode.cpp.cpp; name = ModelNode.cpp; path = ../../Source/Node/nodes/model/ModelNode.cpp; sourceTree = "SOURCE_ROOT"; };
		4EC931B0B1E410B83E1C8DE6 = {isa = PBXFileReference; lastKnownFileType = sourcecode.cpp.cpp; name = LightBlockClipUI.cpp; path = ../../Source/Timeline/layers/Block/ui/LightBlockClipUI.cpp; sourceTree = "SOURCE_ROOT"; };
		4FB074595652063EF2E71A93 = {isa = PBXFileReference; lastKnownFileType = sourcecode.cpp.objcpp; name = "include_juce_audio_utils.mm"; path = "../../JuceLibraryCode/include_juce_audio_utils.mm"; sourceTree = "SOURCE_ROOT"; };
		50BAF5963F1BCE3DF079D2C4 = {isa = PBXFileReference; lastKnownFileType = sourcecode.cpp.cpp; name = LightBlockModelPreset.cpp; path = ../../Source/LightBlock/model/preset/LightBlockModelPreset.cpp; sourceTree = "SOURCE_ROOT"; };
		51AA0DE3962C8EA58378F236 = {isa = PBXFileReference; lastKnownFileType = sourcecode.c.h; name = PropViz.h; path = ../../Source/Prop/ui/PropViz.h; sourceTree = "SOURCE_ROOT"; };
		53006CF0731C2BB524876214 = {isa = PBXFileReference; lastKnownFileType = image.png; name = timeline.png; path = ../../Resources/models/timeline.png; sourceTree = "SOURCE_ROOT"; };
		5543B48575BE6AE0469C05DC = {isa = PBXFileReference; lastKnownFileType = sourcecode.c.h; name = UserLightBlockModelManager.h; path = ../../Source/LightBlock/model/UserLightBlockModelManager.h; sourceTree = "SOURCE_ROOT"; };
		5851EF73991E3730AD7A620F = {isa = PBXFileReference; lastKnownFileType = wrapper.framework; name = WebKit.framework; path = System/Library/Frameworks/WebKit.framework; sourceTree = SDKROOT; };
		589CC0D71615777037D9672B = {isa = PBXFileReference; lastKnownFileType = sourcecode.cpp.cpp; name = "include_juce_sharedtexture.cpp"; path = "../../JuceLibraryCode/include_juce_sharedtexture.cpp"; sourceTree = "SOURCE_ROOT"; };
		58F7E911A2CEE8F185808445 = {isa = PBXFileReference; lastKnownFileType = sourcecode.cpp.cpp; name = NodeManagerUI.cpp; path = ../../Source/Node/ui/NodeManagerUI.cpp; sourceTree = "SOURCE_ROOT"; };
		59459D6FA5235B4C98930608 = {isa = PBXFileReference; lastKnownFileType = file; name = "juce_cryptography"; path = "~/JUCE/modules/juce_cryptography"; sourceTree = "<absolute>"; };
		5BE4260A9967A457AE698C7C = {isa = PBXFileReference; lastKnownFileType = sourcecode.c.h; name = LightBlockModelParameterManager.h; path = ../../Source/LightBlock/model/LightBlockModelParameterManager.h; sourceTree = "SOURCE_ROOT"; };
		5DD34674A59D95EF7A1C5633 = {isa = PBXFileReference; lastKnownFileType = wrapper.framework; name = AVFoundation.framework; path = System/Library/Frameworks/AVFoundation.framework; sourceTree = SDKROOT; };
		5FB0D1076408BDA59FFF7876 = {isa = PBXFileReference; lastKnownFileType = sourcecode.cpp.cpp; name = NodeConnectionUI.cpp; path = ../../Source/Node/ui/NodeConnectionUI.cpp; sourceTree = "SOURCE_ROOT"; };
		605E509C91F471F6FDA34329 = {isa = PBXFileReference; lastKnownFileType = image.png; name = fadeOut.png; path = ../../Resources/fadeOut.png; sourceTree = "SOURCE_ROOT"; };
		60AFEA70F2DFA8ED175D284B = {isa = PBXFileReference; lastKnownFileType = file; name = "juce_gui_basics"; path = "~/JUCE/modules/juce_gui_basics"; sourceTree = "<absolute>"; };
		612AFD566B13304E3CD5D0B0 = {isa = PBXFileReference; lastKnownFileType = file; name = "juce_organicui"; path = "../../../JUCE Modules/juce_organicui"; sourceTree = "SOURCE_ROOT"; };
		618973C322E888D23C9CA755 = {isa = PBXFileReference; lastKnownFileType = file; name = "juce_audio_devices"; path = "~/JUCE/modules/juce_audio_devices"; sourceTree = "<absolute>"; };
		6555ECA2A092C79C33796C5C = {isa = PBXFileReference; lastKnownFileType = sourcecode.cpp.cpp; name = NodeConnection.cpp; path = ../../Source/Node/NodeConnection.cpp; sourceTree = "SOURCE_ROOT"; };
		66477188302BF951245B982E = {isa = PBXFileReference; lastKnownFileType = sourcecode.cpp.objcpp; name = "include_juce_events.mm"; path = "../../JuceLibraryCode/include_juce_events.mm"; sourceTree = "SOURCE_ROOT"; };
		6B52F95EA3FE5A633C4E153F = {isa = PBXFileReference; lastKnownFileType = sourcecode.cpp.cpp; name = Spatializer.cpp; path = ../../Source/Video/Spatializer.cpp; sourceTree = "SOURCE_ROOT"; };
		6BB6A44E751DE91352C99449 = {isa = PBXFileReference; lastKnownFileType = sourcecode.cpp.cpp; name = LightBlockLayerTimeline.cpp; path = ../../Source/Timeline/layers/Block/ui/LightBlockLayerTimeline.cpp; sourceTree = "SOURCE_ROOT"; };
		6C15F6C325E423081A291E4E = {isa = PBXFileReference; lastKnownFileType = sourcecode.cpp.cpp; name = PatternBlock.cpp; path = ../../Source/LightBlock/model/blocks/pattern/PatternBlock.cpp; sourceTree = "SOURCE_ROOT"; };
		6D0D23ED1FAF795EB9116795 = {isa = PBXFileReference; lastKnownFileType = sourcecode.c.h; name = PatternBlock.h; path = ../../Source/LightBlock/model/blocks/pattern/PatternBlock.h; sourceTree = "SOURCE_ROOT"; };
		6D207A0E7A0594444AD726FD = {isa = PBXFileReference; lastKnownFileType = sourcecode.c.h; name = TimelineEditor.h; path = ../../Source/Timeline/TimelineEditor.h; sourceTree = "SOURCE_ROOT"; };
		6D413321D094EAF2D1471A5C = {isa = PBXFileReference; lastKnownFileType = file; name = "juce_audio_processors"; path = "~/JUCE/modules/juce_audio_processors"; sourceTree = "<absolute>"; };
		6E196FE91DE25E9D393C6CB5 = {isa = PBXFileReference; lastKnownFileType = image.png; name = rainbow.png; path = ../../Resources/models/patterns/rainbow.png; sourceTree = "SOURCE_ROOT"; };
		6EC2B75ABFA040DB800A320F = {isa = PBXFileReference; lastKnownFileType = sourcecode.cpp.objcpp; name = "include_juce_audio_processors.mm"; path = "../../JuceLibraryCode/include_juce_audio_processors.mm"; sourceTree = "SOURCE_ROOT"; };
		701685620FDF8E5A4C9EDD87 = {isa = PBXFileReference; lastKnownFileType = sourcecode.cpp.cpp; name = PropNode.cpp; path = ../../Source/Node/nodes/prop/PropNode.cpp; sourceTree = "SOURCE_ROOT"; };
		701F2FB0950E101083F1CC68 = {isa = PBXFileReference; lastKnownFileType = sourcecode.c.h; name = JuceHeader.h; path = ../../JuceLibraryCode/JuceHeader.h; sourceTree = "SOURCE_ROOT"; };
		72A57A67840541A9F6281A7C = {isa = PBXFileReference; lastKnownFileType = sourcecode.c.h; name = LightBlockLayerPanel.h; path = ../../Source/Timeline/layers/Block/ui/LightBlockLayerPanel.h; sourceTree = "SOURCE_ROOT"; };
		78ED4DEC3F03F6C11FE1F8B3 = {isa = PBXFileReference; lastKnownFileType = sourcecode.cpp.cpp; name = LightBlockModelParameterManagerEditor.cpp; path = ../../Source/LightBlock/model/ui/LightBlockModelParameterManagerEditor.cpp; sourceTree = "SOURCE_ROOT"; };
		7A2B75820415FB1757131017 = {isa = PBXFileReference; lastKnownFileType = wrapper.framework; name = Cocoa.framework; path = System/Library/Frameworks/Cocoa.framework; sourceTree = SDKROOT; };
		7B0745275B5119B671C563A6 = {isa = PBXFileReference; lastKnownFileType = sourcecode.c.h; name = LightBlockClipManager.h; path = ../../Source/Timeline/layers/Block/LightBlockClipManager.h; sourceTree = "SOURCE_ROOT"; };
		7BF13D12FC3B5CA928596CC7 = {isa = PBXFileReference; lastKnownFileType = sourcecode.c.h; name = SpatItem.h; path = ../../Source/Video/SpatItem.h; sourceTree = "SOURCE_ROOT"; };
		7E0C695B92E0220D802E04FE = {isa = PBXFileReference; lastKnownFileType = sourcecode.c.h; name = FlowtoysProp.h; path = ../../Source/Prop/props/flowtoys/FlowtoysProp.h; sourceTree = "SOURCE_ROOT"; };
		7FE553F35D10BBBEFD1AA55B = {isa = PBXFileReference; lastKnownFileType = sourcecode.c.h; name = NodeConnectionManagerUI.h; path = ../../Source/Node/ui/NodeConnectionManagerUI.h; sourceTree = "SOURCE_ROOT"; };
		80B6F1A289CFF91AAD21151B = {isa = PBXFileReference; lastKnownFileType = sourcecode.cpp.objcpp; name = "include_juce_gui_extra.mm"; path = "../../JuceLibraryCode/include_juce_gui_extra.mm"; sourceTree = "SOURCE_ROOT"; };
		8144132B5FBEFD4D28DAC3A5 = {isa = PBXFileReference; lastKnownFileType = sourcecode.cpp.cpp; name = ScriptBlock.cpp; path = ../../Source/LightBlock/model/blocks/script/ScriptBlock.cpp; sourceTree = "SOURCE_ROOT"; };
		81CC1B774BBA1B728F51841B = {isa = PBXFileReference; lastKnownFileType = sourcecode.cpp.objcpp; name = "include_juce_core.mm"; path = "../../JuceLibraryCode/include_juce_core.mm"; sourceTree = "SOURCE_ROOT"; };
		84E241663F91A9871C5099AA = {isa = PBXFileReference; lastKnownFileType = wrapper.framework; name = AVKit.framework; path = System/Library/Frameworks/AVKit.framework; sourceTree = SDKROOT; };
		870F882787CB44ECB5B62694 = {isa = PBXFileReference; lastKnownFileType = sourcecode.c.h; name = FlowClubProp.h; path = ../../Source/Prop/props/flowtoys/flowclub/FlowClubProp.h; sourceTree = "SOURCE_ROOT"; };
		87706BA85F104EECE52F9586 = {isa = PBXFileReference; lastKnownFileType = sourcecode.c.h; name = FlowPoiProp.h; path = ../../Source/Prop/props/flowtoys/flowpoi/FlowPoiProp.h; sourceTree = "SOURCE_ROOT"; };
		87967710A29FBB723AE25D67 = {isa = PBXFileReference; lastKnownFileType = sourcecode.c.h; name = SpatItemUI.h; path = ../../Source/Video/ui/SpatItemUI.h; sourceTree = "SOURCE_ROOT"; };
		879FA4ACD46E15641567327C = {isa = PBXFileReference; lastKnownFileType = file; name = "juce_opengl"; path = "~/JUCE/modules/juce_opengl"; sourceTree = "<absolute>"; };
		89B16B02C07B8EC2FDA2C4D7 = {isa = PBXFileReference; lastKnownFileType = sourcecode.c.h; name = Spatializer.h; path = ../../Source/Video/Spatializer.h; sourceTree = "SOURCE_ROOT"; };
		8AA91FEA5D5BA2AC166D7D98 = {isa = PBXFileReference; lastKnownFileType = wrapper.framework; name = CoreMIDI.framework; path = System/Library/Frameworks/CoreMIDI.framework; sourceTree = SDKROOT; };
		8B976C490F20C029FD6C8EA9 = {isa = PBXFileReference; lastKnownFileType = file; name = "juce_osc"; path = "~/JUCE/modules/juce_osc"; sourceTree = "<absolute>"; };
		8B9F6AB3B3686C03A2C274D4 = {isa = PBXFileReference; lastKnownFileType = sourcecode.cpp.cpp; name = FlowPoiProp.cpp; path = ../../Source/Prop/props/flowtoys/flowpoi/FlowPoiProp.cpp; sourceTree = "SOURCE_ROOT"; };
		8C8A48687692E82BB9D65A23 = {isa = PBXFileReference; lastKnownFileType = sourcecode.cpp.cpp; name = LightBlockModelPresetManager.cpp; path = ../../Source/LightBlock/model/preset/LightBlockModelPresetManager.cpp; sourceTree = "SOURCE_ROOT"; };
		8EBEB1390D8949AE62B0F921 = {isa = PBXFileReference; lastKnownFileType = sourcecode.cpp.cpp; name = LightBlockModelLibraryUI.cpp; path = ../../Source/LightBlock/model/ui/LightBlockModelLibraryUI.cpp; sourceTree = "SOURCE_ROOT"; };
		8EE0B7AEF8E68AB78239C0D3 = {isa = PBXFileReference; lastKnownFileType = sourcecode.cpp.objcpp; name = "include_juce_data_structures.mm"; path = "../../JuceLibraryCode/include_juce_data_structures.mm"; sourceTree = "SOURCE_ROOT"; };
		8FF0A3EF6717943CD67786B0 = {isa = PBXFileReference; lastKnownFileType = wrapper.framework; name = IOKit.framework; path = System/Library/Frameworks/IOKit.framework; sourceTree = SDKROOT; };
		9028800629162282558C1DCD = {isa = PBXFileReference; lastKnownFileType = sourcecode.c.h; name = NodeBlockEditor.h; path = ../../Source/Node/ui/NodeBlockEditor.h; sourceTree = "SOURCE_ROOT"; };
		91D67AF75924B603019A696C = {isa = PBXFileReference; lastKnownFileType = sourcecode.cpp.cpp; name = ColorNodeViewUI.cpp; path = ../../Source/Node/ui/ColorNodeViewUI.cpp; sourceTree = "SOURCE_ROOT"; };
		93A1CD70F9BCF1C59E38A364 = {isa = PBXFileReference; lastKnownFileType = sourcecode.c.h; name = VideoBlockUI.h; path = ../../Source/LightBlock/model/blocks/video/ui/VideoBlockUI.h; sourceTree = "SOURCE_ROOT"; };
		94270293CD6E622713884668 = {isa = PBXFileReference; lastKnownFileType = sourcecode.cpp.cpp; name = ColorNode.cpp; path = ../../Source/Node/ColorNode.cpp; sourceTree = "SOURCE_ROOT"; };
		9633E391491D4AA4CDE238EC = {isa = PBXFileReference; lastKnownFileType = sourcecode.cpp.cpp; name = NodeConnectionManager.cpp; path = ../../Source/Node/NodeConnectionManager.cpp; sourceTree = "SOURCE_ROOT"; };
		96D79D14FABCE8E4D8571F04 = {isa = PBXFileReference; lastKnownFileType = sourcecode.c.h; name = LightBlockModelParameter.h; path = ../../Source/LightBlock/model/LightBlockModelParameter.h; sourceTree = "SOURCE_ROOT"; };
		9991D8AB5E8E3A652A5ED301 = {isa = PBXFileReference; lastKnownFileType = sourcecode.cpp.cpp; name = LightBlockModelUI.cpp; path = ../../Source/LightBlock/model/ui/LightBlockModelUI.cpp; sourceTree = "SOURCE_ROOT"; };
		9A04D0F09329CA6B12DD6440 = {isa = PBXFileReference; lastKnownFileType = wrapper.framework; name = CoreMedia.framework; path = System/Library/Frameworks/CoreMedia.framework; sourceTree = SDKROOT; };
		9A2C148C2A0E9E39357D757C = {isa = PBXFileReference; lastKnownFileType = sourcecode.c.h; name = AudioManagerHardwareEditor.h; path = ../../Source/Audio/ui/AudioManagerHardwareEditor.h; sourceTree = "SOURCE_ROOT"; };
		9DFB0FF91957B265FFBADA35 = {isa = PBXFileReference; lastKnownFileType = sourcecode.c.h; name = LightBlockLayerTimeline.h; path = ../../Source/Timeline/layers/Block/ui/LightBlockLayerTimeline.h; sourceTree = "SOURCE_ROOT"; };
		9E68DDA0DD621F2E9247F3CC = {isa = PBXFileReference; lastKnownFileType = sourcecode.cpp.cpp; name = LightBlockLayerPanel.cpp; path = ../../Source/Timeline/layers/Block/ui/LightBlockLayerPanel.cpp; sourceTree = "SOURCE_ROOT"; };
		A0F7EF8978AAFF28F6265F67 = {isa = PBXFileReference; lastKnownFileType = sourcecode.cpp.objcpp; name = "include_juce_audio_devices.mm"; path = "../../JuceLibraryCode/include_juce_audio_devices.mm"; sourceTree = "SOURCE_ROOT"; };
		A21E201000762A861CBCFA56 = {isa = PBXFileReference; lastKnownFileType = sourcecode.c.h; name = BlockVizPanel.h; path = ../../Source/BlockViz/BlockVizPanel.h; sourceTree = "SOURCE_ROOT"; };
		A2730774174470F36A396B55 = {isa = PBXFileReference; lastKnownFileType = sourcecode.c.h; name = LightBlockModelPreset.h; path = ../../Source/LightBlock/model/preset/LightBlockModelPreset.h; sourceTree = "SOURCE_ROOT"; };
		A2BFB3AFEF717F8D8F175F53 = {isa = PBXFileReference; lastKnownFileType = file; name = "juce_data_structures"; path = "~/JUCE/modules/juce_data_structures"; sourceTree = "<absolute>"; };
		A42B805DBEB5BC56C3479AF9 = {isa = PBXFileReference; lastKnownFileType = sourcecode.cpp.cpp; name = TimelineBlock.cpp; path = ../../Source/LightBlock/model/blocks/timeline/TimelineBlock.cpp; sourceTree = "SOURCE_ROOT"; };
		A4E193EDD426743679F21A5E = {isa = PBXFileReference; lastKnownFileType = sourcecode.c.h; name = LightBlockModelGroupUI.h; path = ../../Source/LightBlock/model/ui/LightBlockModelGroupUI.h; sourceTree = "SOURCE_ROOT"; };
		A52AB8279BA8DA93175F50A6 = {isa = PBXFileReference; lastKnownFileType = sourcecode.c.h; name = SpatializerPanel.h; path = ../../Source/Video/ui/SpatializerPanel.h; sourceTree = "SOURCE_ROOT"; };
		A702BB5059A1001C7F6FD6B4 = {isa = PBXFileReference; lastKnownFileType = sourcecode.cpp.cpp; name = "include_juce_timeline.cpp"; path = "../../JuceLibraryCode/include_juce_timeline.cpp"; sourceTree = "SOURCE_ROOT"; };
		A7C517654F7C32FC1C70125A = {isa = PBXFileReference; lastKnownFileType = sourcecode.cpp.cpp; name = LightBlockModelParameterManager.cpp; path = ../../Source/LightBlock/model/LightBlockModelParameterManager.cpp; sourceTree = "SOURCE_ROOT"; };
		A833D59828934DDCF7BE93E6 = {isa = PBXFileReference; lastKnownFileType = sourcecode.cpp.objcpp; name = "include_juce_graphics.mm"; path = "../../JuceLibraryCode/include_juce_graphics.mm"; sourceTree = "SOURCE_ROOT"; };
		A8782A32430377E8DEFD9394 = {isa = PBXFileReference; lastKnownFileType = sourcecode.cpp.cpp; name = CompositeNode.cpp; path = ../../Source/Node/nodes/composite/CompositeNode.cpp; sourceTree = "SOURCE_ROOT"; };
		AC927BEC5AFF60D5D37B744F = {isa = PBXFileReference; lastKnownFileType = file.icns; name = Icon.icns; path = Icon.icns; sourceTree = "SOURCE_ROOT"; };
		AD4A4E927F2D643BDCEA54D2 = {isa = PBXFileReference; lastKnownFileType = sourcecode.c.h; name = LightBlockModelManagerUI.h; path = ../../Source/LightBlock/model/ui/LightBlockModelManagerUI.h; sourceTree = "SOURCE_ROOT"; };
		AD4FFF7983E7DC21D6DA2D7A = {isa = PBXFileReference; lastKnownFileType = sourcecode.cpp.cpp; name = TimelineBlockUI.cpp; path = ../../Source/LightBlock/model/blocks/timeline/ui/TimelineBlockUI.cpp; sourceTree = "SOURCE_ROOT"; };
		ADB6A2E46FF0D6115E8CC656 = {isa = PBXFileReference; lastKnownFileType = image.png; name = node.png; path = ../../Resources/models/node.png; sourceTree = "SOURCE_ROOT"; };
		ADEED6377D32375D995A4E29 = {isa = PBXFileReference; lastKnownFileType = sourcecode.c.h; name = ColorRemapNode.h; path = ../../Source/Node/nodes/colorRemap/ColorRemapNode.h; sourceTree = "SOURCE_ROOT"; };
		AE1C1BF21CD5E0BBE886DBFF = {isa = PBXFileReference; lastKnownFileType = sourcecode.c.h; name = NodeManager.h; path = ../../Source/Node/NodeManager.h; sourceTree = "SOURCE_ROOT"; };
		AF460808AC61680F819F09CD = {isa = PBXFileReference; lastKnownFileType = image.png; name = strobe.png; path = ../../Resources/models/patterns/strobe.png; sourceTree = "SOURCE_ROOT"; };
		B01864945F2A7622B9E4E8F8 = {isa = PBXFileReference; lastKnownFileType = sourcecode.c.h; name = LightBlockClip.h; path = ../../Source/Timeline/layers/Block/LightBlockClip.h; sourceTree = "SOURCE_ROOT"; };
		B079C7C45CCB6939E2B569A0 = {isa = PBXFileReference; lastKnownFileType = wrapper.framework; name = Accelerate.framework; path = System/Library/Frameworks/Accelerate.framework; sourceTree = SDKROOT; };
		B09B634658FAFCF6E2B5F024 = {isa = PBXFileReference; lastKnownFileType = sourcecode.cpp.cpp; name = LightBlockLayer.cpp; path = ../../Source/Timeline/layers/Block/LightBlockLayer.cpp; sourceTree = "SOURCE_ROOT"; };
		B21F256FFCD6856090EDF55A = {isa = PBXFileReference; lastKnownFileType = file; name = "juce_graphics"; path = "~/JUCE/modules/juce_graphics"; sourceTree = "<absolute>"; };
		B2B5BB2ECC3E40CD96B73BD0 = {isa = PBXFileReference; lastKnownFileType = image.png; name = icon.png; path = ../../Resources/icon.png; sourceTree = "SOURCE_ROOT"; };
		B7CA466B968BB50825E4888B = {isa = PBXFileReference; lastKnownFileType = sourcecode.c.h; name = LightBlockModelUI.h; path = ../../Source/LightBlock/model/ui/LightBlockModelUI.h; sourceTree = "SOURCE_ROOT"; };
		B84A5F060CB0640A43397D85 = {isa = PBXFileReference; lastKnownFileType = file; name = "juce_automation"; path = "../../../JUCE Modules/juce_automation"; sourceTree = "SOURCE_ROOT"; };
		B8B8B85F39C511C56AFB3E45 = {isa = PBXFileReference; lastKnownFileType = sourcecode.cpp.cpp; name = TimelineBlockSequence.cpp; path = ../../Source/Timeline/TimelineBlockSequence.cpp; sourceTree = "SOURCE_ROOT"; };
		B8CEE69F785D9D0B071E9A90 = {isa = PBXFileReference; lastKnownFileType = file; name = "juce_timeline"; path = "../../../JUCE Modules/juce_timeline"; sourceTree = "SOURCE_ROOT"; };
		BAA97B8F711E320C00CEFBEF = {isa = PBXFileReference; lastKnownFileType = sourcecode.c.h; name = TimelineBlock.h; path = ../../Source/LightBlock/model/blocks/timeline/TimelineBlock.h; sourceTree = "SOURCE_ROOT"; };
		BBC497355713FDC44613EFDF = {isa = PBXFileReference; lastKnownFileType = sourcecode.cpp.cpp; name = LightBlockModelLibrary.cpp; path = ../../Source/LightBlock/model/LightBlockModelLibrary.cpp; sourceTree = "SOURCE_ROOT"; };
		BD858FF1362607B4234A77F3 = {isa = PBXFileReference; lastKnownFileType = sourcecode.c.h; name = NodeViewUI.h; path = ../../Source/Node/ui/NodeViewUI.h; sourceTree = "SOURCE_ROOT"; };
		BD8CF34DCFC8947FDC8CCAF9 = {isa = PBXFileReference; lastKnownFileType = sourcecode.cpp.cpp; name = BlockVizPanel.cpp; path = ../../Source/BlockViz/BlockVizPanel.cpp; sourceTree = "SOURCE_ROOT"; };
		BE1DAAF428CF2B2F14E50D9D = {isa = PBXFileReference; lastKnownFileType = file; name = "juce_audio_basics"; path = "~/JUCE/modules/juce_audio_basics"; sourceTree = "<absolute>"; };
		C10C7CA025FED9612A52BA6D = {isa = PBXFileReference; lastKnownFileType = sourcecode.c.h; name = ModelNode.h; path = ../../Source/Node/nodes/model/ModelNode.h; sourceTree = "SOURCE_ROOT"; };
		C47CFEA08E71FA558772F30F = {isa = PBXFileReference; lastKnownFileType = sourcecode.cpp.cpp; name = PictureBlock.cpp; path = ../../Source/LightBlock/model/blocks/picture/PictureBlock.cpp; sourceTree = "SOURCE_ROOT"; };
		C5A3D49590EDABFD5A861FF3 = {isa = PBXFileReference; lastKnownFileType = wrapper.framework; name = QuartzCore.framework; path = System/Library/Frameworks/QuartzCore.framework; sourceTree = SDKROOT; };
		C625ABDBF4EFD3F3A13E0718 = {isa = PBXFileReference; lastKnownFileType = sourcecode.cpp.cpp; name = "include_juce_osc.cpp"; path = "../../JuceLibraryCode/include_juce_osc.cpp"; sourceTree = "SOURCE_ROOT"; };
		C72844ED1E71598469046F28 = {isa = PBXFileReference; lastKnownFileType = sourcecode.cpp.cpp; name = SpatItem.cpp; path = ../../Source/Video/SpatItem.cpp; sourceTree = "SOURCE_ROOT"; };
		C7374BFFAF7EA8DDE3219F39 = {isa = PBXFileReference; lastKnownFileType = sourcecode.cpp.cpp; name = ParameterNode.cpp; path = ../../Source/Node/nodes/parameter/ParameterNode.cpp; sourceTree = "SOURCE_ROOT"; };
		C79899622BA5FA802999CA13 = {isa = PBXFileReference; lastKnownFileType = sourcecode.c.h; name = LightBlockModelParameterManagerEditor.h; path = ../../Source/LightBlock/model/ui/LightBlockModelParameterManagerEditor.h; sourceTree = "SOURCE_ROOT"; };
		C7F9E85CB6FDCEC487C95D80 = {isa = PBXFileReference; lastKnownFileType = sourcecode.c.h; name = ParameterNode.h; path = ../../Source/Node/nodes/parameter/ParameterNode.h; sourceTree = "SOURCE_ROOT"; };
		C9226F5286610913F67E119D = {isa = PBXFileReference; lastKnownFileType = sourcecode.cpp.cpp; name = NodeViewUI.cpp; path = ../../Source/Node/ui/NodeViewUI.cpp; sourceTree = "SOURCE_ROOT"; };
		C98D2C6D892DA2D35C70EBB1 = {isa = PBXFileReference; lastKnownFileType = sourcecode.c.h; name = VideoBlock.h; path = ../../Source/LightBlock/model/blocks/video/VideoBlock.h; sourceTree = "SOURCE_ROOT"; };
		CC4072C79B1E1CC9D1974428 = {isa = PBXFileReference; lastKnownFileType = file; name = "juce_sharedtexture"; path = "../../../JUCE Modules/juce_sharedtexture"; sourceTree = "SOURCE_ROOT"; };
		CE10D17569C62C84A8DF5BC2 = {isa = PBXFileReference; lastKnownFileType = sourcecode.cpp.cpp; name = PositionRemapNode.cpp; path = ../../Source/Node/nodes/positionRemap/PositionRemapNode.cpp; sourceTree = "SOURCE_ROOT"; };
		CE8084B52DBB2D72C2E2F970 = {isa = PBXFileReference; lastKnownFileType = sourcecode.cpp.cpp; name = LightBlock.cpp; path = ../../Source/LightBlock/LightBlock.cpp; sourceTree = "SOURCE_ROOT"; };
		D587A70C015F152F01547912 = {isa = PBXFileReference; lastKnownFileType = sourcecode.c.h; name = LightBlockClipManagerUI.h; path = ../../Source/Timeline/layers/Block/ui/LightBlockClipManagerUI.h; sourceTree = "SOURCE_ROOT"; };
		D5C7D9C61194D846C5726759 = {isa = PBXFileReference; lastKnownFileType = file; name = "juce_video"; path = "~/JUCE/modules/juce_video"; sourceTree = "<absolute>"; };
		D71A54B728D908B9BFEF4413 = {isa = PBXFileReference; lastKnownFileType = sourcecode.c.h; name = LightBlockModelLibrary.h; path = ../../Source/LightBlock/model/LightBlockModelLibrary.h; sourceTree = "SOURCE_ROOT"; };
		DAA1134646DBADBCA4382BB0 = {isa = PBXFileReference; lastKnownFileType = sourcecode.c.h; name = PictureBlockUI.h; path = ../../Source/LightBlock/model/blocks/picture/ui/PictureBlockUI.h; sourceTree = "SOURCE_ROOT"; };
		DC48420BA162207518ED41A5 = {isa = PBXFileReference; lastKnownFileType = file.frag; name = shader.frag; path = ../../Resources/shader.frag; sourceTree = "SOURCE_ROOT"; };
		DCC0E7D77E9E64935BF9BB05 = {isa = PBXFileReference; lastKnownFileType = sourcecode.cpp.objcpp; name = "include_juce_cryptography.mm"; path = "../../JuceLibraryCode/include_juce_cryptography.mm"; sourceTree = "SOURCE_ROOT"; };
		DD52987DEB93EBBFAC34291B = {isa = PBXFileReference; lastKnownFileType = sourcecode.c.h; name = ScriptBlock.h; path = ../../Source/LightBlock/model/blocks/script/ScriptBlock.h; sourceTree = "SOURCE_ROOT"; };
		E0FFB994069AB0FCA044A08E = {isa = PBXFileReference; lastKnownFileType = sourcecode.cpp.objcpp; name = "include_juce_audio_formats.mm"; path = "../../JuceLibraryCode/include_juce_audio_formats.mm"; sourceTree = "SOURCE_ROOT"; };
		E1AE87FD0F91AFBA2BDE2A8E = {isa = PBXFileReference; lastKnownFileType = sourcecode.c.h; name = NodeConnectionUI.h; path = ../../Source/Node/ui/NodeConnectionUI.h; sourceTree = "SOURCE_ROOT"; };
		E2601332616A0835382A47A4 = {isa = PBXFileReference; lastKnownFileType = sourcecode.c.h; name = PropManager.h; path = ../../Source/Prop/PropManager.h; sourceTree = "SOURCE_ROOT"; };
		E459256D65D7FA33A49B0D13 = {isa = PBXFileReference; lastKnownFileType = image.png; name = solidColor.png; path = ../../Resources/models/patterns/solidColor.png; sourceTree = "SOURCE_ROOT"; };
		E64644517FBC4BDD3D32888C = {isa = PBXFileReference; lastKnownFileType = sourcecode.cpp.cpp; name = AudioManager.cpp; path = ../../Source/Audio/AudioManager.cpp; sourceTree = "SOURCE_ROOT"; };
		E66A5AA9A30478EE48289FFC = {isa = PBXFileReference; lastKnownFileType = image.png; name = script.png; path = ../../Resources/models/script.png; sourceTree = "SOURCE_ROOT"; };
		E6F5A683478F20FE5CC05DE2 = {isa = PBXFileReference; lastKnownFileType = sourcecode.cpp.objcpp; name = "include_juce_opengl.mm"; path = "../../JuceLibraryCode/include_juce_opengl.mm"; sourceTree = "SOURCE_ROOT"; };
		E920A459F517FE2A1C0ABEBF = {isa = PBXFileReference; lastKnownFileType = file; name = "juce_audio_utils"; path = "~/JUCE/modules/juce_audio_utils"; sourceTree = "<absolute>"; };
		E94FFD2EC8B452B5064E254A = {isa = PBXFileReference; explicitFileType = wrapper.application; includeInIndex = 0; path = BenTo.app; sourceTree = "BUILT_PRODUCTS_DIR"; };
		E9BF150D5F5376EFD1147EB1 = {isa = PBXFileReference; lastKnownFileType = file; name = "juce_gui_extra"; path = "~/JUCE/modules/juce_gui_extra"; sourceTree = "<absolute>"; };
		EA9A9AAABDBCFF1D4F638849 = {isa = PBXFileReference; lastKnownFileType = sourcecode.cpp.cpp; name = NodeBlockUI.cpp; path = ../../Source/LightBlock/model/blocks/node/ui/NodeBlockUI.cpp; sourceTree = "SOURCE_ROOT"; };
		EB154948A0689B413E322727 = {isa = PBXFileReference; lastKnownFileType = sourcecode.c.h; name = SolidColorNode.h; path = ../../Source/Node/nodes/solidcolor/SolidColorNode.h; sourceTree = "SOURCE_ROOT"; };
		EB4269FF15134CDDAFD20367 = {isa = PBXFileReference; lastKnownFileType = sourcecode.cpp.cpp; name = LightBlockModel.cpp; path = ../../Source/LightBlock/model/LightBlockModel.cpp; sourceTree = "SOURCE_ROOT"; };
		EBA1B08950261BEDF3F0FAF1 = {isa = PBXFileReference; lastKnownFileType = sourcecode.cpp.cpp; name = LightBlockModelParameterEditor.cpp; path = ../../Source/LightBlock/model/ui/LightBlockModelParameterEditor.cpp; sourceTree = "SOURCE_ROOT"; };
		EFC61C7B95421467121CA8E4 = {isa = PBXFileReference; lastKnownFileType = sourcecode.c.h; name = TimelineBlockSequence.h; path = ../../Source/Timeline/TimelineBlockSequence.h; sourceTree = "SOURCE_ROOT"; };
		F2FFDE5D8084723582AD79A7 = {isa = PBXFileReference; lastKnownFileType = sourcecode.cpp.cpp; name = AudioManagerHardwareEditor.cpp; path = ../../Source/Audio/ui/AudioManagerHardwareEditor.cpp; sourceTree = "SOURCE_ROOT"; };
		F35F107FE84ACCBDA8CAFDA3 = {isa = PBXFileReference; lastKnownFileType = sourcecode.cpp.cpp; name = NodeManager.cpp; path = ../../Source/Node/NodeManager.cpp; sourceTree = "SOURCE_ROOT"; };
		F36ECC59A8D9700E00AD2A34 = {isa = PBXFileReference; lastKnownFileType = sourcecode.cpp.cpp; name = VideoBlockUI.cpp; path = ../../Source/LightBlock/model/blocks/video/ui/VideoBlockUI.cpp; sourceTree = "SOURCE_ROOT"; };
		F4C72B171E0ABB0853861ACE = {isa = PBXFileReference; lastKnownFileType = sourcecode.cpp.cpp; name = TimelineEditor.cpp; path = ../../Source/Timeline/TimelineEditor.cpp; sourceTree = "SOURCE_ROOT"; };
		F54FF81A72F109DC85BE7AAC = {isa = PBXFileReference; lastKnownFileType = sourcecode.c.h; name = LightBlockModelGroup.h; path = ../../Source/LightBlock/model/LightBlockModelGroup.h; sourceTree = "SOURCE_ROOT"; };
		F751082AB5BC063F007FC977 = {isa = PBXFileReference; lastKnownFileType = sourcecode.c.h; name = BentoEngine.h; path = ../../Source/BentoEngine.h; sourceTree = "SOURCE_ROOT"; };
		F8887D420B0D7DB307BEE04B = {isa = PBXFileReference; lastKnownFileType = sourcecode.c.h; name = Node.h; path = ../../Source/Node/Node.h; sourceTree = "SOURCE_ROOT"; };
		F9091DE259E1B189F1F369CE = {isa = PBXFileReference; lastKnownFileType = file; name = "juce_audio_formats"; path = "~/JUCE/modules/juce_audio_formats"; sourceTree = "<absolute>"; };
		F95A4D7BAE9978369650F578 = {isa = PBXFileReference; lastKnownFileType = sourcecode.cpp.cpp; name = LightBlockClipManager.cpp; path = ../../Source/Timeline/layers/Block/LightBlockClipManager.cpp; sourceTree = "SOURCE_ROOT"; };
		FB158FAA47E756479D6B5DF7 = {isa = PBXFileReference; lastKnownFileType = sourcecode.c.h; name = PropManagerUI.h; path = ../../Source/Prop/ui/PropManagerUI.h; sourceTree = "SOURCE_ROOT"; };
		FCA4D1B189EA82CFEA01DE29 = {isa = PBXFileReference; lastKnownFileType = sourcecode.cpp.cpp; name = NodeConnectionSlot.cpp; path = ../../Source/Node/NodeConnectionSlot.cpp; sourceTree = "SOURCE_ROOT"; };
		FD678D5502D00DBE3F4B1359 = {isa = PBXFileReference; lastKnownFileType = sourcecode.c.h; name = LightBlockLayer.h; path = ../../Source/Timeline/layers/Block/LightBlockLayer.h; sourceTree = "SOURCE_ROOT"; };
		FDA08A7DD13467BD04C6D7DB = {isa = PBXFileReference; lastKnownFileType = sourcecode.cpp.cpp; name = PropViz.cpp; path = ../../Source/Prop/ui/PropViz.cpp; sourceTree = "SOURCE_ROOT"; };
		FE95CDDE46A99A28AE248220 = {isa = PBXFileReference; lastKnownFileType = image.png; name = dmx.png; path = ../../Resources/models/dmx.png; sourceTree = "SOURCE_ROOT"; };
		FEDA44D74B2A57A99F3CF32F = {isa = PBXFileReference; lastKnownFileType = sourcecode.c.h; name = FlowBallProp.h; path = ../../Source/Prop/props/flowtoys/flowball/FlowBallProp.h; sourceTree = "SOURCE_ROOT"; };
		A54241C9FD440AA24DC758EC = {isa = PBXGroup; children = (
					0F51AA27C44AE5EE7874B72B,
					6E196FE91DE25E9D393C6CB5,
					E459256D65D7FA33A49B0D13,
					AF460808AC61680F819F09CD, ); name = patterns; sourceTree = "<group>"; };
		B7FE973B0D8D49CD3CD5B967 = {isa = PBXGroup; children = (
					A54241C9FD440AA24DC758EC,
					FE95CDDE46A99A28AE248220,
					ADB6A2E46FF0D6115E8CC656,
					E66A5AA9A30478EE48289FFC,
					53006CF0731C2BB524876214,
					2B9781A4C2AF8FF1525A705D, ); name = models; sourceTree = "<group>"; };
		42809E452F44B8685064A599 = {isa = PBXGroup; children = (
					B7FE973B0D8D49CD3CD5B967,
					0DAF265014BB0AAD736461F5,
					17032707802BB3F9766AD421,
					605E509C91F471F6FDA34329,
					B2B5BB2ECC3E40CD96B73BD0,
					DC48420BA162207518ED41A5, ); name = Resources; sourceTree = "<group>"; };
		6FC81D72D9835EA3B99D126D = {isa = PBXGroup; children = (
					F2FFDE5D8084723582AD79A7,
					9A2C148C2A0E9E39357D757C, ); name = ui; sourceTree = "<group>"; };
		B937D50BD1EFD66D9DDF3609 = {isa = PBXGroup; children = (
					6FC81D72D9835EA3B99D126D,
					E64644517FBC4BDD3D32888C,
					1FBDE6E0BF931583ECC273B5, ); name = Audio; sourceTree = "<group>"; };
		CCB18DC25EF0C0F37C0F1EC0 = {isa = PBXGroup; children = (
					18A46DC51551013D0DD6A3DD,
					A52AB8279BA8DA93175F50A6,
					2B2A79B352B842ED07E5F4A2,
					87967710A29FBB723AE25D67, ); name = ui; sourceTree = "<group>"; };
		E5A85082DA304ACE5579AFF5 = {isa = PBXGroup; children = (
					CCB18DC25EF0C0F37C0F1EC0,
					6B52F95EA3FE5A633C4E153F,
					89B16B02C07B8EC2FDA2C4D7,
					C72844ED1E71598469046F28,
					7BF13D12FC3B5CA928596CC7, ); name = Video; sourceTree = "<group>"; };
		D7E5E28DA47F86C9E61DFB6E = {isa = PBXGroup; children = (
					109DFBCE063E5FA128F84D89,
					D587A70C015F152F01547912,
					4EC931B0B1E410B83E1C8DE6,
					42944870CCE6574EB27437FB,
					9E68DDA0DD621F2E9247F3CC,
					72A57A67840541A9F6281A7C,
					6BB6A44E751DE91352C99449,
					9DFB0FF91957B265FFBADA35, ); name = ui; sourceTree = "<group>"; };
		9110E47CDCE98AFEED64D2FC = {isa = PBXGroup; children = (
					D7E5E28DA47F86C9E61DFB6E,
					16526B4CF5634AA70C28B2B6,
					B01864945F2A7622B9E4E8F8,
					F95A4D7BAE9978369650F578,
					7B0745275B5119B671C563A6,
					B09B634658FAFCF6E2B5F024,
					FD678D5502D00DBE3F4B1359, ); name = BlockLayer; sourceTree = "<group>"; };
		B186D0E39E50E49824B2E5C0 = {isa = PBXGroup; children = (
					9110E47CDCE98AFEED64D2FC, ); name = layers; sourceTree = "<group>"; };
		4A61B46C9BAB087B7D10EFDA = {isa = PBXGroup; children = (
					B186D0E39E50E49824B2E5C0,
					B8B8B85F39C511C56AFB3E45,
					EFC61C7B95421467121CA8E4,
					F4C72B171E0ABB0853861ACE,
					6D207A0E7A0594444AD726FD, ); name = Timeline; sourceTree = "<group>"; };
		686C1592E7D77727FA9CA45E = {isa = PBXGroup; children = (
					37DD20F2827ACA16DC5F0FA3,
					ADEED6377D32375D995A4E29, ); name = colorRemap; sourceTree = "<group>"; };
		6328CD79E403076F2B2DEB0E = {isa = PBXGroup; children = (
					A8782A32430377E8DEFD9394,
					0AE0A017430227C0B42FB8F5, ); name = composite; sourceTree = "<group>"; };
		9D92C9BCAEE4447E1E75CF89 = {isa = PBXGroup; children = (
					4D9BDB1E3C0273995ABF2FD8,
					C10C7CA025FED9612A52BA6D, ); name = model; sourceTree = "<group>"; };
		F334C9D51E8FE2522899B743 = {isa = PBXGroup; children = (
					32A6F13F6CB41EDF6D6EA136,
					2FFC616B01D18E5D2D9ED499, ); name = ui; sourceTree = "<group>"; };
		A538A3BA480D00E738D99E84 = {isa = PBXGroup; children = (
					F334C9D51E8FE2522899B743,
					C7374BFFAF7EA8DDE3219F39,
					C7F9E85CB6FDCEC487C95D80, ); name = parameter; sourceTree = "<group>"; };
		57635794371B32D39668C0A9 = {isa = PBXGroup; children = (
					CE10D17569C62C84A8DF5BC2,
					290EFF3F6A4D8FF061BA373C, ); name = positionRemap; sourceTree = "<group>"; };
		197161073E13FB4FAC1794EB = {isa = PBXGroup; children = (
					701685620FDF8E5A4C9EDD87,
					3921653D04D1C7B77626A4D4, ); name = prop; sourceTree = "<group>"; };
		1FB0E1D33BB8401E6486DC98 = {isa = PBXGroup; children = (
					003EC7D529FDFF585D335A91,
					EB154948A0689B413E322727, ); name = solidcolor; sourceTree = "<group>"; };
		8177EC7DE352E8A31766B99A = {isa = PBXGroup; children = (
					686C1592E7D77727FA9CA45E,
					6328CD79E403076F2B2DEB0E,
					9D92C9BCAEE4447E1E75CF89,
					A538A3BA480D00E738D99E84,
					57635794371B32D39668C0A9,
					197161073E13FB4FAC1794EB,
					1FB0E1D33BB8401E6486DC98, ); name = nodes; sourceTree = "<group>"; };
		F8E63FB6800906F686032308 = {isa = PBXGroup; children = (
					91D67AF75924B603019A696C,
					4961868E789A44B67CE02900,
					489E93273A4FE01AA10FF8B6,
					9028800629162282558C1DCD,
					27F0B0A5D32A97C5E0B693A0,
					7FE553F35D10BBBEFD1AA55B,
					5FB0D1076408BDA59FFF7876,
					E1AE87FD0F91AFBA2BDE2A8E,
					58F7E911A2CEE8F185808445,
					4AA9597488097757E621A9C0,
					C9226F5286610913F67E119D,
					BD858FF1362607B4234A77F3, ); name = ui; sourceTree = "<group>"; };
		951C00A7AECA45159F98515B = {isa = PBXGroup; children = (
					8177EC7DE352E8A31766B99A,
					F8E63FB6800906F686032308,
					3B0BC45E9F798F4F26E2FD34,
					F8887D420B0D7DB307BEE04B,
					94270293CD6E622713884668,
					167112979264736A891266D0,
					6555ECA2A092C79C33796C5C,
					1614D66988FC1A6DC400A364,
					FCA4D1B189EA82CFEA01DE29,
					33325835D46B56C5D12599A1,
					9633E391491D4AA4CDE238EC,
					035BB9A4652373F65D902D9B,
					F35F107FE84ACCBDA8CAFDA3,
					AE1C1BF21CD5E0BBE886DBFF, ); name = Node; sourceTree = "<group>"; };
		0629A202CEB7D9750E892320 = {isa = PBXGroup; children = (
					BD8CF34DCFC8947FDC8CCAF9,
					A21E201000762A861CBCFA56, ); name = BlockViz; sourceTree = "<group>"; };
		5DD4213BDF6119DE55AB8512 = {isa = PBXGroup; children = (
					50BAF5963F1BCE3DF079D2C4,
					A2730774174470F36A396B55,
					8C8A48687692E82BB9D65A23,
					4367070BB92025C0DC7F8831, ); name = preset; sourceTree = "<group>"; };
		D9AF2C081F70892EC730BDBB = {isa = PBXGroup; children = (
					35765560C1DB130CAE51D6DF,
					A4E193EDD426743679F21A5E,
					8EBEB1390D8949AE62B0F921,
					4AD51EAED6F5EE7BAF90CF64,
					11347293F3B693032EE34B8D,
					AD4A4E927F2D643BDCEA54D2,
					EBA1B08950261BEDF3F0FAF1,
					14D29097BE0262DDE4730504,
					78ED4DEC3F03F6C11FE1F8B3,
					C79899622BA5FA802999CA13,
					9991D8AB5E8E3A652A5ED301,
					B7CA466B968BB50825E4888B, ); name = ui; sourceTree = "<group>"; };
		5CB3C6249B408FE23B25889F = {isa = PBXGroup; children = (
					2272DBAD31E2CC76F0394D5B,
					DAA1134646DBADBCA4382BB0, ); name = ui; sourceTree = "<group>"; };
		224B70FD586A5F6CB6085933 = {isa = PBXGroup; children = (
					5CB3C6249B408FE23B25889F,
					C47CFEA08E71FA558772F30F,
					15775845A5F259F570F6C0E3, ); name = picture; sourceTree = "<group>"; };
		987292EC937AD48F4A5613F1 = {isa = PBXGroup; children = (
					0C36A30FC670888D6F8C7D1D,
					0F540948796412FFCD89F7FB, ); name = dmx; sourceTree = "<group>"; };
		6CFAD6892616E52D5B0FE4A4 = {isa = PBXGroup; children = (
					F36ECC59A8D9700E00AD2A34,
					93A1CD70F9BCF1C59E38A364, ); name = ui; sourceTree = "<group>"; };
		D010684BF8336DCB09DCB80E = {isa = PBXGroup; children = (
					6CFAD6892616E52D5B0FE4A4,
					3C965418E76AB1ECEA86F9A4,
					C98D2C6D892DA2D35C70EBB1, ); name = video; sourceTree = "<group>"; };
		C024B45B9D02DE8308C5BD9C = {isa = PBXGroup; children = (
					1CBA241C43163E8D6C00601A,
					6C15F6C325E423081A291E4E,
					6D0D23ED1FAF795EB9116795, ); name = pattern; sourceTree = "<group>"; };
		72B92CB4714BBEF3C8FD42EB = {isa = PBXGroup; children = (
					AD4FFF7983E7DC21D6DA2D7A,
					1BB72EE5E2BFBA09BC5668DA, ); name = ui; sourceTree = "<group>"; };
		7BD21E7CEB0ACC1901E9971D = {isa = PBXGroup; children = (
					72B92CB4714BBEF3C8FD42EB,
					A42B805DBEB5BC56C3479AF9,
					BAA97B8F711E320C00CEFBEF, ); name = timeline; sourceTree = "<group>"; };
		7F33026562931FF4010C4BD9 = {isa = PBXGroup; children = (
					EA9A9AAABDBCFF1D4F638849,
					17021B4D3989EE831592ACF0, ); name = ui; sourceTree = "<group>"; };
		0349E4F93ECEA5DE771970D7 = {isa = PBXGroup; children = (
					7F33026562931FF4010C4BD9,
					22BDAB0864361C315681D679,
					2A7BA49ED92856A3CC546842, ); name = node; sourceTree = "<group>"; };
		E616A8D171139A8554EF26C9 = {isa = PBXGroup; children = (
					8144132B5FBEFD4D28DAC3A5,
					DD52987DEB93EBBFAC34291B, ); name = script; sourceTree = "<group>"; };
		732515132F1856E0373060BD = {isa = PBXGroup; children = (
					224B70FD586A5F6CB6085933,
					987292EC937AD48F4A5613F1,
					D010684BF8336DCB09DCB80E,
					C024B45B9D02DE8308C5BD9C,
					7BD21E7CEB0ACC1901E9971D,
					0349E4F93ECEA5DE771970D7,
					E616A8D171139A8554EF26C9, ); name = blocks; sourceTree = "<group>"; };
		39F5E50423DE8DBBADE049F9 = {isa = PBXGroup; children = (
					30D0C019C91024D16693BBBF,
					F54FF81A72F109DC85BE7AAC,
					2D93DAF3BC9C8DD17D99FAFD,
					1D214A47B4BC4267CB7770B6,
					5DD4213BDF6119DE55AB8512,
					D9AF2C081F70892EC730BDBB,
					732515132F1856E0373060BD,
					EB4269FF15134CDDAFD20367,
					051F56F531C511E433C46607,
					BBC497355713FDC44613EFDF,
					D71A54B728D908B9BFEF4413,
					2E82965A208DD32944B67407,
					5543B48575BE6AE0469C05DC,
					26D2536166FCB23649BDA685,
					96D79D14FABCE8E4D8571F04,
					A7C517654F7C32FC1C70125A,
					5BE4260A9967A457AE698C7C, ); name = model; sourceTree = "<group>"; };
		A5DA41718EC31CB96BC80D1C = {isa = PBXGroup; children = (
					39F5E50423DE8DBBADE049F9,
					CE8084B52DBB2D72C2E2F970,
					10BF2A8973E807579FFBB9F9, ); name = LightBlock; sourceTree = "<group>"; };
		7B738F0079028498A109C284 = {isa = PBXGroup; children = (
					0C0708DED894A32592D3C580,
					870F882787CB44ECB5B62694, ); name = flowclub; sourceTree = "<group>"; };
		73458FB969DDA1921F8B1FCE = {isa = PBXGroup; children = (
					0C314A78B67131A88D0FDA2E,
					FEDA44D74B2A57A99F3CF32F, ); name = flowball; sourceTree = "<group>"; };
		D3166DEB55D856082747309E = {isa = PBXGroup; children = (
					8B9F6AB3B3686C03A2C274D4,
					87706BA85F104EECE52F9586, ); name = flowpoi; sourceTree = "<group>"; };
		81444A771F4E9A21CB5C9FE8 = {isa = PBXGroup; children = (
					1D3CD1184B2A208D83C6C0D1,
					7E0C695B92E0220D802E04FE,
					7B738F0079028498A109C284,
					73458FB969DDA1921F8B1FCE,
					D3166DEB55D856082747309E, ); name = flowtoys; sourceTree = "<group>"; };
		32890356160E12ECA926347F = {isa = PBXGroup; children = (
					81444A771F4E9A21CB5C9FE8, ); name = props; sourceTree = "<group>"; };
		97CD4EA00B68095F690775DD = {isa = PBXGroup; children = (
					15DD6B50313599145E15B1D1,
					FB158FAA47E756479D6B5DF7,
					1987502D65806E5B25F8113D,
					316ED83A9DEE45F24F2C9EE2,
					FDA08A7DD13467BD04C6D7DB,
					51AA0DE3962C8EA58378F236, ); name = ui; sourceTree = "<group>"; };
		6709D2CCEA75ED99E8060F98 = {isa = PBXGroup; children = (
					32890356160E12ECA926347F,
					97CD4EA00B68095F690775DD,
					375F03112CC20BB688170906,
					1C4024AA1D1F0F4F9381E03D,
					31E23F731E413750C4A4DFEB,
					E2601332616A0835382A47A4, ); name = Prop; sourceTree = "<group>"; };
		623D24046523B20D52BE21AE = {isa = PBXGroup; children = (
					B937D50BD1EFD66D9DDF3609,
					E5A85082DA304ACE5579AFF5,
					4A61B46C9BAB087B7D10EFDA,
					951C00A7AECA45159F98515B,
					0629A202CEB7D9750E892320,
					A5DA41718EC31CB96BC80D1C,
					6709D2CCEA75ED99E8060F98,
					028B1CE7F6E7B5D3BF535F62,
					F751082AB5BC063F007FC977,
					4D13C0B9071CFDB29EA10D11,
					2D841576C746F31BC73E92DC,
					0F68327EA8D6DBF6B1A1A795, ); name = Source; sourceTree = "<group>"; };
		B60B46B45A6833B7A2B8D5E1 = {isa = PBXGroup; children = (
					42809E452F44B8685064A599,
					623D24046523B20D52BE21AE, ); name = BenTo; sourceTree = "<group>"; };
		69C62BAD6A22979D58E9D06B = {isa = PBXGroup; children = (
					BE1DAAF428CF2B2F14E50D9D,
					618973C322E888D23C9CA755,
					F9091DE259E1B189F1F369CE,
					6D413321D094EAF2D1471A5C,
					E920A459F517FE2A1C0ABEBF,
					B84A5F060CB0640A43397D85,
					4B6CB18347321356E24BA06A,
					59459D6FA5235B4C98930608,
					A2BFB3AFEF717F8D8F175F53,
					3D3FD43A8123F7FEFE8B8E87,
					B21F256FFCD6856090EDF55A,
					60AFEA70F2DFA8ED175D284B,
					E9BF150D5F5376EFD1147EB1,
					879FA4ACD46E15641567327C,
					612AFD566B13304E3CD5D0B0,
					8B976C490F20C029FD6C8EA9,
					CC4072C79B1E1CC9D1974428,
					B8CEE69F785D9D0B071E9A90,
					D5C7D9C61194D846C5726759, ); name = "JUCE Modules"; sourceTree = "<group>"; };
		D4E9EC44DA603ABED890FC6D = {isa = PBXGroup; children = (
					4007E16A835E733E90A11297,
					05A1E51DC6095DC59D4F692C,
					107BD8EE60FAE03002D01E8D,
					3FB3AD1B415F0CD7268CA529,
					A0F7EF8978AAFF28F6265F67,
					E0FFB994069AB0FCA044A08E,
					6EC2B75ABFA040DB800A320F,
					4FB074595652063EF2E71A93,
					41475B28DBA09A12A511DA74,
					81CC1B774BBA1B728F51841B,
					DCC0E7D77E9E64935BF9BB05,
					8EE0B7AEF8E68AB78239C0D3,
					66477188302BF951245B982E,
					A833D59828934DDCF7BE93E6,
					1055C7A30A1BDFBB794831A1,
					80B6F1A289CFF91AAD21151B,
					E6F5A683478F20FE5CC05DE2,
					35F9DE357D36628F80E2FC6D,
					C625ABDBF4EFD3F3A13E0718,
					589CC0D71615777037D9672B,
					A702BB5059A1001C7F6FD6B4,
					459CE46FFBBA89F940238087,
					701F2FB0950E101083F1CC68, ); name = "JUCE Library Code"; sourceTree = "<group>"; };
		B12DF6DEE0DB791BA6E2BE85 = {isa = PBXGroup; children = (
					05513A86C8CA9A66B6B10126,
					43F081518332B7C6F4448633,
					AC927BEC5AFF60D5D37B744F, ); name = Resources; sourceTree = "<group>"; };
		141CF92BCCD315CCFC0F59B8 = {isa = PBXGroup; children = (
					B079C7C45CCB6939E2B569A0,
					4BBF1871CAB5520BD518923F,
					5DD34674A59D95EF7A1C5633,
					84E241663F91A9871C5099AA,
					2AE19A94778DF8B95F84AB63,
					7A2B75820415FB1757131017,
					2A4AD3F3586A103A3670713A,
					9A04D0F09329CA6B12DD6440,
					8AA91FEA5D5BA2AC166D7D98,
					333F02FC6CCF24814800E329,
					8FF0A3EF6717943CD67786B0,
					1B1EC4A57BE350A72246C92C,
					C5A3D49590EDABFD5A861FF3,
					5851EF73991E3730AD7A620F, ); name = Frameworks; sourceTree = "<group>"; };
		696A206D8A991BB672562A44 = {isa = PBXGroup; children = (
					E94FFD2EC8B452B5064E254A, ); name = Products; sourceTree = "<group>"; };
		5E2A6EC48C208A38FAD9EAC6 = {isa = PBXGroup; children = (
					B60B46B45A6833B7A2B8D5E1,
					69C62BAD6A22979D58E9D06B,
					D4E9EC44DA603ABED890FC6D,
					B12DF6DEE0DB791BA6E2BE85,
					141CF92BCCD315CCFC0F59B8,
					696A206D8A991BB672562A44, ); name = Source; sourceTree = "<group>"; };
		A4B38C4A658598ABF5685DC7 = {isa = XCBuildConfiguration; buildSettings = {
				CLANG_CXX_LANGUAGE_STANDARD = "c++14";
				CLANG_LINK_OBJC_RUNTIME = NO;
				COMBINE_HIDPI_IMAGES = YES;
				CONFIGURATION_BUILD_DIR = "$(PROJECT_DIR)/build/$(CONFIGURATION)";
				COPY_PHASE_STRIP = NO;
				GCC_DYNAMIC_NO_PIC = NO;
				GCC_OPTIMIZATION_LEVEL = 0;
				GCC_PREPROCESSOR_DEFINITIONS = (
					"_DEBUG=1",
					"DEBUG=1",
					"JUCER_XCODE_MAC_F6D2F4CF=1",
					"JUCE_APP_VERSION=1.0.0",
					"JUCE_APP_VERSION_HEX=0x10000",
					"JucePlugin_Build_VST=0",
					"JucePlugin_Build_VST3=0",
					"JucePlugin_Build_AU=0",
					"JucePlugin_Build_AUv3=0",
					"JucePlugin_Build_RTAS=0",
					"JucePlugin_Build_AAX=0",
					"JucePlugin_Build_Standalone=0", );
				GCC_VERSION = com.apple.compilers.llvm.clang.1_0;
				HEADER_SEARCH_PATHS = ("../../JuceLibraryCode", "~/JUCE/modules", "\"../../../JUCE Modules\"", "../../Source", "$(inherited)");
				INFOPLIST_FILE = Info-App.plist;
				INFOPLIST_PREPROCESS = NO;
				INSTALL_PATH = "$(HOME)/Applications";
				MACOSX_DEPLOYMENT_TARGET = 10.9;
				MACOSX_DEPLOYMENT_TARGET_ppc = 10.4;
				PRODUCT_BUNDLE_IDENTIFIER = com.yourcompany.BenTo;
				SDKROOT_ppc = macosx10.5;
				USE_HEADERMAP = NO; }; name = Debug; };
		3C9FAC9FFED848DE0686F8BC = {isa = XCBuildConfiguration; buildSettings = {
				CLANG_CXX_LANGUAGE_STANDARD = "c++14";
				CLANG_LINK_OBJC_RUNTIME = NO;
				COMBINE_HIDPI_IMAGES = YES;
				CONFIGURATION_BUILD_DIR = "$(PROJECT_DIR)/build/$(CONFIGURATION)";
				DEAD_CODE_STRIPPING = YES;
				GCC_GENERATE_DEBUGGING_SYMBOLS = NO;
				GCC_OPTIMIZATION_LEVEL = 3;
				GCC_PREPROCESSOR_DEFINITIONS = (
					"_NDEBUG=1",
					"NDEBUG=1",
					"JUCER_XCODE_MAC_F6D2F4CF=1",
					"JUCE_APP_VERSION=1.0.0",
					"JUCE_APP_VERSION_HEX=0x10000",
					"JucePlugin_Build_VST=0",
					"JucePlugin_Build_VST3=0",
					"JucePlugin_Build_AU=0",
					"JucePlugin_Build_AUv3=0",
					"JucePlugin_Build_RTAS=0",
					"JucePlugin_Build_AAX=0",
					"JucePlugin_Build_Standalone=0", );
				GCC_SYMBOLS_PRIVATE_EXTERN = YES;
				GCC_VERSION = com.apple.compilers.llvm.clang.1_0;
				HEADER_SEARCH_PATHS = ("../../JuceLibraryCode", "~/JUCE/modules", "\"../../../JUCE Modules\"", "../../Source", "$(inherited)");
				INFOPLIST_FILE = Info-App.plist;
				INFOPLIST_PREPROCESS = NO;
				INSTALL_PATH = "$(HOME)/Applications";
				LLVM_LTO = YES;
				MACOSX_DEPLOYMENT_TARGET = 10.9;
				MACOSX_DEPLOYMENT_TARGET_ppc = 10.4;
				PRODUCT_BUNDLE_IDENTIFIER = com.yourcompany.BenTo;
				SDKROOT_ppc = macosx10.5;
				USE_HEADERMAP = NO; }; name = Release; };
		820FC165FD81DF8E4B3A49B0 = {isa = XCBuildConfiguration; buildSettings = {
				ALWAYS_SEARCH_USER_PATHS = NO;
				CLANG_WARN_BLOCK_CAPTURE_AUTORELEASING = YES;
				CLANG_WARN_BOOL_CONVERSION = YES;
				CLANG_WARN_COMMA = YES;
				CLANG_WARN_CONSTANT_CONVERSION = YES;
				CLANG_WARN_EMPTY_BODY = YES;
				CLANG_WARN_ENUM_CONVERSION = YES;
				CLANG_WARN_INFINITE_RECURSION = YES;
				CLANG_WARN_INT_CONVERSION = YES;
				CLANG_WARN_NON_LITERAL_NULL_CONVERSION = YES;
				CLANG_WARN_OBJC_LITERAL_CONVERSION = YES;
				CLANG_WARN_RANGE_LOOP_ANALYSIS = YES;
				CLANG_WARN_STRICT_PROTOTYPES = YES;
				CLANG_WARN_SUSPICIOUS_MOVE = YES;
				CLANG_WARN_UNREACHABLE_CODE = YES;
				CLANG_WARN__DUPLICATE_METHOD_MATCH = YES;
				DEBUG_INFORMATION_FORMAT = "dwarf";
				ENABLE_STRICT_OBJC_MSGSEND = YES;
				ENABLE_TESTABILITY = YES;
				GCC_C_LANGUAGE_STANDARD = c11;
				GCC_INLINES_ARE_PRIVATE_EXTERN = YES;
				GCC_MODEL_TUNING = G5;
				GCC_NO_COMMON_BLOCKS = YES;
				GCC_WARN_64_TO_32_BIT_CONVERSION = YES;
				GCC_WARN_ABOUT_RETURN_TYPE = YES;
				GCC_WARN_CHECK_SWITCH_STATEMENTS = YES;
				GCC_WARN_MISSING_PARENTHESES = YES;
				GCC_WARN_NON_VIRTUAL_DESTRUCTOR = YES;
				GCC_WARN_TYPECHECK_CALLS_TO_PRINTF = YES;
				GCC_WARN_UNDECLARED_SELECTOR = YES;
				GCC_WARN_UNINITIALIZED_AUTOS = YES;
				GCC_WARN_UNUSED_FUNCTION = YES;
				GCC_WARN_UNUSED_VARIABLE = YES;
				ONLY_ACTIVE_ARCH = YES;
				PRODUCT_NAME = "BenTo";
				WARNING_CFLAGS = -Wreorder;
				ZERO_LINK = NO; }; name = Debug; };
		FCAF7F1F6307BADC7481420A = {isa = XCBuildConfiguration; buildSettings = {
				ALWAYS_SEARCH_USER_PATHS = NO;
				CLANG_WARN_BLOCK_CAPTURE_AUTORELEASING = YES;
				CLANG_WARN_BOOL_CONVERSION = YES;
				CLANG_WARN_COMMA = YES;
				CLANG_WARN_CONSTANT_CONVERSION = YES;
				CLANG_WARN_EMPTY_BODY = YES;
				CLANG_WARN_ENUM_CONVERSION = YES;
				CLANG_WARN_INFINITE_RECURSION = YES;
				CLANG_WARN_INT_CONVERSION = YES;
				CLANG_WARN_NON_LITERAL_NULL_CONVERSION = YES;
				CLANG_WARN_OBJC_LITERAL_CONVERSION = YES;
				CLANG_WARN_RANGE_LOOP_ANALYSIS = YES;
				CLANG_WARN_STRICT_PROTOTYPES = YES;
				CLANG_WARN_SUSPICIOUS_MOVE = YES;
				CLANG_WARN_UNREACHABLE_CODE = YES;
				CLANG_WARN__DUPLICATE_METHOD_MATCH = YES;
				DEBUG_INFORMATION_FORMAT = "dwarf";
				ENABLE_STRICT_OBJC_MSGSEND = YES;
				GCC_C_LANGUAGE_STANDARD = c11;
				GCC_INLINES_ARE_PRIVATE_EXTERN = YES;
				GCC_MODEL_TUNING = G5;
				GCC_NO_COMMON_BLOCKS = YES;
				GCC_WARN_64_TO_32_BIT_CONVERSION = YES;
				GCC_WARN_ABOUT_RETURN_TYPE = YES;
				GCC_WARN_CHECK_SWITCH_STATEMENTS = YES;
				GCC_WARN_MISSING_PARENTHESES = YES;
				GCC_WARN_NON_VIRTUAL_DESTRUCTOR = YES;
				GCC_WARN_TYPECHECK_CALLS_TO_PRINTF = YES;
				GCC_WARN_UNDECLARED_SELECTOR = YES;
				GCC_WARN_UNINITIALIZED_AUTOS = YES;
				GCC_WARN_UNUSED_FUNCTION = YES;
				GCC_WARN_UNUSED_VARIABLE = YES;
				PRODUCT_NAME = "BenTo";
				WARNING_CFLAGS = -Wreorder;
				ZERO_LINK = NO; }; name = Release; };
		1C8BEA9AE8734998D32A3C09 = {isa = PBXTargetDependency; target = 66AAD82E88DD0A76A4059D34; };
		233F3E6460624B976565D74D = {isa = XCConfigurationList; buildConfigurations = (
					820FC165FD81DF8E4B3A49B0,
					FCAF7F1F6307BADC7481420A, ); defaultConfigurationIsVisible = 0; defaultConfigurationName = Debug; };
		C2C029F27AC700746A0DB0BE = {isa = XCConfigurationList; buildConfigurations = (
					A4B38C4A658598ABF5685DC7,
					3C9FAC9FFED848DE0686F8BC, ); defaultConfigurationIsVisible = 0; defaultConfigurationName = Debug; };
		596B2D39CCF1DA4B84873B39 = {isa = PBXResourcesBuildPhase; buildActionMask = 2147483647; files = (
					8F8BD4C1B4CFA4CFD2D2F278,
					2DE3B7C3E1396BCC68F16F5F, ); runOnlyForDeploymentPostprocessing = 0; };
		909258F1BB537E72A66A6DDD = {isa = PBXSourcesBuildPhase; buildActionMask = 2147483647; files = (
					C32779BD2AD02A51C0D479B4,
					1B16C4344B3F68B5D6116C80,
					ED163670EDB726609DF326A6,
					7E4C1A976E56DF2D9DE8E9FC,
					5AAA7F6879D76B741CD6C35D,
					9CDB738895BAA2C19A7AB04D,
					87AA98A83C389623A0A3C858,
					5B47CD4E505623745C93FAB4,
					CBA469DD94DFA5D988D73217,
					38792EE0FDDB2652F0B71CD0,
					8BE9320C29A68B58EF16B003,
					2DFE187C34FC472E05B1B9D8,
					1AAB675E006576E8DC099079,
					56981840593DA2E4D6227376,
					CBBA454A571B3CF592BB645E,
					192A631D9A38F816EF69C336,
					AA78C6CB0C844B3745F06C1A,
					AA1334C8E6461D88E9E40E1F,
					FAFD83412EE5A6F76EB64442,
					15F00ED95024C6985F444513,
					5A46AB55F453FA76C9FA1FDE,
					C2972EBAFE0E7F429A9E63A7,
					49AC5222CF7FBC7E315A0D8B,
					D53E1E0F74FA5D1AE2FC6836,
					67DC8098DCB7C24E182DC251,
					09B9D038382000617F17AE0C,
					8CE0A89ADA8ED1A09FCDAF72,
					342DEA9DABA964045B434D95,
					D7C28920395F8CDA68E3EC81,
					56830EFE5182D9A16AA4F430,
					99D54A31B729C960211C9D37,
					498C7D55DEBBE281B2569D3F,
					6B4079CD181FF014383671C4,
					9946C9E57D795958C1E8E97B,
					80BFFCA4AD42C84F1294C727,
					0D63F9A4FDCA021ECF02C481,
					21B4A976FF70F23F2C8F9978,
					75FE713B97983A98B2E74D11,
					7FB4C57D3DA7E3A96F6311E9,
					3AC6AAAEA0C19A23DFD10EF9,
					CE009CEC1E954E9E0EA7EB10,
					D61042840814579BF153BE93,
					BA93370B212869CC54D2E1B5,
					A3C3785920D0036E7D400B9B,
					7E3E6CBBAF72B5E0E740CF9A,
					4EF4F1C78F4A5A0E3B443698,
					F5D58EF9DE09BADB05C4CDA0,
					1791F44FD0A389A1C17A025F,
					72E548483271036628DD3820,
					F2524285E6B183F1799420A9,
					064036C0F39A6F5B2E363F09,
					C980EBA90A78C83F36A22A9C,
					A9E6DD0917585AAA90C10392,
					8EAA8603A04BF5D59951F785,
					48DA424E5C88CA9D6DBA084D,
					1A1D648809FE8C850D012642,
					0346E7F47044F8FBE65E36D8,
					A33FEC9BF940C3ED0C4F1D55,
					B2F762DA8C415D0A97495892,
					E8B1E5E5EBF56144199422F8,
					6EFE34E7E1927D5807BF1B47,
					33850986412B61F5062892A4,
					3B33470F9AD06EC5BC3DEF9A,
					7CA7E6D684F6B77044A5E31B,
					64E1DCDAF038644F40827FEB,
					F11FDD29D7DD41470332B52A,
					3B62A1C1A8DF0D3D735D920B,
					AC5B6C938E2AD16835FFE1E2,
					4F0EB0922BF6F65B3489A34E,
					1883A57AB891BF5E07DE829F,
					0BE68610EE80D4464507273F,
					2BE8180521649A76E5109E2B,
					0CFD109AE12F8EE9DD850A5D,
					BF6FFBE0F7AB107FB6023877,
					77C587348CC36087E40C8F54,
					DBC3E5C6A0C342F25C8D28A8,
					695712985AD09CE43B2BD85C,
					8C7866C5C9594085D19956F1,
					521FD91482A279841871EA48,
					C3D2EB58FA8AFE2AF4618412,
					721FBBDA7BECA861EA81AA83,
					3EC8AEA9A3D3D33E5E8DB082,
					4CD5B599690AAFD272970EE7,
					80C153CAD6B20FAC725E86A5,
					F398A951968F54C1F84B2F6A,
					B1B26AF098AC3DE2974A13C5,
					77989C63603E5FCC23A208BB,
					EACCBF2A2539B4A1E136826F,
					7C1250C89DDD32521D57EEAC,
					FCA70A7E3212A00F4558B379,
					B1FB3969E9F76EA1FE37C274,
					98F89D2291A5CD642B395C56,
					B5CE6C3931D7B8DCA8C47036,
					EC08CC2CBA7D8A23A1288FDC,
					A4B58F7FA1AB0ADD2B7360F6, ); runOnlyForDeploymentPostprocessing = 0; };
		A33621C17870DDB7666AA706 = {isa = PBXFrameworksBuildPhase; buildActionMask = 2147483647; files = (
					D6F300A5C7242D0FD9B54471,
					CC9808E55412AC3AF172AAA0,
					5A16DE4CB104CD8326A9245C,
					2CF45898A8019B1C499BB952,
					9910F5BD34F25315525FC028,
					F50368A0D6C4453238D78EE9,
					7175E6C60E8DE3D384A7257E,
					7929FDD6ED4E4276E096E175,
					4543618DA10967A9F32EBDCB,
					5A03010EC8EF4839AE631CA2,
					B2681F48C784117A00D01D12,
					C87D301F7CAAB536B8F6EC2C,
					6AE490DB3C9416F675DAAA34,
					198F6B834DC91EE510086B1B, ); runOnlyForDeploymentPostprocessing = 0; };
		66AAD82E88DD0A76A4059D34 = {isa = PBXNativeTarget; buildConfigurationList = C2C029F27AC700746A0DB0BE; buildPhases = (
					596B2D39CCF1DA4B84873B39,
					909258F1BB537E72A66A6DDD,
					A33621C17870DDB7666AA706, ); buildRules = ( ); dependencies = (  ); name = "BenTo - App"; productName = BenTo; productReference = E94FFD2EC8B452B5064E254A; productType = "com.apple.product-type.application"; };
		49FDA63E512C78794B955D45 = {isa = PBXProject; buildConfigurationList = 233F3E6460624B976565D74D; attributes = { LastUpgradeCheck = 0830; ORGANIZATIONNAME = ""; TargetAttributes = { 66AAD82E88DD0A76A4059D34 = { SystemCapabilities = {com.apple.ApplicationGroups.iOS = { enabled = 0; }; com.apple.InAppPurchase = { enabled = 0; }; com.apple.InterAppAudio = { enabled = 0; }; com.apple.Push = { enabled = 0; }; com.apple.Sandbox = { enabled = 0; }; }; }; }; }; compatibilityVersion = "Xcode 3.2"; hasScannedForEncodings = 0; mainGroup = 5E2A6EC48C208A38FAD9EAC6; projectDirPath = ""; projectRoot = ""; targets = (66AAD82E88DD0A76A4059D34); };
	};
	rootObject = 49FDA63E512C78794B955D45;
}
